
Microsoft Visual Studio Solution File, Format Version 12.00
# Visual Studio 15
VisualStudioVersion = 15.0.27130.2027
MinimumVisualStudioVersion = 10.0.40219.1
Project("{2150E333-8FDC-42A3-9474-1A3956D46DE8}") = "GUI controls", "GUI controls", "{C6DE47A1-1707-4139-9638-37CA983F3086}"
EndProject
Project("{2150E333-8FDC-42A3-9474-1A3956D46DE8}") = "Test projects", "Test projects", "{36E4D3C5-28FD-46B9-8763-C3316F67C6BE}"
EndProject
Project("{FAE04EC0-301F-11D3-BF4B-00C04F79EFBC}") = "treeDiM.StackBuilder.Engine", "TreeDim.StackBuilder.Engine\treeDiM.StackBuilder.Engine.csproj", "{2E646606-052D-4063-9218-1379430B070E}"
EndProject
Project("{FAE04EC0-301F-11D3-BF4B-00C04F79EFBC}") = "treeDiM.StackBuilder.Graphics", "TreeDim.StackBuilder.Graphic\treeDiM.StackBuilder.Graphics.csproj", "{2AD4C04C-5B8A-4E69-9B1C-402CB86860A7}"
EndProject
Project("{FAE04EC0-301F-11D3-BF4B-00C04F79EFBC}") = "treeDiM.StackBuilder.Desktop", "TreeDim.StackBuilder.Desktop\treeDiM.StackBuilder.Desktop.csproj", "{A8A2C6D7-58CF-4DA2-A754-C9686173B5EE}"
	ProjectSection(ProjectDependencies) = postProject
		{1505A6E5-E6F9-4408-A5C8-968417081CBD} = {1505A6E5-E6F9-4408-A5C8-968417081CBD}
	EndProjectSection
EndProject
Project("{FAE04EC0-301F-11D3-BF4B-00C04F79EFBC}") = "treeDiM.StackBuilder.Basics", "TreeDim.StackBuilder.Basics\treeDiM.StackBuilder.Basics.csproj", "{444C01D0-53FD-49A1-9D55-267B49161357}"
EndProject
Project("{FAE04EC0-301F-11D3-BF4B-00C04F79EFBC}") = "OfficePickers", "OfficePickers\OfficePickers.csproj", "{CAD56B75-481B-4C76-B090-4BC2FF5E5681}"
EndProject
Project("{FAE04EC0-301F-11D3-BF4B-00C04F79EFBC}") = "treeDiM.EdgeCrushTest", "TreeDim.EdgeCrushTest\treeDiM.EdgeCrushTest.csproj", "{E4240EE0-60B3-4435-BD09-F81D56C0899A}"
EndProject
Project("{2150E333-8FDC-42A3-9474-1A3956D46DE8}") = "Reporting", "Reporting", "{984497B5-C76B-49C3-9C6D-00E25252DD93}"
EndProject
Project("{FAE04EC0-301F-11D3-BF4B-00C04F79EFBC}") = "treeDiM.StackBuilder.Reporting", "TreeDim.StackBuilder.Reporting\treeDiM.StackBuilder.Reporting.csproj", "{1505A6E5-E6F9-4408-A5C8-968417081CBD}"
EndProject
Project("{FAE04EC0-301F-11D3-BF4B-00C04F79EFBC}") = "OptionsLib", "OptionsLib\OptionsLib.csproj", "{5035348F-344F-4822-823E-6CB4D79D80D7}"
EndProject
Project("{FAE04EC0-301F-11D3-BF4B-00C04F79EFBC}") = "treeDiM.StackBuilder.GUIExtension", "TreeDim.StackBuilder.GUIExtension\treeDiM.StackBuilder.GUIExtension.csproj", "{E335B93B-F816-44E9-B4BB-612FF1673637}"
EndProject
Project("{FAE04EC0-301F-11D3-BF4B-00C04F79EFBC}") = "treeDiM.UserControls", "TreeDim.UserControls\treeDiM.UserControls.csproj", "{7FF9B713-8D36-4887-BF50-2B9E2B28808D}"
EndProject
Project("{2150E333-8FDC-42A3-9474-1A3956D46DE8}") = "Plugins", "Plugins", "{78A832C5-F1BB-4A1F-95FD-6531DDA2E9EE}"
EndProject
Project("{FAE04EC0-301F-11D3-BF4B-00C04F79EFBC}") = "treeDiM.StackBuilder.Plugin", "treeDiM.StackBuilder.Plugin\treeDiM.StackBuilder.Plugin.csproj", "{75769E19-2CCC-4DF0-88D9-CBAC14BB6329}"
EndProject
Project("{FAE04EC0-301F-11D3-BF4B-00C04F79EFBC}") = "treeDiM.StackBuilder.ExcelReader", "treeDiM.StackBuilder.ExcelReader\treeDiM.StackBuilder.ExcelReader.csproj", "{E9B15DC7-07A3-4398-AE3F-2ED6B1F5C0A6}"
EndProject
Project("{2150E333-8FDC-42A3-9474-1A3956D46DE8}") = "Custom projects", "Custom projects", "{6A9F4A88-DE9C-4EAB-9659-197FF7DFF6AD}"
EndProject
Project("{FAE04EC0-301F-11D3-BF4B-00C04F79EFBC}") = "treeDiM.StackBuilder.ABYATExcelLoader", "CustomProjects\treeDiM.StackBuilder.ABYATExcelLoader\treeDiM.StackBuilder.ABYATExcelLoader.csproj", "{097F2A4C-A34D-43E1-A5BF-58D12D80E11F}"
EndProject
Project("{FAE04EC0-301F-11D3-BF4B-00C04F79EFBC}") = "treeDiM.StackBuilder.Plugin_INTEX", "CustomProjects\treeDiM.StackBuilder.Plugin_INTEX\treeDiM.StackBuilder.Plugin_INTEX.csproj", "{C5AAB10A-8D08-419F-9D5C-2FC78FEF8B53}"
EndProject
Project("{FAE04EC0-301F-11D3-BF4B-00C04F79EFBC}") = "treeDiM.StackBuilder.ExcelAddIn", "CustomProjects\treeDiM.StackBuilder.ExcelAddIn\treeDiM.StackBuilder.ExcelAddIn.csproj", "{B172BE6D-5CAC-42D8-8895-D471D6EBDAC7}"
EndProject
Project("{FAE04EC0-301F-11D3-BF4B-00C04F79EFBC}") = "treeDiM.StackBuilder.ExcelListEvaluator", "CustomProjects\treeDiM.StackBuilder.ExcelListEvaluator\treeDiM.StackBuilder.ExcelListEvaluator.csproj", "{4D787657-5659-4030-BF48-07BAEC76DB93}"
EndProject
Project("{C7167F0D-BC9F-4E6E-AFE1-012C56B48DB5}") = "treeDiM.StackBuilder.WAP", "treeDiM.StackBuilder.WAP\treeDiM.StackBuilder.WAP.wapproj", "{B31247C0-6E95-4626-9854-38E9D049EED4}"
EndProject
Project("{FAE04EC0-301F-11D3-BF4B-00C04F79EFBC}") = "treeDiM.StackBuilder.Exporters", "treeDiM.StackBuilder.Exporters\treeDiM.StackBuilder.Exporters.csproj", "{CAD1DC6A-B121-4605-BEF3-B38DAE821401}"
EndProject
Project("{2150E333-8FDC-42A3-9474-1A3956D46DE8}") = "WCF service", "WCF service", "{296B926C-1126-4701-B67D-F3AC821D2BF0}"
EndProject
Project("{FAE04EC0-301F-11D3-BF4B-00C04F79EFBC}") = "treeDiM.StackBuilder.WCFService.Test", "Test\treeDiM.StackBuilder.WCFService.Test\treeDiM.StackBuilder.WCFService.Test.csproj", "{F8A01FFA-5FA2-4ED7-8E70-9CBCFE054438}"
	ProjectSection(ProjectDependencies) = postProject
		{FFA99466-EAE9-4638-8904-6EA1E6B92F01} = {FFA99466-EAE9-4638-8904-6EA1E6B92F01}
	EndProjectSection
EndProject
Project("{CC5FD16D-436D-48AD-A40C-5A424C6E3E79}") = "treeDiM.StackBuilder.CloudAppService", "treeDiM.StackBuilder.CloudAppService\treeDiM.StackBuilder.CloudAppService.ccproj", "{C64F4270-EEEC-4105-B560-E8A881520FC9}"
EndProject
Project("{FAE04EC0-301F-11D3-BF4B-00C04F79EFBC}") = "treeDiM.StackBuilder.WCFAppServ", "treeDiM.StackBuilder.WCFAppServ\treeDiM.StackBuilder.WCFAppServ.csproj", "{FFA99466-EAE9-4638-8904-6EA1E6B92F01}"
EndProject
Project("{FAE04EC0-301F-11D3-BF4B-00C04F79EFBC}") = "Sharp3D.Boxologic", "Sharp3D.Boxologic\Sharp3D.Boxologic.csproj", "{3B7A1F44-6B16-4559-ACF8-578B5AE88689}"
EndProject
Project("{FAE04EC0-301F-11D3-BF4B-00C04F79EFBC}") = "Sharp3D.Boxologic.Test", "Test\Sharp3D.Boxologic.Test\Sharp3D.Boxologic.Test.csproj", "{24C02CF5-35B1-42C8-AD9F-39A248068D98}"
EndProject
Project("{8BC9CEB8-8B4A-11D0-8D11-00A0C91BC942}") = "Boxologic", "Boxologic\Boxologic.vcxproj", "{129E36B8-F098-4721-97CF-B8D6A78C07F1}"
EndProject
Project("{FAE04EC0-301F-11D3-BF4B-00C04F79EFBC}") = "treeDiM.StackBuilder.Graphics.TestBSPTree", "Test\treeDiM.StackBuilder.Graphics.TestBSPTree\treeDiM.StackBuilder.Graphics.TestBSPTree.csproj", "{62FD0D31-CF0D-42CD-A70A-6973440B5727}"
EndProject
Project("{FAE04EC0-301F-11D3-BF4B-00C04F79EFBC}") = "TreeDim.StackBuilder.Graphics.Test", "Test\TreeDim.StackBuilder.Graphics.Test\TreeDim.StackBuilder.Graphics.Test.csproj", "{D5FBE9D8-DFAE-49F0-B9DA-0795B98D887F}"
EndProject
Project("{9A19103F-16F7-4668-BE54-9A1E7A4F7556}") = "Sharp3DBinPacking", "..\..\Sharp3DBinPacking\Sharp3DBinPacking\Sharp3DBinPacking.csproj", "{FF58E175-73B1-41D2-816B-3B648B2CAFB3}"
EndProject
Project("{2150E333-8FDC-42A3-9474-1A3956D46DE8}") = "WIX", "WIX", "{7C541C76-20F1-40D8-A683-29062638D9B9}"
EndProject
Project("{930C7802-8A8C-48F9-8165-68863BCCD9DD}") = "treeDiM.StackBuilder.WCFServiceInstaller", "treeDiM.StackBuilder.WCFServiceInstaller\treeDiM.StackBuilder.WCFServiceInstaller.wixproj", "{3BB34EA7-38A7-4F6D-AA49-29EB577C944A}"
EndProject
Global
	GlobalSection(SolutionConfigurationPlatforms) = preSolution
		Debug|Any CPU = Debug|Any CPU
		Debug|Mixed Platforms = Debug|Mixed Platforms
		Debug|x64 = Debug|x64
		Debug|x86 = Debug|x86
		Release|Any CPU = Release|Any CPU
		Release|Mixed Platforms = Release|Mixed Platforms
		Release|x64 = Release|x64
		Release|x86 = Release|x86
	EndGlobalSection
	GlobalSection(ProjectConfigurationPlatforms) = postSolution
		{2E646606-052D-4063-9218-1379430B070E}.Debug|Any CPU.ActiveCfg = Debug|Any CPU
		{2E646606-052D-4063-9218-1379430B070E}.Debug|Any CPU.Build.0 = Debug|Any CPU
		{2E646606-052D-4063-9218-1379430B070E}.Debug|Mixed Platforms.ActiveCfg = Debug|Any CPU
		{2E646606-052D-4063-9218-1379430B070E}.Debug|Mixed Platforms.Build.0 = Debug|Any CPU
		{2E646606-052D-4063-9218-1379430B070E}.Debug|x64.ActiveCfg = Debug|Any CPU
		{2E646606-052D-4063-9218-1379430B070E}.Debug|x64.Build.0 = Debug|Any CPU
		{2E646606-052D-4063-9218-1379430B070E}.Debug|x86.ActiveCfg = Debug|Any CPU
		{2E646606-052D-4063-9218-1379430B070E}.Release|Any CPU.ActiveCfg = Release|Any CPU
		{2E646606-052D-4063-9218-1379430B070E}.Release|Any CPU.Build.0 = Release|Any CPU
		{2E646606-052D-4063-9218-1379430B070E}.Release|Mixed Platforms.ActiveCfg = Release|Any CPU
		{2E646606-052D-4063-9218-1379430B070E}.Release|Mixed Platforms.Build.0 = Release|Any CPU
		{2E646606-052D-4063-9218-1379430B070E}.Release|x64.ActiveCfg = Release|Any CPU
		{2E646606-052D-4063-9218-1379430B070E}.Release|x64.Build.0 = Release|Any CPU
		{2E646606-052D-4063-9218-1379430B070E}.Release|x86.ActiveCfg = Release|Any CPU
		{2E646606-052D-4063-9218-1379430B070E}.Release|x86.Build.0 = Release|Any CPU
		{2AD4C04C-5B8A-4E69-9B1C-402CB86860A7}.Debug|Any CPU.ActiveCfg = Debug|Any CPU
		{2AD4C04C-5B8A-4E69-9B1C-402CB86860A7}.Debug|Any CPU.Build.0 = Debug|Any CPU
		{2AD4C04C-5B8A-4E69-9B1C-402CB86860A7}.Debug|Mixed Platforms.ActiveCfg = Debug|Any CPU
		{2AD4C04C-5B8A-4E69-9B1C-402CB86860A7}.Debug|Mixed Platforms.Build.0 = Debug|Any CPU
		{2AD4C04C-5B8A-4E69-9B1C-402CB86860A7}.Debug|x64.ActiveCfg = Debug|Any CPU
		{2AD4C04C-5B8A-4E69-9B1C-402CB86860A7}.Debug|x64.Build.0 = Debug|Any CPU
		{2AD4C04C-5B8A-4E69-9B1C-402CB86860A7}.Debug|x86.ActiveCfg = Debug|Any CPU
		{2AD4C04C-5B8A-4E69-9B1C-402CB86860A7}.Release|Any CPU.ActiveCfg = Release|Any CPU
		{2AD4C04C-5B8A-4E69-9B1C-402CB86860A7}.Release|Any CPU.Build.0 = Release|Any CPU
		{2AD4C04C-5B8A-4E69-9B1C-402CB86860A7}.Release|Mixed Platforms.ActiveCfg = Release|Any CPU
		{2AD4C04C-5B8A-4E69-9B1C-402CB86860A7}.Release|Mixed Platforms.Build.0 = Release|Any CPU
		{2AD4C04C-5B8A-4E69-9B1C-402CB86860A7}.Release|x64.ActiveCfg = Release|Any CPU
		{2AD4C04C-5B8A-4E69-9B1C-402CB86860A7}.Release|x64.Build.0 = Release|Any CPU
		{2AD4C04C-5B8A-4E69-9B1C-402CB86860A7}.Release|x86.ActiveCfg = Release|Any CPU
		{2AD4C04C-5B8A-4E69-9B1C-402CB86860A7}.Release|x86.Build.0 = Release|Any CPU
		{A8A2C6D7-58CF-4DA2-A754-C9686173B5EE}.Debug|Any CPU.ActiveCfg = Debug|Any CPU
		{A8A2C6D7-58CF-4DA2-A754-C9686173B5EE}.Debug|Any CPU.Build.0 = Debug|Any CPU
		{A8A2C6D7-58CF-4DA2-A754-C9686173B5EE}.Debug|Mixed Platforms.ActiveCfg = Debug|Any CPU
		{A8A2C6D7-58CF-4DA2-A754-C9686173B5EE}.Debug|Mixed Platforms.Build.0 = Debug|Any CPU
		{A8A2C6D7-58CF-4DA2-A754-C9686173B5EE}.Debug|x64.ActiveCfg = Debug|Any CPU
		{A8A2C6D7-58CF-4DA2-A754-C9686173B5EE}.Debug|x64.Build.0 = Debug|Any CPU
		{A8A2C6D7-58CF-4DA2-A754-C9686173B5EE}.Debug|x86.ActiveCfg = Debug|Any CPU
		{A8A2C6D7-58CF-4DA2-A754-C9686173B5EE}.Release|Any CPU.ActiveCfg = Release|Any CPU
		{A8A2C6D7-58CF-4DA2-A754-C9686173B5EE}.Release|Any CPU.Build.0 = Release|Any CPU
		{A8A2C6D7-58CF-4DA2-A754-C9686173B5EE}.Release|Mixed Platforms.ActiveCfg = Release|Any CPU
		{A8A2C6D7-58CF-4DA2-A754-C9686173B5EE}.Release|Mixed Platforms.Build.0 = Release|Any CPU
		{A8A2C6D7-58CF-4DA2-A754-C9686173B5EE}.Release|x64.ActiveCfg = Release|x64
		{A8A2C6D7-58CF-4DA2-A754-C9686173B5EE}.Release|x64.Build.0 = Release|x64
		{A8A2C6D7-58CF-4DA2-A754-C9686173B5EE}.Release|x86.ActiveCfg = Release|Any CPU
		{A8A2C6D7-58CF-4DA2-A754-C9686173B5EE}.Release|x86.Build.0 = Release|Any CPU
		{444C01D0-53FD-49A1-9D55-267B49161357}.Debug|Any CPU.ActiveCfg = Debug|Any CPU
		{444C01D0-53FD-49A1-9D55-267B49161357}.Debug|Any CPU.Build.0 = Debug|Any CPU
		{444C01D0-53FD-49A1-9D55-267B49161357}.Debug|Mixed Platforms.ActiveCfg = Debug|Any CPU
		{444C01D0-53FD-49A1-9D55-267B49161357}.Debug|Mixed Platforms.Build.0 = Debug|Any CPU
		{444C01D0-53FD-49A1-9D55-267B49161357}.Debug|x64.ActiveCfg = Debug|Any CPU
		{444C01D0-53FD-49A1-9D55-267B49161357}.Debug|x64.Build.0 = Debug|Any CPU
		{444C01D0-53FD-49A1-9D55-267B49161357}.Debug|x86.ActiveCfg = Debug|Any CPU
		{444C01D0-53FD-49A1-9D55-267B49161357}.Release|Any CPU.ActiveCfg = Release|Any CPU
		{444C01D0-53FD-49A1-9D55-267B49161357}.Release|Any CPU.Build.0 = Release|Any CPU
		{444C01D0-53FD-49A1-9D55-267B49161357}.Release|Mixed Platforms.ActiveCfg = Release|Any CPU
		{444C01D0-53FD-49A1-9D55-267B49161357}.Release|Mixed Platforms.Build.0 = Release|Any CPU
		{444C01D0-53FD-49A1-9D55-267B49161357}.Release|x64.ActiveCfg = Release|Any CPU
		{444C01D0-53FD-49A1-9D55-267B49161357}.Release|x64.Build.0 = Release|Any CPU
		{444C01D0-53FD-49A1-9D55-267B49161357}.Release|x86.ActiveCfg = Release|Any CPU
		{444C01D0-53FD-49A1-9D55-267B49161357}.Release|x86.Build.0 = Release|Any CPU
		{CAD56B75-481B-4C76-B090-4BC2FF5E5681}.Debug|Any CPU.ActiveCfg = Debug|Any CPU
		{CAD56B75-481B-4C76-B090-4BC2FF5E5681}.Debug|Any CPU.Build.0 = Debug|Any CPU
		{CAD56B75-481B-4C76-B090-4BC2FF5E5681}.Debug|Mixed Platforms.ActiveCfg = Debug|Any CPU
		{CAD56B75-481B-4C76-B090-4BC2FF5E5681}.Debug|Mixed Platforms.Build.0 = Debug|Any CPU
		{CAD56B75-481B-4C76-B090-4BC2FF5E5681}.Debug|x64.ActiveCfg = Debug|Any CPU
		{CAD56B75-481B-4C76-B090-4BC2FF5E5681}.Debug|x64.Build.0 = Debug|Any CPU
		{CAD56B75-481B-4C76-B090-4BC2FF5E5681}.Debug|x86.ActiveCfg = Debug|Any CPU
		{CAD56B75-481B-4C76-B090-4BC2FF5E5681}.Release|Any CPU.ActiveCfg = Release|Any CPU
		{CAD56B75-481B-4C76-B090-4BC2FF5E5681}.Release|Any CPU.Build.0 = Release|Any CPU
		{CAD56B75-481B-4C76-B090-4BC2FF5E5681}.Release|Mixed Platforms.ActiveCfg = Release|Any CPU
		{CAD56B75-481B-4C76-B090-4BC2FF5E5681}.Release|Mixed Platforms.Build.0 = Release|Any CPU
		{CAD56B75-481B-4C76-B090-4BC2FF5E5681}.Release|x64.ActiveCfg = Release|Any CPU
		{CAD56B75-481B-4C76-B090-4BC2FF5E5681}.Release|x64.Build.0 = Release|Any CPU
		{CAD56B75-481B-4C76-B090-4BC2FF5E5681}.Release|x86.ActiveCfg = Release|Any CPU
		{CAD56B75-481B-4C76-B090-4BC2FF5E5681}.Release|x86.Build.0 = Release|Any CPU
		{E4240EE0-60B3-4435-BD09-F81D56C0899A}.Debug|Any CPU.ActiveCfg = Debug|Any CPU
		{E4240EE0-60B3-4435-BD09-F81D56C0899A}.Debug|Any CPU.Build.0 = Debug|Any CPU
		{E4240EE0-60B3-4435-BD09-F81D56C0899A}.Debug|Mixed Platforms.ActiveCfg = Debug|Any CPU
		{E4240EE0-60B3-4435-BD09-F81D56C0899A}.Debug|Mixed Platforms.Build.0 = Debug|Any CPU
		{E4240EE0-60B3-4435-BD09-F81D56C0899A}.Debug|x64.ActiveCfg = Debug|Any CPU
		{E4240EE0-60B3-4435-BD09-F81D56C0899A}.Debug|x64.Build.0 = Debug|Any CPU
		{E4240EE0-60B3-4435-BD09-F81D56C0899A}.Debug|x86.ActiveCfg = Debug|Any CPU
		{E4240EE0-60B3-4435-BD09-F81D56C0899A}.Release|Any CPU.ActiveCfg = Release|Any CPU
		{E4240EE0-60B3-4435-BD09-F81D56C0899A}.Release|Any CPU.Build.0 = Release|Any CPU
		{E4240EE0-60B3-4435-BD09-F81D56C0899A}.Release|Mixed Platforms.ActiveCfg = Release|Any CPU
		{E4240EE0-60B3-4435-BD09-F81D56C0899A}.Release|Mixed Platforms.Build.0 = Release|Any CPU
		{E4240EE0-60B3-4435-BD09-F81D56C0899A}.Release|x64.ActiveCfg = Release|Any CPU
		{E4240EE0-60B3-4435-BD09-F81D56C0899A}.Release|x64.Build.0 = Release|Any CPU
		{E4240EE0-60B3-4435-BD09-F81D56C0899A}.Release|x86.ActiveCfg = Release|Any CPU
		{E4240EE0-60B3-4435-BD09-F81D56C0899A}.Release|x86.Build.0 = Release|Any CPU
		{1505A6E5-E6F9-4408-A5C8-968417081CBD}.Debug|Any CPU.ActiveCfg = Debug|Any CPU
		{1505A6E5-E6F9-4408-A5C8-968417081CBD}.Debug|Any CPU.Build.0 = Debug|Any CPU
		{1505A6E5-E6F9-4408-A5C8-968417081CBD}.Debug|Mixed Platforms.ActiveCfg = Debug|Any CPU
		{1505A6E5-E6F9-4408-A5C8-968417081CBD}.Debug|Mixed Platforms.Build.0 = Debug|Any CPU
		{1505A6E5-E6F9-4408-A5C8-968417081CBD}.Debug|x64.ActiveCfg = Debug|Any CPU
		{1505A6E5-E6F9-4408-A5C8-968417081CBD}.Debug|x64.Build.0 = Debug|Any CPU
		{1505A6E5-E6F9-4408-A5C8-968417081CBD}.Debug|x86.ActiveCfg = Debug|Any CPU
		{1505A6E5-E6F9-4408-A5C8-968417081CBD}.Release|Any CPU.ActiveCfg = Release|Any CPU
		{1505A6E5-E6F9-4408-A5C8-968417081CBD}.Release|Any CPU.Build.0 = Release|Any CPU
		{1505A6E5-E6F9-4408-A5C8-968417081CBD}.Release|Mixed Platforms.ActiveCfg = Release|Any CPU
		{1505A6E5-E6F9-4408-A5C8-968417081CBD}.Release|Mixed Platforms.Build.0 = Release|Any CPU
		{1505A6E5-E6F9-4408-A5C8-968417081CBD}.Release|x64.ActiveCfg = Release|Any CPU
		{1505A6E5-E6F9-4408-A5C8-968417081CBD}.Release|x64.Build.0 = Release|Any CPU
		{1505A6E5-E6F9-4408-A5C8-968417081CBD}.Release|x86.ActiveCfg = Release|Any CPU
		{1505A6E5-E6F9-4408-A5C8-968417081CBD}.Release|x86.Build.0 = Release|Any CPU
		{5035348F-344F-4822-823E-6CB4D79D80D7}.Debug|Any CPU.ActiveCfg = Debug|Any CPU
		{5035348F-344F-4822-823E-6CB4D79D80D7}.Debug|Any CPU.Build.0 = Debug|Any CPU
		{5035348F-344F-4822-823E-6CB4D79D80D7}.Debug|Mixed Platforms.ActiveCfg = Debug|Any CPU
		{5035348F-344F-4822-823E-6CB4D79D80D7}.Debug|Mixed Platforms.Build.0 = Debug|Any CPU
		{5035348F-344F-4822-823E-6CB4D79D80D7}.Debug|x64.ActiveCfg = Debug|Any CPU
		{5035348F-344F-4822-823E-6CB4D79D80D7}.Debug|x86.ActiveCfg = Debug|Any CPU
		{5035348F-344F-4822-823E-6CB4D79D80D7}.Release|Any CPU.ActiveCfg = Release|Any CPU
		{5035348F-344F-4822-823E-6CB4D79D80D7}.Release|Any CPU.Build.0 = Release|Any CPU
		{5035348F-344F-4822-823E-6CB4D79D80D7}.Release|Mixed Platforms.ActiveCfg = Release|Any CPU
		{5035348F-344F-4822-823E-6CB4D79D80D7}.Release|Mixed Platforms.Build.0 = Release|Any CPU
		{5035348F-344F-4822-823E-6CB4D79D80D7}.Release|x64.ActiveCfg = Release|Any CPU
		{5035348F-344F-4822-823E-6CB4D79D80D7}.Release|x64.Build.0 = Release|Any CPU
		{5035348F-344F-4822-823E-6CB4D79D80D7}.Release|x86.ActiveCfg = Release|Any CPU
		{5035348F-344F-4822-823E-6CB4D79D80D7}.Release|x86.Build.0 = Release|Any CPU
		{E335B93B-F816-44E9-B4BB-612FF1673637}.Debug|Any CPU.ActiveCfg = Debug|Any CPU
		{E335B93B-F816-44E9-B4BB-612FF1673637}.Debug|Mixed Platforms.ActiveCfg = Debug|Any CPU
		{E335B93B-F816-44E9-B4BB-612FF1673637}.Debug|Mixed Platforms.Build.0 = Debug|Any CPU
		{E335B93B-F816-44E9-B4BB-612FF1673637}.Debug|x64.ActiveCfg = Debug|x64
		{E335B93B-F816-44E9-B4BB-612FF1673637}.Debug|x64.Build.0 = Debug|x64
		{E335B93B-F816-44E9-B4BB-612FF1673637}.Debug|x86.ActiveCfg = Debug|Any CPU
		{E335B93B-F816-44E9-B4BB-612FF1673637}.Release|Any CPU.ActiveCfg = Release|Any CPU
		{E335B93B-F816-44E9-B4BB-612FF1673637}.Release|Any CPU.Build.0 = Release|Any CPU
		{E335B93B-F816-44E9-B4BB-612FF1673637}.Release|Mixed Platforms.ActiveCfg = Release|Any CPU
		{E335B93B-F816-44E9-B4BB-612FF1673637}.Release|Mixed Platforms.Build.0 = Release|Any CPU
		{E335B93B-F816-44E9-B4BB-612FF1673637}.Release|x64.ActiveCfg = Release|x64
		{E335B93B-F816-44E9-B4BB-612FF1673637}.Release|x64.Build.0 = Release|x64
		{E335B93B-F816-44E9-B4BB-612FF1673637}.Release|x86.ActiveCfg = Release|Any CPU
		{E335B93B-F816-44E9-B4BB-612FF1673637}.Release|x86.Build.0 = Release|Any CPU
		{7FF9B713-8D36-4887-BF50-2B9E2B28808D}.Debug|Any CPU.ActiveCfg = Debug|Any CPU
		{7FF9B713-8D36-4887-BF50-2B9E2B28808D}.Debug|Any CPU.Build.0 = Debug|Any CPU
		{7FF9B713-8D36-4887-BF50-2B9E2B28808D}.Debug|Mixed Platforms.ActiveCfg = Debug|x86
		{7FF9B713-8D36-4887-BF50-2B9E2B28808D}.Debug|Mixed Platforms.Build.0 = Debug|x86
		{7FF9B713-8D36-4887-BF50-2B9E2B28808D}.Debug|x64.ActiveCfg = Debug|Any CPU
		{7FF9B713-8D36-4887-BF50-2B9E2B28808D}.Debug|x64.Build.0 = Debug|Any CPU
		{7FF9B713-8D36-4887-BF50-2B9E2B28808D}.Debug|x86.ActiveCfg = Debug|x86
		{7FF9B713-8D36-4887-BF50-2B9E2B28808D}.Debug|x86.Build.0 = Debug|x86
		{7FF9B713-8D36-4887-BF50-2B9E2B28808D}.Release|Any CPU.ActiveCfg = Release|Any CPU
		{7FF9B713-8D36-4887-BF50-2B9E2B28808D}.Release|Any CPU.Build.0 = Release|Any CPU
		{7FF9B713-8D36-4887-BF50-2B9E2B28808D}.Release|Mixed Platforms.ActiveCfg = Release|Any CPU
		{7FF9B713-8D36-4887-BF50-2B9E2B28808D}.Release|Mixed Platforms.Build.0 = Release|Any CPU
		{7FF9B713-8D36-4887-BF50-2B9E2B28808D}.Release|x64.ActiveCfg = Release|Any CPU
		{7FF9B713-8D36-4887-BF50-2B9E2B28808D}.Release|x64.Build.0 = Release|Any CPU
		{7FF9B713-8D36-4887-BF50-2B9E2B28808D}.Release|x86.ActiveCfg = Release|x86
		{7FF9B713-8D36-4887-BF50-2B9E2B28808D}.Release|x86.Build.0 = Release|x86
		{75769E19-2CCC-4DF0-88D9-CBAC14BB6329}.Debug|Any CPU.ActiveCfg = Debug|Any CPU
		{75769E19-2CCC-4DF0-88D9-CBAC14BB6329}.Debug|Any CPU.Build.0 = Debug|Any CPU
		{75769E19-2CCC-4DF0-88D9-CBAC14BB6329}.Debug|Mixed Platforms.ActiveCfg = Debug|Any CPU
		{75769E19-2CCC-4DF0-88D9-CBAC14BB6329}.Debug|Mixed Platforms.Build.0 = Debug|Any CPU
		{75769E19-2CCC-4DF0-88D9-CBAC14BB6329}.Debug|x64.ActiveCfg = Debug|Any CPU
		{75769E19-2CCC-4DF0-88D9-CBAC14BB6329}.Debug|x64.Build.0 = Debug|Any CPU
		{75769E19-2CCC-4DF0-88D9-CBAC14BB6329}.Debug|x86.ActiveCfg = Debug|Any CPU
		{75769E19-2CCC-4DF0-88D9-CBAC14BB6329}.Release|Any CPU.ActiveCfg = Release|Any CPU
		{75769E19-2CCC-4DF0-88D9-CBAC14BB6329}.Release|Any CPU.Build.0 = Release|Any CPU
		{75769E19-2CCC-4DF0-88D9-CBAC14BB6329}.Release|Mixed Platforms.ActiveCfg = Release|Any CPU
		{75769E19-2CCC-4DF0-88D9-CBAC14BB6329}.Release|Mixed Platforms.Build.0 = Release|Any CPU
		{75769E19-2CCC-4DF0-88D9-CBAC14BB6329}.Release|x64.ActiveCfg = Release|Any CPU
		{75769E19-2CCC-4DF0-88D9-CBAC14BB6329}.Release|x64.Build.0 = Release|Any CPU
		{75769E19-2CCC-4DF0-88D9-CBAC14BB6329}.Release|x86.ActiveCfg = Release|Any CPU
		{75769E19-2CCC-4DF0-88D9-CBAC14BB6329}.Release|x86.Build.0 = Release|Any CPU
		{E9B15DC7-07A3-4398-AE3F-2ED6B1F5C0A6}.Debug|Any CPU.ActiveCfg = Debug|Any CPU
		{E9B15DC7-07A3-4398-AE3F-2ED6B1F5C0A6}.Debug|Any CPU.Build.0 = Debug|Any CPU
		{E9B15DC7-07A3-4398-AE3F-2ED6B1F5C0A6}.Debug|Mixed Platforms.ActiveCfg = Debug|Any CPU
		{E9B15DC7-07A3-4398-AE3F-2ED6B1F5C0A6}.Debug|Mixed Platforms.Build.0 = Debug|Any CPU
		{E9B15DC7-07A3-4398-AE3F-2ED6B1F5C0A6}.Debug|x64.ActiveCfg = Debug|Any CPU
		{E9B15DC7-07A3-4398-AE3F-2ED6B1F5C0A6}.Debug|x64.Build.0 = Debug|Any CPU
		{E9B15DC7-07A3-4398-AE3F-2ED6B1F5C0A6}.Debug|x86.ActiveCfg = Debug|Any CPU
		{E9B15DC7-07A3-4398-AE3F-2ED6B1F5C0A6}.Release|Any CPU.ActiveCfg = Release|Any CPU
		{E9B15DC7-07A3-4398-AE3F-2ED6B1F5C0A6}.Release|Any CPU.Build.0 = Release|Any CPU
		{E9B15DC7-07A3-4398-AE3F-2ED6B1F5C0A6}.Release|Mixed Platforms.ActiveCfg = Release|Any CPU
		{E9B15DC7-07A3-4398-AE3F-2ED6B1F5C0A6}.Release|Mixed Platforms.Build.0 = Release|Any CPU
		{E9B15DC7-07A3-4398-AE3F-2ED6B1F5C0A6}.Release|x64.ActiveCfg = Release|Any CPU
		{E9B15DC7-07A3-4398-AE3F-2ED6B1F5C0A6}.Release|x64.Build.0 = Release|Any CPU
		{E9B15DC7-07A3-4398-AE3F-2ED6B1F5C0A6}.Release|x86.ActiveCfg = Release|Any CPU
		{097F2A4C-A34D-43E1-A5BF-58D12D80E11F}.Debug|Any CPU.ActiveCfg = Debug|Any CPU
		{097F2A4C-A34D-43E1-A5BF-58D12D80E11F}.Debug|Any CPU.Build.0 = Debug|Any CPU
		{097F2A4C-A34D-43E1-A5BF-58D12D80E11F}.Debug|Mixed Platforms.ActiveCfg = Debug|Any CPU
		{097F2A4C-A34D-43E1-A5BF-58D12D80E11F}.Debug|x64.ActiveCfg = Debug|Any CPU
		{097F2A4C-A34D-43E1-A5BF-58D12D80E11F}.Debug|x86.ActiveCfg = Debug|Any CPU
		{097F2A4C-A34D-43E1-A5BF-58D12D80E11F}.Release|Any CPU.ActiveCfg = Release|Any CPU
		{097F2A4C-A34D-43E1-A5BF-58D12D80E11F}.Release|Any CPU.Build.0 = Release|Any CPU
		{097F2A4C-A34D-43E1-A5BF-58D12D80E11F}.Release|Mixed Platforms.ActiveCfg = Release|Any CPU
		{097F2A4C-A34D-43E1-A5BF-58D12D80E11F}.Release|x64.ActiveCfg = Release|Any CPU
		{097F2A4C-A34D-43E1-A5BF-58D12D80E11F}.Release|x86.ActiveCfg = Release|Any CPU
		{C5AAB10A-8D08-419F-9D5C-2FC78FEF8B53}.Debug|Any CPU.ActiveCfg = Debug|Any CPU
		{C5AAB10A-8D08-419F-9D5C-2FC78FEF8B53}.Debug|Mixed Platforms.ActiveCfg = Debug|Any CPU
		{C5AAB10A-8D08-419F-9D5C-2FC78FEF8B53}.Debug|Mixed Platforms.Build.0 = Debug|Any CPU
		{C5AAB10A-8D08-419F-9D5C-2FC78FEF8B53}.Debug|x64.ActiveCfg = Debug|Any CPU
		{C5AAB10A-8D08-419F-9D5C-2FC78FEF8B53}.Debug|x64.Build.0 = Debug|Any CPU
		{C5AAB10A-8D08-419F-9D5C-2FC78FEF8B53}.Debug|x86.ActiveCfg = Debug|Any CPU
		{C5AAB10A-8D08-419F-9D5C-2FC78FEF8B53}.Debug|x86.Build.0 = Debug|Any CPU
		{C5AAB10A-8D08-419F-9D5C-2FC78FEF8B53}.Release|Any CPU.ActiveCfg = Release|Any CPU
		{C5AAB10A-8D08-419F-9D5C-2FC78FEF8B53}.Release|Mixed Platforms.ActiveCfg = Release|Any CPU
		{C5AAB10A-8D08-419F-9D5C-2FC78FEF8B53}.Release|Mixed Platforms.Build.0 = Release|Any CPU
		{C5AAB10A-8D08-419F-9D5C-2FC78FEF8B53}.Release|x64.ActiveCfg = Release|Any CPU
		{C5AAB10A-8D08-419F-9D5C-2FC78FEF8B53}.Release|x64.Build.0 = Release|Any CPU
		{C5AAB10A-8D08-419F-9D5C-2FC78FEF8B53}.Release|x86.ActiveCfg = Release|Any CPU
		{C5AAB10A-8D08-419F-9D5C-2FC78FEF8B53}.Release|x86.Build.0 = Release|Any CPU
		{B172BE6D-5CAC-42D8-8895-D471D6EBDAC7}.Debug|Any CPU.ActiveCfg = Debug|Any CPU
		{B172BE6D-5CAC-42D8-8895-D471D6EBDAC7}.Debug|Any CPU.Build.0 = Debug|Any CPU
		{B172BE6D-5CAC-42D8-8895-D471D6EBDAC7}.Debug|Mixed Platforms.ActiveCfg = Debug|Any CPU
		{B172BE6D-5CAC-42D8-8895-D471D6EBDAC7}.Debug|Mixed Platforms.Build.0 = Debug|Any CPU
		{B172BE6D-5CAC-42D8-8895-D471D6EBDAC7}.Debug|x64.ActiveCfg = Debug|Any CPU
		{B172BE6D-5CAC-42D8-8895-D471D6EBDAC7}.Debug|x64.Build.0 = Debug|Any CPU
		{B172BE6D-5CAC-42D8-8895-D471D6EBDAC7}.Debug|x86.ActiveCfg = Debug|Any CPU
		{B172BE6D-5CAC-42D8-8895-D471D6EBDAC7}.Debug|x86.Build.0 = Debug|Any CPU
		{B172BE6D-5CAC-42D8-8895-D471D6EBDAC7}.Release|Any CPU.ActiveCfg = Release|Any CPU
		{B172BE6D-5CAC-42D8-8895-D471D6EBDAC7}.Release|Any CPU.Build.0 = Release|Any CPU
		{B172BE6D-5CAC-42D8-8895-D471D6EBDAC7}.Release|Mixed Platforms.ActiveCfg = Release|Any CPU
		{B172BE6D-5CAC-42D8-8895-D471D6EBDAC7}.Release|Mixed Platforms.Build.0 = Release|Any CPU
		{B172BE6D-5CAC-42D8-8895-D471D6EBDAC7}.Release|x64.ActiveCfg = Release|Any CPU
		{B172BE6D-5CAC-42D8-8895-D471D6EBDAC7}.Release|x64.Build.0 = Release|Any CPU
		{B172BE6D-5CAC-42D8-8895-D471D6EBDAC7}.Release|x86.ActiveCfg = Release|Any CPU
		{B172BE6D-5CAC-42D8-8895-D471D6EBDAC7}.Release|x86.Build.0 = Release|Any CPU
		{4D787657-5659-4030-BF48-07BAEC76DB93}.Debug|Any CPU.ActiveCfg = Debug|Any CPU
		{4D787657-5659-4030-BF48-07BAEC76DB93}.Debug|Mixed Platforms.ActiveCfg = Debug|Any CPU
		{4D787657-5659-4030-BF48-07BAEC76DB93}.Debug|Mixed Platforms.Build.0 = Debug|Any CPU
		{4D787657-5659-4030-BF48-07BAEC76DB93}.Debug|x64.ActiveCfg = Debug|Any CPU
		{4D787657-5659-4030-BF48-07BAEC76DB93}.Debug|x64.Build.0 = Debug|Any CPU
		{4D787657-5659-4030-BF48-07BAEC76DB93}.Debug|x86.ActiveCfg = Debug|Any CPU
		{4D787657-5659-4030-BF48-07BAEC76DB93}.Debug|x86.Build.0 = Debug|Any CPU
		{4D787657-5659-4030-BF48-07BAEC76DB93}.Release|Any CPU.ActiveCfg = Release|Any CPU
		{4D787657-5659-4030-BF48-07BAEC76DB93}.Release|Any CPU.Build.0 = Release|Any CPU
		{4D787657-5659-4030-BF48-07BAEC76DB93}.Release|Mixed Platforms.ActiveCfg = Release|Any CPU
		{4D787657-5659-4030-BF48-07BAEC76DB93}.Release|Mixed Platforms.Build.0 = Release|Any CPU
		{4D787657-5659-4030-BF48-07BAEC76DB93}.Release|x64.ActiveCfg = Release|Any CPU
		{4D787657-5659-4030-BF48-07BAEC76DB93}.Release|x64.Build.0 = Release|Any CPU
		{4D787657-5659-4030-BF48-07BAEC76DB93}.Release|x86.ActiveCfg = Release|Any CPU
		{4D787657-5659-4030-BF48-07BAEC76DB93}.Release|x86.Build.0 = Release|Any CPU
		{B31247C0-6E95-4626-9854-38E9D049EED4}.Debug|Any CPU.ActiveCfg = Debug|Any CPU
		{B31247C0-6E95-4626-9854-38E9D049EED4}.Debug|Any CPU.Deploy.0 = Debug|Any CPU
		{B31247C0-6E95-4626-9854-38E9D049EED4}.Debug|Mixed Platforms.ActiveCfg = Debug|x86
		{B31247C0-6E95-4626-9854-38E9D049EED4}.Debug|Mixed Platforms.Build.0 = Debug|x86
		{B31247C0-6E95-4626-9854-38E9D049EED4}.Debug|Mixed Platforms.Deploy.0 = Debug|x86
		{B31247C0-6E95-4626-9854-38E9D049EED4}.Debug|x64.ActiveCfg = Debug|x64
		{B31247C0-6E95-4626-9854-38E9D049EED4}.Debug|x64.Build.0 = Debug|x64
		{B31247C0-6E95-4626-9854-38E9D049EED4}.Debug|x64.Deploy.0 = Debug|x64
		{B31247C0-6E95-4626-9854-38E9D049EED4}.Debug|x86.ActiveCfg = Debug|x86
		{B31247C0-6E95-4626-9854-38E9D049EED4}.Debug|x86.Build.0 = Debug|x86
		{B31247C0-6E95-4626-9854-38E9D049EED4}.Debug|x86.Deploy.0 = Debug|x86
		{B31247C0-6E95-4626-9854-38E9D049EED4}.Release|Any CPU.ActiveCfg = Release|Any CPU
		{B31247C0-6E95-4626-9854-38E9D049EED4}.Release|Any CPU.Build.0 = Release|Any CPU
		{B31247C0-6E95-4626-9854-38E9D049EED4}.Release|Any CPU.Deploy.0 = Release|Any CPU
		{B31247C0-6E95-4626-9854-38E9D049EED4}.Release|Mixed Platforms.ActiveCfg = Release|x86
		{B31247C0-6E95-4626-9854-38E9D049EED4}.Release|Mixed Platforms.Build.0 = Release|x86
		{B31247C0-6E95-4626-9854-38E9D049EED4}.Release|Mixed Platforms.Deploy.0 = Release|x86
		{B31247C0-6E95-4626-9854-38E9D049EED4}.Release|x64.ActiveCfg = Release|x64
		{B31247C0-6E95-4626-9854-38E9D049EED4}.Release|x64.Build.0 = Release|x64
		{B31247C0-6E95-4626-9854-38E9D049EED4}.Release|x64.Deploy.0 = Release|x64
		{B31247C0-6E95-4626-9854-38E9D049EED4}.Release|x86.ActiveCfg = Release|x86
		{B31247C0-6E95-4626-9854-38E9D049EED4}.Release|x86.Build.0 = Release|x86
		{B31247C0-6E95-4626-9854-38E9D049EED4}.Release|x86.Deploy.0 = Release|x86
		{CAD1DC6A-B121-4605-BEF3-B38DAE821401}.Debug|Any CPU.ActiveCfg = Debug|Any CPU
		{CAD1DC6A-B121-4605-BEF3-B38DAE821401}.Debug|Any CPU.Build.0 = Debug|Any CPU
		{CAD1DC6A-B121-4605-BEF3-B38DAE821401}.Debug|Mixed Platforms.ActiveCfg = Debug|Any CPU
		{CAD1DC6A-B121-4605-BEF3-B38DAE821401}.Debug|Mixed Platforms.Build.0 = Debug|Any CPU
		{CAD1DC6A-B121-4605-BEF3-B38DAE821401}.Debug|x64.ActiveCfg = Debug|Any CPU
		{CAD1DC6A-B121-4605-BEF3-B38DAE821401}.Debug|x64.Build.0 = Debug|Any CPU
		{CAD1DC6A-B121-4605-BEF3-B38DAE821401}.Debug|x86.ActiveCfg = Debug|Any CPU
		{CAD1DC6A-B121-4605-BEF3-B38DAE821401}.Debug|x86.Build.0 = Debug|Any CPU
		{CAD1DC6A-B121-4605-BEF3-B38DAE821401}.Release|Any CPU.ActiveCfg = Release|Any CPU
		{CAD1DC6A-B121-4605-BEF3-B38DAE821401}.Release|Any CPU.Build.0 = Release|Any CPU
		{CAD1DC6A-B121-4605-BEF3-B38DAE821401}.Release|Mixed Platforms.ActiveCfg = Release|Any CPU
		{CAD1DC6A-B121-4605-BEF3-B38DAE821401}.Release|Mixed Platforms.Build.0 = Release|Any CPU
		{CAD1DC6A-B121-4605-BEF3-B38DAE821401}.Release|x64.ActiveCfg = Release|Any CPU
		{CAD1DC6A-B121-4605-BEF3-B38DAE821401}.Release|x64.Build.0 = Release|Any CPU
		{CAD1DC6A-B121-4605-BEF3-B38DAE821401}.Release|x86.ActiveCfg = Release|Any CPU
		{CAD1DC6A-B121-4605-BEF3-B38DAE821401}.Release|x86.Build.0 = Release|Any CPU
		{F8A01FFA-5FA2-4ED7-8E70-9CBCFE054438}.Debug|Any CPU.ActiveCfg = Debug|Any CPU
		{F8A01FFA-5FA2-4ED7-8E70-9CBCFE054438}.Debug|Any CPU.Build.0 = Debug|Any CPU
		{F8A01FFA-5FA2-4ED7-8E70-9CBCFE054438}.Debug|Mixed Platforms.ActiveCfg = Debug|Any CPU
		{F8A01FFA-5FA2-4ED7-8E70-9CBCFE054438}.Debug|Mixed Platforms.Build.0 = Debug|Any CPU
		{F8A01FFA-5FA2-4ED7-8E70-9CBCFE054438}.Debug|x64.ActiveCfg = Debug|Any CPU
		{F8A01FFA-5FA2-4ED7-8E70-9CBCFE054438}.Debug|x64.Build.0 = Debug|Any CPU
		{F8A01FFA-5FA2-4ED7-8E70-9CBCFE054438}.Debug|x86.ActiveCfg = Debug|Any CPU
		{F8A01FFA-5FA2-4ED7-8E70-9CBCFE054438}.Debug|x86.Build.0 = Debug|Any CPU
		{F8A01FFA-5FA2-4ED7-8E70-9CBCFE054438}.Release|Any CPU.ActiveCfg = Release|Any CPU
		{F8A01FFA-5FA2-4ED7-8E70-9CBCFE054438}.Release|Any CPU.Build.0 = Release|Any CPU
		{F8A01FFA-5FA2-4ED7-8E70-9CBCFE054438}.Release|Mixed Platforms.ActiveCfg = Release|Any CPU
		{F8A01FFA-5FA2-4ED7-8E70-9CBCFE054438}.Release|Mixed Platforms.Build.0 = Release|Any CPU
		{F8A01FFA-5FA2-4ED7-8E70-9CBCFE054438}.Release|x64.ActiveCfg = Release|Any CPU
		{F8A01FFA-5FA2-4ED7-8E70-9CBCFE054438}.Release|x64.Build.0 = Release|Any CPU
		{F8A01FFA-5FA2-4ED7-8E70-9CBCFE054438}.Release|x86.ActiveCfg = Release|Any CPU
		{F8A01FFA-5FA2-4ED7-8E70-9CBCFE054438}.Release|x86.Build.0 = Release|Any CPU
		{C64F4270-EEEC-4105-B560-E8A881520FC9}.Debug|Any CPU.ActiveCfg = Debug|Any CPU
		{C64F4270-EEEC-4105-B560-E8A881520FC9}.Debug|Any CPU.Build.0 = Debug|Any CPU
		{C64F4270-EEEC-4105-B560-E8A881520FC9}.Debug|Mixed Platforms.ActiveCfg = Debug|Any CPU
		{C64F4270-EEEC-4105-B560-E8A881520FC9}.Debug|Mixed Platforms.Build.0 = Debug|Any CPU
		{C64F4270-EEEC-4105-B560-E8A881520FC9}.Debug|x64.ActiveCfg = Debug|Any CPU
		{C64F4270-EEEC-4105-B560-E8A881520FC9}.Debug|x64.Build.0 = Debug|Any CPU
		{C64F4270-EEEC-4105-B560-E8A881520FC9}.Debug|x86.ActiveCfg = Debug|Any CPU
		{C64F4270-EEEC-4105-B560-E8A881520FC9}.Debug|x86.Build.0 = Debug|Any CPU
		{C64F4270-EEEC-4105-B560-E8A881520FC9}.Release|Any CPU.ActiveCfg = Release|Any CPU
		{C64F4270-EEEC-4105-B560-E8A881520FC9}.Release|Any CPU.Build.0 = Release|Any CPU
		{C64F4270-EEEC-4105-B560-E8A881520FC9}.Release|Mixed Platforms.ActiveCfg = Release|Any CPU
		{C64F4270-EEEC-4105-B560-E8A881520FC9}.Release|Mixed Platforms.Build.0 = Release|Any CPU
		{C64F4270-EEEC-4105-B560-E8A881520FC9}.Release|x64.ActiveCfg = Release|Any CPU
		{C64F4270-EEEC-4105-B560-E8A881520FC9}.Release|x64.Build.0 = Release|Any CPU
		{C64F4270-EEEC-4105-B560-E8A881520FC9}.Release|x86.ActiveCfg = Release|Any CPU
		{C64F4270-EEEC-4105-B560-E8A881520FC9}.Release|x86.Build.0 = Release|Any CPU
		{FFA99466-EAE9-4638-8904-6EA1E6B92F01}.Debug|Any CPU.ActiveCfg = Debug|Any CPU
		{FFA99466-EAE9-4638-8904-6EA1E6B92F01}.Debug|Any CPU.Build.0 = Debug|Any CPU
		{FFA99466-EAE9-4638-8904-6EA1E6B92F01}.Debug|Mixed Platforms.ActiveCfg = Debug|Any CPU
		{FFA99466-EAE9-4638-8904-6EA1E6B92F01}.Debug|Mixed Platforms.Build.0 = Debug|Any CPU
		{FFA99466-EAE9-4638-8904-6EA1E6B92F01}.Debug|x64.ActiveCfg = Debug|Any CPU
		{FFA99466-EAE9-4638-8904-6EA1E6B92F01}.Debug|x64.Build.0 = Debug|Any CPU
		{FFA99466-EAE9-4638-8904-6EA1E6B92F01}.Debug|x86.ActiveCfg = Debug|Any CPU
		{FFA99466-EAE9-4638-8904-6EA1E6B92F01}.Debug|x86.Build.0 = Debug|Any CPU
		{FFA99466-EAE9-4638-8904-6EA1E6B92F01}.Release|Any CPU.ActiveCfg = Release|Any CPU
		{FFA99466-EAE9-4638-8904-6EA1E6B92F01}.Release|Any CPU.Build.0 = Release|Any CPU
		{FFA99466-EAE9-4638-8904-6EA1E6B92F01}.Release|Mixed Platforms.ActiveCfg = Release|Any CPU
		{FFA99466-EAE9-4638-8904-6EA1E6B92F01}.Release|Mixed Platforms.Build.0 = Release|Any CPU
		{FFA99466-EAE9-4638-8904-6EA1E6B92F01}.Release|x64.ActiveCfg = Release|Any CPU
		{FFA99466-EAE9-4638-8904-6EA1E6B92F01}.Release|x64.Build.0 = Release|Any CPU
		{FFA99466-EAE9-4638-8904-6EA1E6B92F01}.Release|x86.ActiveCfg = Release|Any CPU
		{FFA99466-EAE9-4638-8904-6EA1E6B92F01}.Release|x86.Build.0 = Release|Any CPU
		{3B7A1F44-6B16-4559-ACF8-578B5AE88689}.Debug|Any CPU.ActiveCfg = Debug|Any CPU
		{3B7A1F44-6B16-4559-ACF8-578B5AE88689}.Debug|Mixed Platforms.ActiveCfg = Debug|Any CPU
		{3B7A1F44-6B16-4559-ACF8-578B5AE88689}.Debug|Mixed Platforms.Build.0 = Debug|Any CPU
		{3B7A1F44-6B16-4559-ACF8-578B5AE88689}.Debug|x64.ActiveCfg = Debug|Any CPU
		{3B7A1F44-6B16-4559-ACF8-578B5AE88689}.Debug|x64.Build.0 = Debug|Any CPU
		{3B7A1F44-6B16-4559-ACF8-578B5AE88689}.Debug|x86.ActiveCfg = Debug|Any CPU
		{3B7A1F44-6B16-4559-ACF8-578B5AE88689}.Debug|x86.Build.0 = Debug|Any CPU
		{3B7A1F44-6B16-4559-ACF8-578B5AE88689}.Release|Any CPU.ActiveCfg = Release|Any CPU
		{3B7A1F44-6B16-4559-ACF8-578B5AE88689}.Release|Any CPU.Build.0 = Release|Any CPU
		{3B7A1F44-6B16-4559-ACF8-578B5AE88689}.Release|Mixed Platforms.ActiveCfg = Release|Any CPU
		{3B7A1F44-6B16-4559-ACF8-578B5AE88689}.Release|Mixed Platforms.Build.0 = Release|Any CPU
		{3B7A1F44-6B16-4559-ACF8-578B5AE88689}.Release|x64.ActiveCfg = Release|Any CPU
		{3B7A1F44-6B16-4559-ACF8-578B5AE88689}.Release|x64.Build.0 = Release|Any CPU
		{3B7A1F44-6B16-4559-ACF8-578B5AE88689}.Release|x86.ActiveCfg = Release|Any CPU
		{3B7A1F44-6B16-4559-ACF8-578B5AE88689}.Release|x86.Build.0 = Release|Any CPU
		{24C02CF5-35B1-42C8-AD9F-39A248068D98}.Debug|Any CPU.ActiveCfg = Debug|Any CPU
		{24C02CF5-35B1-42C8-AD9F-39A248068D98}.Debug|Mixed Platforms.ActiveCfg = Debug|Any CPU
		{24C02CF5-35B1-42C8-AD9F-39A248068D98}.Debug|Mixed Platforms.Build.0 = Debug|Any CPU
		{24C02CF5-35B1-42C8-AD9F-39A248068D98}.Debug|x64.ActiveCfg = Debug|Any CPU
		{24C02CF5-35B1-42C8-AD9F-39A248068D98}.Debug|x64.Build.0 = Debug|Any CPU
		{24C02CF5-35B1-42C8-AD9F-39A248068D98}.Debug|x86.ActiveCfg = Debug|Any CPU
		{24C02CF5-35B1-42C8-AD9F-39A248068D98}.Debug|x86.Build.0 = Debug|Any CPU
		{24C02CF5-35B1-42C8-AD9F-39A248068D98}.Release|Any CPU.ActiveCfg = Release|Any CPU
		{24C02CF5-35B1-42C8-AD9F-39A248068D98}.Release|Any CPU.Build.0 = Release|Any CPU
		{24C02CF5-35B1-42C8-AD9F-39A248068D98}.Release|Mixed Platforms.ActiveCfg = Release|Any CPU
		{24C02CF5-35B1-42C8-AD9F-39A248068D98}.Release|Mixed Platforms.Build.0 = Release|Any CPU
		{24C02CF5-35B1-42C8-AD9F-39A248068D98}.Release|x64.ActiveCfg = Release|Any CPU
		{24C02CF5-35B1-42C8-AD9F-39A248068D98}.Release|x64.Build.0 = Release|Any CPU
		{24C02CF5-35B1-42C8-AD9F-39A248068D98}.Release|x86.ActiveCfg = Release|Any CPU
		{24C02CF5-35B1-42C8-AD9F-39A248068D98}.Release|x86.Build.0 = Release|Any CPU
		{129E36B8-F098-4721-97CF-B8D6A78C07F1}.Debug|Any CPU.ActiveCfg = Debug|Win32
		{129E36B8-F098-4721-97CF-B8D6A78C07F1}.Debug|Mixed Platforms.ActiveCfg = Debug|Win32
		{129E36B8-F098-4721-97CF-B8D6A78C07F1}.Debug|Mixed Platforms.Build.0 = Debug|Win32
		{129E36B8-F098-4721-97CF-B8D6A78C07F1}.Debug|x64.ActiveCfg = Debug|x64
		{129E36B8-F098-4721-97CF-B8D6A78C07F1}.Debug|x64.Build.0 = Debug|x64
		{129E36B8-F098-4721-97CF-B8D6A78C07F1}.Debug|x86.ActiveCfg = Debug|Win32
		{129E36B8-F098-4721-97CF-B8D6A78C07F1}.Debug|x86.Build.0 = Debug|Win32
		{129E36B8-F098-4721-97CF-B8D6A78C07F1}.Release|Any CPU.ActiveCfg = Release|Win32
		{129E36B8-F098-4721-97CF-B8D6A78C07F1}.Release|Mixed Platforms.ActiveCfg = Release|Win32
		{129E36B8-F098-4721-97CF-B8D6A78C07F1}.Release|Mixed Platforms.Build.0 = Release|Win32
		{129E36B8-F098-4721-97CF-B8D6A78C07F1}.Release|x64.ActiveCfg = Release|x64
		{129E36B8-F098-4721-97CF-B8D6A78C07F1}.Release|x64.Build.0 = Release|x64
		{129E36B8-F098-4721-97CF-B8D6A78C07F1}.Release|x86.ActiveCfg = Release|Win32
		{129E36B8-F098-4721-97CF-B8D6A78C07F1}.Release|x86.Build.0 = Release|Win32
		{62FD0D31-CF0D-42CD-A70A-6973440B5727}.Debug|Any CPU.ActiveCfg = Debug|Any CPU
		{62FD0D31-CF0D-42CD-A70A-6973440B5727}.Debug|Any CPU.Build.0 = Debug|Any CPU
		{62FD0D31-CF0D-42CD-A70A-6973440B5727}.Debug|Mixed Platforms.ActiveCfg = Debug|Any CPU
		{62FD0D31-CF0D-42CD-A70A-6973440B5727}.Debug|Mixed Platforms.Build.0 = Debug|Any CPU
		{62FD0D31-CF0D-42CD-A70A-6973440B5727}.Debug|x64.ActiveCfg = Debug|Any CPU
		{62FD0D31-CF0D-42CD-A70A-6973440B5727}.Debug|x64.Build.0 = Debug|Any CPU
		{62FD0D31-CF0D-42CD-A70A-6973440B5727}.Debug|x86.ActiveCfg = Debug|Any CPU
		{62FD0D31-CF0D-42CD-A70A-6973440B5727}.Debug|x86.Build.0 = Debug|Any CPU
		{62FD0D31-CF0D-42CD-A70A-6973440B5727}.Release|Any CPU.ActiveCfg = Release|Any CPU
		{62FD0D31-CF0D-42CD-A70A-6973440B5727}.Release|Any CPU.Build.0 = Release|Any CPU
		{62FD0D31-CF0D-42CD-A70A-6973440B5727}.Release|Mixed Platforms.ActiveCfg = Release|Any CPU
		{62FD0D31-CF0D-42CD-A70A-6973440B5727}.Release|Mixed Platforms.Build.0 = Release|Any CPU
		{62FD0D31-CF0D-42CD-A70A-6973440B5727}.Release|x64.ActiveCfg = Release|Any CPU
		{62FD0D31-CF0D-42CD-A70A-6973440B5727}.Release|x64.Build.0 = Release|Any CPU
		{62FD0D31-CF0D-42CD-A70A-6973440B5727}.Release|x86.ActiveCfg = Release|Any CPU
		{62FD0D31-CF0D-42CD-A70A-6973440B5727}.Release|x86.Build.0 = Release|Any CPU
		{D5FBE9D8-DFAE-49F0-B9DA-0795B98D887F}.Debug|Any CPU.ActiveCfg = Debug|Any CPU
		{D5FBE9D8-DFAE-49F0-B9DA-0795B98D887F}.Debug|Any CPU.Build.0 = Debug|Any CPU
		{D5FBE9D8-DFAE-49F0-B9DA-0795B98D887F}.Debug|Mixed Platforms.ActiveCfg = Debug|Any CPU
		{D5FBE9D8-DFAE-49F0-B9DA-0795B98D887F}.Debug|Mixed Platforms.Build.0 = Debug|Any CPU
		{D5FBE9D8-DFAE-49F0-B9DA-0795B98D887F}.Debug|x64.ActiveCfg = Debug|Any CPU
		{D5FBE9D8-DFAE-49F0-B9DA-0795B98D887F}.Debug|x64.Build.0 = Debug|Any CPU
		{D5FBE9D8-DFAE-49F0-B9DA-0795B98D887F}.Debug|x86.ActiveCfg = Debug|Any CPU
		{D5FBE9D8-DFAE-49F0-B9DA-0795B98D887F}.Debug|x86.Build.0 = Debug|Any CPU
		{D5FBE9D8-DFAE-49F0-B9DA-0795B98D887F}.Release|Any CPU.ActiveCfg = Release|Any CPU
		{D5FBE9D8-DFAE-49F0-B9DA-0795B98D887F}.Release|Any CPU.Build.0 = Release|Any CPU
		{D5FBE9D8-DFAE-49F0-B9DA-0795B98D887F}.Release|Mixed Platforms.ActiveCfg = Release|Any CPU
		{D5FBE9D8-DFAE-49F0-B9DA-0795B98D887F}.Release|Mixed Platforms.Build.0 = Release|Any CPU
		{D5FBE9D8-DFAE-49F0-B9DA-0795B98D887F}.Release|x64.ActiveCfg = Release|Any CPU
		{D5FBE9D8-DFAE-49F0-B9DA-0795B98D887F}.Release|x64.Build.0 = Release|Any CPU
		{D5FBE9D8-DFAE-49F0-B9DA-0795B98D887F}.Release|x86.ActiveCfg = Release|Any CPU
		{D5FBE9D8-DFAE-49F0-B9DA-0795B98D887F}.Release|x86.Build.0 = Release|Any CPU
		{FF58E175-73B1-41D2-816B-3B648B2CAFB3}.Debug|Any CPU.ActiveCfg = Debug|Any CPU
		{FF58E175-73B1-41D2-816B-3B648B2CAFB3}.Debug|Mixed Platforms.ActiveCfg = Debug|Any CPU
		{FF58E175-73B1-41D2-816B-3B648B2CAFB3}.Debug|Mixed Platforms.Build.0 = Debug|Any CPU
		{FF58E175-73B1-41D2-816B-3B648B2CAFB3}.Debug|x64.ActiveCfg = Debug|Any CPU
		{FF58E175-73B1-41D2-816B-3B648B2CAFB3}.Debug|x64.Build.0 = Debug|Any CPU
		{FF58E175-73B1-41D2-816B-3B648B2CAFB3}.Debug|x86.ActiveCfg = Debug|Any CPU
		{FF58E175-73B1-41D2-816B-3B648B2CAFB3}.Debug|x86.Build.0 = Debug|Any CPU
		{FF58E175-73B1-41D2-816B-3B648B2CAFB3}.Release|Any CPU.ActiveCfg = Release|Any CPU
		{FF58E175-73B1-41D2-816B-3B648B2CAFB3}.Release|Any CPU.Build.0 = Release|Any CPU
		{FF58E175-73B1-41D2-816B-3B648B2CAFB3}.Release|Mixed Platforms.ActiveCfg = Release|Any CPU
		{FF58E175-73B1-41D2-816B-3B648B2CAFB3}.Release|Mixed Platforms.Build.0 = Release|Any CPU
		{FF58E175-73B1-41D2-816B-3B648B2CAFB3}.Release|x64.ActiveCfg = Release|Any CPU
		{FF58E175-73B1-41D2-816B-3B648B2CAFB3}.Release|x64.Build.0 = Release|Any CPU
		{FF58E175-73B1-41D2-816B-3B648B2CAFB3}.Release|x86.ActiveCfg = Release|Any CPU
		{FF58E175-73B1-41D2-816B-3B648B2CAFB3}.Release|x86.Build.0 = Release|Any CPU
		{3BB34EA7-38A7-4F6D-AA49-29EB577C944A}.Debug|Any CPU.ActiveCfg = Debug|x86
		{3BB34EA7-38A7-4F6D-AA49-29EB577C944A}.Debug|Mixed Platforms.ActiveCfg = Debug|x86
		{3BB34EA7-38A7-4F6D-AA49-29EB577C944A}.Debug|Mixed Platforms.Build.0 = Debug|x86
		{3BB34EA7-38A7-4F6D-AA49-29EB577C944A}.Debug|x64.ActiveCfg = Debug|x86
		{3BB34EA7-38A7-4F6D-AA49-29EB577C944A}.Debug|x86.ActiveCfg = Debug|x86
		{3BB34EA7-38A7-4F6D-AA49-29EB577C944A}.Debug|x86.Build.0 = Debug|x86
		{3BB34EA7-38A7-4F6D-AA49-29EB577C944A}.Release|Any CPU.ActiveCfg = Release|x86
		{3BB34EA7-38A7-4F6D-AA49-29EB577C944A}.Release|Mixed Platforms.ActiveCfg = Release|x86
		{3BB34EA7-38A7-4F6D-AA49-29EB577C944A}.Release|Mixed Platforms.Build.0 = Release|x86
		{3BB34EA7-38A7-4F6D-AA49-29EB577C944A}.Release|x64.ActiveCfg = Release|x86
		{3BB34EA7-38A7-4F6D-AA49-29EB577C944A}.Release|x86.ActiveCfg = Release|x86
		{3BB34EA7-38A7-4F6D-AA49-29EB577C944A}.Release|x86.Build.0 = Release|x86
	EndGlobalSection
	GlobalSection(SolutionProperties) = preSolution
		HideSolutionNode = FALSE
	EndGlobalSection
	GlobalSection(NestedProjects) = preSolution
		{CAD56B75-481B-4C76-B090-4BC2FF5E5681} = {C6DE47A1-1707-4139-9638-37CA983F3086}
		{1505A6E5-E6F9-4408-A5C8-968417081CBD} = {984497B5-C76B-49C3-9C6D-00E25252DD93}
		{5035348F-344F-4822-823E-6CB4D79D80D7} = {C6DE47A1-1707-4139-9638-37CA983F3086}
		{E335B93B-F816-44E9-B4BB-612FF1673637} = {6A9F4A88-DE9C-4EAB-9659-197FF7DFF6AD}
		{7FF9B713-8D36-4887-BF50-2B9E2B28808D} = {C6DE47A1-1707-4139-9638-37CA983F3086}
		{75769E19-2CCC-4DF0-88D9-CBAC14BB6329} = {78A832C5-F1BB-4A1F-95FD-6531DDA2E9EE}
		{097F2A4C-A34D-43E1-A5BF-58D12D80E11F} = {6A9F4A88-DE9C-4EAB-9659-197FF7DFF6AD}
		{C5AAB10A-8D08-419F-9D5C-2FC78FEF8B53} = {6A9F4A88-DE9C-4EAB-9659-197FF7DFF6AD}
		{B172BE6D-5CAC-42D8-8895-D471D6EBDAC7} = {6A9F4A88-DE9C-4EAB-9659-197FF7DFF6AD}
		{4D787657-5659-4030-BF48-07BAEC76DB93} = {6A9F4A88-DE9C-4EAB-9659-197FF7DFF6AD}
		{F8A01FFA-5FA2-4ED7-8E70-9CBCFE054438} = {36E4D3C5-28FD-46B9-8763-C3316F67C6BE}
		{C64F4270-EEEC-4105-B560-E8A881520FC9} = {296B926C-1126-4701-B67D-F3AC821D2BF0}
		{FFA99466-EAE9-4638-8904-6EA1E6B92F01} = {296B926C-1126-4701-B67D-F3AC821D2BF0}
		{24C02CF5-35B1-42C8-AD9F-39A248068D98} = {36E4D3C5-28FD-46B9-8763-C3316F67C6BE}
		{129E36B8-F098-4721-97CF-B8D6A78C07F1} = {36E4D3C5-28FD-46B9-8763-C3316F67C6BE}
		{62FD0D31-CF0D-42CD-A70A-6973440B5727} = {36E4D3C5-28FD-46B9-8763-C3316F67C6BE}
		{D5FBE9D8-DFAE-49F0-B9DA-0795B98D887F} = {36E4D3C5-28FD-46B9-8763-C3316F67C6BE}
		{3BB34EA7-38A7-4F6D-AA49-29EB577C944A} = {7C541C76-20F1-40D8-A683-29062638D9B9}
	EndGlobalSection
	GlobalSection(ExtensibilityGlobals) = postSolution
		RESX_ConfirmAddLanguageFile = False
		SolutionGuid = {A8385DDB-1893-4CF8-83DF-F57C7AB7069B}
		RESX_AutoCreateNewLanguageFiles = True
		RESX_PrefixTranslations = False
	EndGlobalSection
EndGlobal
