
Microsoft Visual Studio Solution File, Format Version 12.00
# Visual Studio Version 16
VisualStudioVersion = 16.0.29102.190
MinimumVisualStudioVersion = 10.0.40219.1
Project("{2150E333-8FDC-42A3-9474-1A3956D46DE8}") = "GUI controls", "GUI controls", "{C6DE47A1-1707-4139-9638-37CA983F3086}"
EndProject
Project("{2150E333-8FDC-42A3-9474-1A3956D46DE8}") = "Test projects", "Test projects", "{36E4D3C5-28FD-46B9-8763-C3316F67C6BE}"
EndProject
Project("{FAE04EC0-301F-11D3-BF4B-00C04F79EFBC}") = "treeDiM.StackBuilder.Engine", "TreeDim.StackBuilder.Engine\treeDiM.StackBuilder.Engine.csproj", "{2E646606-052D-4063-9218-1379430B070E}"
EndProject
Project("{FAE04EC0-301F-11D3-BF4B-00C04F79EFBC}") = "treeDiM.StackBuilder.Graphics", "TreeDim.StackBuilder.Graphic\treeDiM.StackBuilder.Graphics.csproj", "{2AD4C04C-5B8A-4E69-9B1C-402CB86860A7}"
EndProject
Project("{FAE04EC0-301F-11D3-BF4B-00C04F79EFBC}") = "treeDiM.StackBuilder.Desktop", "TreeDim.StackBuilder.Desktop\treeDiM.StackBuilder.Desktop.csproj", "{A8A2C6D7-58CF-4DA2-A754-C9686173B5EE}"
	ProjectSection(ProjectDependencies) = postProject
		{1505A6E5-E6F9-4408-A5C8-968417081CBD} = {1505A6E5-E6F9-4408-A5C8-968417081CBD}
	EndProjectSection
EndProject
Project("{FAE04EC0-301F-11D3-BF4B-00C04F79EFBC}") = "treeDiM.StackBuilder.Basics", "TreeDim.StackBuilder.Basics\treeDiM.StackBuilder.Basics.csproj", "{444C01D0-53FD-49A1-9D55-267B49161357}"
EndProject
Project("{FAE04EC0-301F-11D3-BF4B-00C04F79EFBC}") = "OfficePickers", "OfficePickers\OfficePickers.csproj", "{CAD56B75-481B-4C76-B090-4BC2FF5E5681}"
EndProject
Project("{FAE04EC0-301F-11D3-BF4B-00C04F79EFBC}") = "treeDiM.EdgeCrushTest", "TreeDim.EdgeCrushTest\treeDiM.EdgeCrushTest.csproj", "{E4240EE0-60B3-4435-BD09-F81D56C0899A}"
EndProject
Project("{2150E333-8FDC-42A3-9474-1A3956D46DE8}") = "Reporting", "Reporting", "{984497B5-C76B-49C3-9C6D-00E25252DD93}"
EndProject
Project("{FAE04EC0-301F-11D3-BF4B-00C04F79EFBC}") = "treeDiM.StackBuilder.Reporting", "TreeDim.StackBuilder.Reporting\treeDiM.StackBuilder.Reporting.csproj", "{1505A6E5-E6F9-4408-A5C8-968417081CBD}"
EndProject
Project("{FAE04EC0-301F-11D3-BF4B-00C04F79EFBC}") = "OptionsLib", "OptionsLib\OptionsLib.csproj", "{5035348F-344F-4822-823E-6CB4D79D80D7}"
EndProject
Project("{FAE04EC0-301F-11D3-BF4B-00C04F79EFBC}") = "treeDiM.StackBuilder.GUIExtension", "TreeDim.StackBuilder.GUIExtension\treeDiM.StackBuilder.GUIExtension.csproj", "{E335B93B-F816-44E9-B4BB-612FF1673637}"
EndProject
Project("{2150E333-8FDC-42A3-9474-1A3956D46DE8}") = "Plugins", "Plugins", "{78A832C5-F1BB-4A1F-95FD-6531DDA2E9EE}"
EndProject
Project("{FAE04EC0-301F-11D3-BF4B-00C04F79EFBC}") = "treeDiM.StackBuilder.Plugin", "treeDiM.StackBuilder.Plugin\treeDiM.StackBuilder.Plugin.csproj", "{75769E19-2CCC-4DF0-88D9-CBAC14BB6329}"
EndProject
Project("{FAE04EC0-301F-11D3-BF4B-00C04F79EFBC}") = "treeDiM.StackBuilder.ExcelReader", "treeDiM.StackBuilder.ExcelReader\treeDiM.StackBuilder.ExcelReader.csproj", "{E9B15DC7-07A3-4398-AE3F-2ED6B1F5C0A6}"
EndProject
Project("{2150E333-8FDC-42A3-9474-1A3956D46DE8}") = "Custom projects", "Custom projects", "{6A9F4A88-DE9C-4EAB-9659-197FF7DFF6AD}"
EndProject
Project("{FAE04EC0-301F-11D3-BF4B-00C04F79EFBC}") = "treeDiM.StackBuilder.ABYATExcelLoader", "CustomProjects\treeDiM.StackBuilder.ABYATExcelLoader\treeDiM.StackBuilder.ABYATExcelLoader.csproj", "{097F2A4C-A34D-43E1-A5BF-58D12D80E11F}"
EndProject
Project("{FAE04EC0-301F-11D3-BF4B-00C04F79EFBC}") = "treeDiM.StackBuilder.Plugin_INTEX", "CustomProjects\treeDiM.StackBuilder.Plugin_INTEX\treeDiM.StackBuilder.Plugin_INTEX.csproj", "{C5AAB10A-8D08-419F-9D5C-2FC78FEF8B53}"
EndProject
Project("{FAE04EC0-301F-11D3-BF4B-00C04F79EFBC}") = "treeDiM.StackBuilder.ExcelAddIn", "CustomProjects\treeDiM.StackBuilder.ExcelAddIn\treeDiM.StackBuilder.ExcelAddIn.csproj", "{B172BE6D-5CAC-42D8-8895-D471D6EBDAC7}"
EndProject
Project("{FAE04EC0-301F-11D3-BF4B-00C04F79EFBC}") = "treeDiM.StackBuilder.ExcelListEvaluator", "CustomProjects\treeDiM.StackBuilder.ExcelListEvaluator\treeDiM.StackBuilder.ExcelListEvaluator.csproj", "{4D787657-5659-4030-BF48-07BAEC76DB93}"
EndProject
Project("{C7167F0D-BC9F-4E6E-AFE1-012C56B48DB5}") = "treeDiM.StackBuilder.WAP", "treeDiM.StackBuilder.WAP\treeDiM.StackBuilder.WAP.wapproj", "{B31247C0-6E95-4626-9854-38E9D049EED4}"
EndProject
Project("{FAE04EC0-301F-11D3-BF4B-00C04F79EFBC}") = "treeDiM.StackBuilder.Exporters", "treeDiM.StackBuilder.Exporters\treeDiM.StackBuilder.Exporters.csproj", "{CAD1DC6A-B121-4605-BEF3-B38DAE821401}"
EndProject
Project("{2150E333-8FDC-42A3-9474-1A3956D46DE8}") = "WCF service", "WCF service", "{296B926C-1126-4701-B67D-F3AC821D2BF0}"
EndProject
Project("{FAE04EC0-301F-11D3-BF4B-00C04F79EFBC}") = "treeDiM.StackBuilder.WCFService.Test", "Test\treeDiM.StackBuilder.WCFService.Test\treeDiM.StackBuilder.WCFService.Test.csproj", "{F8A01FFA-5FA2-4ED7-8E70-9CBCFE054438}"
EndProject
Project("{CC5FD16D-436D-48AD-A40C-5A424C6E3E79}") = "treeDiM.StackBuilder.CloudAppService", "treeDiM.StackBuilder.CloudAppService\treeDiM.StackBuilder.CloudAppService.ccproj", "{C64F4270-EEEC-4105-B560-E8A881520FC9}"
EndProject
Project("{FAE04EC0-301F-11D3-BF4B-00C04F79EFBC}") = "treeDiM.StackBuilder.WCFAppServ", "treeDiM.StackBuilder.WCFAppServ\treeDiM.StackBuilder.WCFAppServ.csproj", "{FFA99466-EAE9-4638-8904-6EA1E6B92F01}"
EndProject
Project("{FAE04EC0-301F-11D3-BF4B-00C04F79EFBC}") = "Sharp3D.Boxologic", "Sharp3D.Boxologic\Sharp3D.Boxologic.csproj", "{3B7A1F44-6B16-4559-ACF8-578B5AE88689}"
EndProject
Project("{FAE04EC0-301F-11D3-BF4B-00C04F79EFBC}") = "Sharp3D.Boxologic.Test", "Test\Sharp3D.Boxologic.Test\Sharp3D.Boxologic.Test.csproj", "{24C02CF5-35B1-42C8-AD9F-39A248068D98}"
EndProject
Project("{8BC9CEB8-8B4A-11D0-8D11-00A0C91BC942}") = "Boxologic", "Boxologic\Boxologic.vcxproj", "{129E36B8-F098-4721-97CF-B8D6A78C07F1}"
EndProject
Project("{FAE04EC0-301F-11D3-BF4B-00C04F79EFBC}") = "treeDiM.StackBuilder.Graphics.TestBSPTree", "Test\treeDiM.StackBuilder.Graphics.TestBSPTree\treeDiM.StackBuilder.Graphics.TestBSPTree.csproj", "{62FD0D31-CF0D-42CD-A70A-6973440B5727}"
EndProject
Project("{FAE04EC0-301F-11D3-BF4B-00C04F79EFBC}") = "treeDiM.StackBuilder.Graphics.Test", "Test\TreeDim.StackBuilder.Graphics.Test\treeDiM.StackBuilder.Graphics.Test.csproj", "{D5FBE9D8-DFAE-49F0-B9DA-0795B98D887F}"
EndProject
Project("{2150E333-8FDC-42A3-9474-1A3956D46DE8}") = "WIX", "WIX", "{7C541C76-20F1-40D8-A683-29062638D9B9}"
EndProject
Project("{930C7802-8A8C-48F9-8165-68863BCCD9DD}") = "treeDiM.StackBuilder.DesktopMSM", "WIX\treeDiM.StackBuilder.DesktopMSM\treeDiM.StackBuilder.DesktopMSM.wixproj", "{5502B75F-9BD3-4E3D-A478-CD391C5BFB45}"
EndProject
Project("{930C7802-8A8C-48F9-8165-68863BCCD9DD}") = "treeDiM.StackBuilder.DesktopMSI", "WIX\treeDiM.StackBuilder.DesktopMSI\treeDiM.StackBuilder.DesktopMSI.wixproj", "{302DFA4A-A31C-4DD1-A656-5CF64B1F2A1C}"
	ProjectSection(ProjectDependencies) = postProject
		{5502B75F-9BD3-4E3D-A478-CD391C5BFB45} = {5502B75F-9BD3-4E3D-A478-CD391C5BFB45}
	EndProjectSection
EndProject
Project("{930C7802-8A8C-48F9-8165-68863BCCD9DD}") = "treeDiM.StackBuilder.WCFServiceInstaller", "WIX\treeDiM.StackBuilder.WCFServiceInstaller\treeDiM.StackBuilder.WCFServiceInstaller.wixproj", "{3BB34EA7-38A7-4F6D-AA49-29EB577C944A}"
EndProject
Project("{FAE04EC0-301F-11D3-BF4B-00C04F79EFBC}") = "treeDiM.StackBuilder.XMLFileDB", "treeDiM.StackBuilder.XMLFileDB\treeDiM.StackBuilder.XMLFileDB.csproj", "{3231882F-18E4-4B20-863D-5367A819D0E3}"
EndProject
Project("{930C7802-8A8C-48F9-8165-68863BCCD9DD}") = "GUIExtensionMSM", "WIX\GUIExtensionMSM\GUIExtensionMSM.wixproj", "{310583E5-EE29-419D-860B-C0E31B767987}"
EndProject
Project("{930C7802-8A8C-48F9-8165-68863BCCD9DD}") = "treeDiM.StackBuilder.DesktopBootstrapper", "WIX\treeDiM.StackBuilder.DesktopBootstrapper\treeDiM.StackBuilder.DesktopBootstrapper.wixproj", "{17862F64-872C-4983-BB26-AF1D09542B04}"
EndProject
Project("{FAE04EC0-301F-11D3-BF4B-00C04F79EFBC}") = "treeDiM.Basics", "treeDiM.Basics\treeDiM.Basics.csproj", "{646EE507-E57D-43A7-93F3-365A687AEC4B}"
EndProject
Project("{FAE04EC0-301F-11D3-BF4B-00C04F79EFBC}") = "treeDiM.StackBuilder.GUIExtension.Test", "Test\TreeDim.StackBuilder.GUIExtension.Test\treeDiM.StackBuilder.GUIExtension.Test.csproj", "{8E3FC372-5F2A-4885-9667-83B41A325E4B}"
EndProject
Project("{FAE04EC0-301F-11D3-BF4B-00C04F79EFBC}") = "treeDiM.ThreadCallback", "treeDiM.ThreadCallback\treeDiM.ThreadCallback.csproj", "{D61900FB-FBF1-4075-BEF4-6B828A840050}"
EndProject
Project("{FAE04EC0-301F-11D3-BF4B-00C04F79EFBC}") = "treeDiM.UserControls", "treeDiM.UserControls\treeDiM.UserControls.csproj", "{D75634E3-34AA-4418-A6B6-3647BFF90606}"
EndProject
Project("{FAE04EC0-301F-11D3-BF4B-00C04F79EFBC}") = "treeDiM.StackBuilder.ExcelExporter", "treeDiM.StackBuilder.ExcelExporter\treeDiM.StackBuilder.ExcelExporter.csproj", "{44B54D61-823C-423B-83D5-FB138A321544}"
EndProject
Project("{FAE04EC0-301F-11D3-BF4B-00C04F79EFBC}") = "treeDiM.EdgeCrushTest.Desktop", "treeDiM.EdgeCrushTest.Desktop\treeDiM.EdgeCrushTest.Desktop.csproj", "{AB86D901-AFF1-4991-B9B6-F2A94EC33570}"
EndProject
Project("{930C7802-8A8C-48F9-8165-68863BCCD9DD}") = "treeDiM.EdgeCrushTest.DesktopMSM", "WIX\treeDiM.EdgeCrushTest.DesktopMSM\treeDiM.EdgeCrushTest.DesktopMSM.wixproj", "{DA5A36AC-8506-4BB4-A71C-FEA1B65C9B2C}"
EndProject
Project("{930C7802-8A8C-48F9-8165-68863BCCD9DD}") = "treeDiM.EdgeCrushTest.DesktopMSI", "WIX\treeDiM.EdgeCrushTest.DesktopMSI\treeDiM.EdgeCrushTest.DesktopMSI.wixproj", "{02758EA0-6F31-4E49-A254-2F16031ADC21}"
EndProject
Project("{2150E333-8FDC-42A3-9474-1A3956D46DE8}") = "EdgeCrushTest", "EdgeCrushTest", "{7F1D7A2B-089E-4FE7-B8AE-77B710022CB0}"
EndProject
Project("{FAE04EC0-301F-11D3-BF4B-00C04F79EFBC}") = "treeDiM.StackBuilder.Graphics.TestLayerEditor", "Test\treeDiM.StackBuilder.Graphics.TestLayerEditor\treeDiM.StackBuilder.Graphics.TestLayerEditor.csproj", "{5510ED08-EF88-498B-99F5-7D77EDBFC6A5}"
EndProject
Project("{2150E333-8FDC-42A3-9474-1A3956D46DE8}") = "Documentation", "Documentation", "{B6AB0804-5D66-40F6-A467-609E45269AAB}"
	ProjectSection(SolutionItems) = preProject
		Documentation\FindBestCase.htm = Documentation\FindBestCase.htm
	EndProjectSection
EndProject
Project("{FAE04EC0-301F-11D3-BF4B-00C04F79EFBC}") = "treeDiM.StackBuilder.SampleCasePalletProj", "CustomProjects\treeDiM.StackBuilder.SampleCasePalletProj\treeDiM.StackBuilder.SampleCasePalletProj.csproj", "{2F78AE05-6F3E-492E-B4D5-B3C00725F059}"
EndProject
Project("{930C7802-8A8C-48F9-8165-68863BCCD9DD}") = "treeDiM.StackBuilder.TechnologyBSA", "WIX\treeDiM.StackBuilder.TechnologyBSA\treeDiM.StackBuilder.TechnologyBSA.wixproj", "{1D796399-2028-4128-AC97-6598B5C38EE9}"
EndProject
Project("{E24C65DC-7377-472B-9ABA-BC803B73C61A}") = "treeDiM.StackBuilder.TechnologyBSA_ASPNET", "CustomProjects\treeDiM.StackBuilder.TechnologyBSA_ASPNET\", "{22673792-BB1D-4A7D-A121-FFCA0E3F1C19}"
	ProjectSection(WebsiteProperties) = preProject
		TargetFrameworkMoniker = ".NETFramework,Version%3Dv4.8"
		ProjectReferences = "{2ad4c04c-5b8a-4e69-9b1c-402cb86860a7}|treeDiM.StackBuilder.Graphics.dll;{646EE507-E57D-43A7-93F3-365A687AEC4B}|treeDiM.Basics.dll;{444C01D0-53FD-49A1-9D55-267B49161357}|treeDiM.StackBuilder.Basics.dll;{CAD56B75-481B-4C76-B090-4BC2FF5E5681}|OfficePickers.dll;{2e646606-052d-4063-9218-1379430b070e}|treeDiM.StackBuilder.Engine.dll;{3B7A1F44-6B16-4559-ACF8-578B5AE88689}|Sharp3D.Boxologic.dll;{cad1dc6a-b121-4605-bef3-b38dae821401}|treeDiM.StackBuilder.Exporters.dll;"
		Debug.AspNetCompiler.VirtualPath = "/localhost_58681"
		Debug.AspNetCompiler.PhysicalPath = "CustomProjects\treeDiM.StackBuilder.TechnologyBSA_ASPNET\"
		Debug.AspNetCompiler.TargetPath = "PrecompiledWeb\localhost_58681\"
		Debug.AspNetCompiler.Updateable = "true"
		Debug.AspNetCompiler.ForceOverwrite = "true"
		Debug.AspNetCompiler.FixedNames = "false"
		Debug.AspNetCompiler.Debug = "True"
		Release.AspNetCompiler.VirtualPath = "/localhost_58681"
		Release.AspNetCompiler.PhysicalPath = "CustomProjects\treeDiM.StackBuilder.TechnologyBSA_ASPNET\"
		Release.AspNetCompiler.TargetPath = "PrecompiledWeb\localhost_58681\"
		Release.AspNetCompiler.Updateable = "true"
		Release.AspNetCompiler.ForceOverwrite = "true"
		Release.AspNetCompiler.FixedNames = "false"
		Release.AspNetCompiler.Debug = "False"
		VWDPort = "58681"
		SlnRelativePath = "CustomProjects\treeDiM.StackBuilder.TechnologyBSA_ASPNET\"
		DefaultWebSiteLanguage = "Visual C#"
	EndProjectSection
EndProject
Project("{FAE04EC0-301F-11D3-BF4B-00C04F79EFBC}") = "treeDiM.StackBuilder.FTPExport.Test", "Test\treeDiM.StackBuilder.FTPExport.Test\treeDiM.StackBuilder.FTPExport.Test.csproj", "{D26140E4-82E6-47FB-9F3C-180661867FDF}"
EndProject
Project("{FAE04EC0-301F-11D3-BF4B-00C04F79EFBC}") = "treeDiM.StackBuilder.ImportBSA.Test", "Test\treeDiM.StackBuilder.ImportBSA.Test\treeDiM.StackBuilder.ImportBSA.Test.csproj", "{9C04F265-B58B-4179-A1EE-20BA4C9A4EC9}"
EndProject
Project("{FAE04EC0-301F-11D3-BF4B-00C04F79EFBC}") = "treeDiM.StackBuilder.Basics.Intersection.Test", "Test\treeDiM.StackBuilder.Basics.Intersection.Test\treeDiM.StackBuilder.Basics.Intersection.Test.csproj", "{FBDBEACF-3409-4C0F-B092-40825DE0A488}"
EndProject
Project("{FAE04EC0-301F-11D3-BF4B-00C04F79EFBC}") = "treeDiM.StackBuilder.ExportGLTF.Test", "Test\treeDiM.StackBuilder.ExportGLTF.Test\treeDiM.StackBuilder.ExportGLTF.Test.csproj", "{C4AA42EA-8CC4-444F-8386-04C7FEF696F5}"
EndProject
Project("{FAE04EC0-301F-11D3-BF4B-00C04F79EFBC}") = "treeDiM.StackBuilder.Engine.TestChunkSolver", "treeDiM.StackBuilder.Engine.TestChunkSolver\treeDiM.StackBuilder.Engine.TestChunkSolver.csproj", "{43C9CF3A-070F-462A-9B6A-1E2BC1D47EB0}"
EndProject
Project("{930C7802-8A8C-48F9-8165-68863BCCD9DD}") = "treeDiM.StackBuilder.WCFService.Test_MSI", "WIX\treeDiM.StackBuilder.WCFService.Test_MSI\treeDiM.StackBuilder.WCFService.Test_MSI.wixproj", "{4CD1F740-17DC-48C8-A320-31729D128DEB}"
EndProject
Project("{FAE04EC0-301F-11D3-BF4B-00C04F79EFBC}") = "treeDiM.StackBuilder.Engine.TestTruckLoading", "Test\treeDiM.StackBuilder.Engine.TestTruckLoading\treeDiM.StackBuilder.Engine.TestTruckLoading.csproj", "{47BAF1D9-7CBE-4965-BA0A-3F7A5B6295CD}"
EndProject
Project("{930C7802-8A8C-48F9-8165-68863BCCD9DD}") = "TechnologyBSA.ALCE.DesktopMSI", "WIX\TechnologyBSA.ALCE.DesktopMSI\TechnologyBSA.ALCE.DesktopMSI.wixproj", "{F025A776-08FB-487B-BD29-C5FBF75C1DBC}"
EndProject
Project("{FAE04EC0-301F-11D3-BF4B-00C04F79EFBC}") = "TechnologyBSA.ALCE.Desktop", "TechnologyBSA.ALCE.Desktop\TechnologyBSA.ALCE.Desktop.csproj", "{A9B5A1C3-BDAB-4677-B700-46761A5FCFE5}"
EndProject
Project("{E24C65DC-7377-472B-9ABA-BC803B73C61A}") = "treeDiM.StackBuilder.LayerCanvas", "treeDiM.StackBuilder.LayerCanvas\", "{EB6F5634-453E-4FF3-B138-D90F1D2BFB52}"
	ProjectSection(WebsiteProperties) = preProject
		TargetFrameworkMoniker = ".NETFramework,Version%3Dv4.8"
		Debug.AspNetCompiler.VirtualPath = "/localhost_57660"
		Debug.AspNetCompiler.PhysicalPath = "treeDiM.StackBuilder.LayerCanvas\"
		Debug.AspNetCompiler.TargetPath = "PrecompiledWeb\localhost_57660\"
		Debug.AspNetCompiler.Updateable = "true"
		Debug.AspNetCompiler.ForceOverwrite = "true"
		Debug.AspNetCompiler.FixedNames = "false"
		Debug.AspNetCompiler.Debug = "True"
		Release.AspNetCompiler.VirtualPath = "/localhost_57660"
		Release.AspNetCompiler.PhysicalPath = "treeDiM.StackBuilder.LayerCanvas\"
		Release.AspNetCompiler.TargetPath = "PrecompiledWeb\localhost_57660\"
		Release.AspNetCompiler.Updateable = "true"
		Release.AspNetCompiler.ForceOverwrite = "true"
		Release.AspNetCompiler.FixedNames = "false"
		Release.AspNetCompiler.Debug = "False"
		VWDPort = "57660"
		SlnRelativePath = "treeDiM.StackBuilder.LayerCanvas\"
		DefaultWebSiteLanguage = "Visual C#"
	EndProjectSection
EndProject
Project("{FAE04EC0-301F-11D3-BF4B-00C04F79EFBC}") = "treeDiM.StackBuilder.Engine.Heterogeneous2D", "treeDiM.StackBuilder.Engine.Heterogeneous2D\treeDiM.StackBuilder.Engine.Heterogeneous2D.csproj", "{06822186-4223-45DD-8C0B-1BEEFBAF063E}"
EndProject
Project("{FAE04EC0-301F-11D3-BF4B-00C04F79EFBC}") = "treeDiM.StackBuilder.Engine.Heterogeneous2D.Test", "Test\treeDiM.StackBuilder.Engine.Heterogeneous2D.Test\treeDiM.StackBuilder.Engine.Heterogeneous2D.Test.csproj", "{57B1ECA3-25B6-4673-AB04-882F4997206D}"
EndProject
Global
	GlobalSection(SolutionConfigurationPlatforms) = preSolution
		Debug|Any CPU = Debug|Any CPU
		Debug|Mixed Platforms = Debug|Mixed Platforms
		Debug|x64 = Debug|x64
		Debug|x86 = Debug|x86
		Release|Any CPU = Release|Any CPU
		Release|Mixed Platforms = Release|Mixed Platforms
		Release|x64 = Release|x64
		Release|x86 = Release|x86
	EndGlobalSection
	GlobalSection(ProjectConfigurationPlatforms) = postSolution
		{2E646606-052D-4063-9218-1379430B070E}.Debug|Any CPU.ActiveCfg = Debug|Any CPU
		{2E646606-052D-4063-9218-1379430B070E}.Debug|Any CPU.Build.0 = Debug|Any CPU
		{2E646606-052D-4063-9218-1379430B070E}.Debug|Mixed Platforms.ActiveCfg = Debug|Any CPU
		{2E646606-052D-4063-9218-1379430B070E}.Debug|Mixed Platforms.Build.0 = Debug|Any CPU
		{2E646606-052D-4063-9218-1379430B070E}.Debug|x64.ActiveCfg = Debug|Any CPU
		{2E646606-052D-4063-9218-1379430B070E}.Debug|x64.Build.0 = Debug|Any CPU
		{2E646606-052D-4063-9218-1379430B070E}.Debug|x86.ActiveCfg = Debug|Any CPU
		{2E646606-052D-4063-9218-1379430B070E}.Release|Any CPU.ActiveCfg = Release|Any CPU
		{2E646606-052D-4063-9218-1379430B070E}.Release|Any CPU.Build.0 = Release|Any CPU
		{2E646606-052D-4063-9218-1379430B070E}.Release|Mixed Platforms.ActiveCfg = Release|Any CPU
		{2E646606-052D-4063-9218-1379430B070E}.Release|Mixed Platforms.Build.0 = Release|Any CPU
		{2E646606-052D-4063-9218-1379430B070E}.Release|x64.ActiveCfg = Release|Any CPU
		{2E646606-052D-4063-9218-1379430B070E}.Release|x64.Build.0 = Release|Any CPU
		{2E646606-052D-4063-9218-1379430B070E}.Release|x86.ActiveCfg = Release|Any CPU
		{2E646606-052D-4063-9218-1379430B070E}.Release|x86.Build.0 = Release|Any CPU
		{2AD4C04C-5B8A-4E69-9B1C-402CB86860A7}.Debug|Any CPU.ActiveCfg = Debug|Any CPU
		{2AD4C04C-5B8A-4E69-9B1C-402CB86860A7}.Debug|Any CPU.Build.0 = Debug|Any CPU
		{2AD4C04C-5B8A-4E69-9B1C-402CB86860A7}.Debug|Mixed Platforms.ActiveCfg = Debug|Any CPU
		{2AD4C04C-5B8A-4E69-9B1C-402CB86860A7}.Debug|Mixed Platforms.Build.0 = Debug|Any CPU
		{2AD4C04C-5B8A-4E69-9B1C-402CB86860A7}.Debug|x64.ActiveCfg = Debug|Any CPU
		{2AD4C04C-5B8A-4E69-9B1C-402CB86860A7}.Debug|x64.Build.0 = Debug|Any CPU
		{2AD4C04C-5B8A-4E69-9B1C-402CB86860A7}.Debug|x86.ActiveCfg = Debug|Any CPU
		{2AD4C04C-5B8A-4E69-9B1C-402CB86860A7}.Release|Any CPU.ActiveCfg = Release|Any CPU
		{2AD4C04C-5B8A-4E69-9B1C-402CB86860A7}.Release|Any CPU.Build.0 = Release|Any CPU
		{2AD4C04C-5B8A-4E69-9B1C-402CB86860A7}.Release|Mixed Platforms.ActiveCfg = Release|Any CPU
		{2AD4C04C-5B8A-4E69-9B1C-402CB86860A7}.Release|Mixed Platforms.Build.0 = Release|Any CPU
		{2AD4C04C-5B8A-4E69-9B1C-402CB86860A7}.Release|x64.ActiveCfg = Release|Any CPU
		{2AD4C04C-5B8A-4E69-9B1C-402CB86860A7}.Release|x64.Build.0 = Release|Any CPU
		{2AD4C04C-5B8A-4E69-9B1C-402CB86860A7}.Release|x86.ActiveCfg = Release|Any CPU
		{2AD4C04C-5B8A-4E69-9B1C-402CB86860A7}.Release|x86.Build.0 = Release|Any CPU
		{A8A2C6D7-58CF-4DA2-A754-C9686173B5EE}.Debug|Any CPU.ActiveCfg = Debug|Any CPU
		{A8A2C6D7-58CF-4DA2-A754-C9686173B5EE}.Debug|Any CPU.Build.0 = Debug|Any CPU
		{A8A2C6D7-58CF-4DA2-A754-C9686173B5EE}.Debug|Mixed Platforms.ActiveCfg = Debug|Any CPU
		{A8A2C6D7-58CF-4DA2-A754-C9686173B5EE}.Debug|Mixed Platforms.Build.0 = Debug|Any CPU
		{A8A2C6D7-58CF-4DA2-A754-C9686173B5EE}.Debug|x64.ActiveCfg = Debug|Any CPU
		{A8A2C6D7-58CF-4DA2-A754-C9686173B5EE}.Debug|x64.Build.0 = Debug|Any CPU
		{A8A2C6D7-58CF-4DA2-A754-C9686173B5EE}.Debug|x86.ActiveCfg = Debug|Any CPU
		{A8A2C6D7-58CF-4DA2-A754-C9686173B5EE}.Release|Any CPU.ActiveCfg = Release|Any CPU
		{A8A2C6D7-58CF-4DA2-A754-C9686173B5EE}.Release|Any CPU.Build.0 = Release|Any CPU
		{A8A2C6D7-58CF-4DA2-A754-C9686173B5EE}.Release|Mixed Platforms.ActiveCfg = Release|Any CPU
		{A8A2C6D7-58CF-4DA2-A754-C9686173B5EE}.Release|Mixed Platforms.Build.0 = Release|Any CPU
		{A8A2C6D7-58CF-4DA2-A754-C9686173B5EE}.Release|x64.ActiveCfg = Release|x64
		{A8A2C6D7-58CF-4DA2-A754-C9686173B5EE}.Release|x64.Build.0 = Release|x64
		{A8A2C6D7-58CF-4DA2-A754-C9686173B5EE}.Release|x86.ActiveCfg = Release|Any CPU
		{A8A2C6D7-58CF-4DA2-A754-C9686173B5EE}.Release|x86.Build.0 = Release|Any CPU
		{444C01D0-53FD-49A1-9D55-267B49161357}.Debug|Any CPU.ActiveCfg = Debug|Any CPU
		{444C01D0-53FD-49A1-9D55-267B49161357}.Debug|Any CPU.Build.0 = Debug|Any CPU
		{444C01D0-53FD-49A1-9D55-267B49161357}.Debug|Mixed Platforms.ActiveCfg = Debug|Any CPU
		{444C01D0-53FD-49A1-9D55-267B49161357}.Debug|Mixed Platforms.Build.0 = Debug|Any CPU
		{444C01D0-53FD-49A1-9D55-267B49161357}.Debug|x64.ActiveCfg = Debug|Any CPU
		{444C01D0-53FD-49A1-9D55-267B49161357}.Debug|x64.Build.0 = Debug|Any CPU
		{444C01D0-53FD-49A1-9D55-267B49161357}.Debug|x86.ActiveCfg = Debug|Any CPU
		{444C01D0-53FD-49A1-9D55-267B49161357}.Release|Any CPU.ActiveCfg = Release|Any CPU
		{444C01D0-53FD-49A1-9D55-267B49161357}.Release|Any CPU.Build.0 = Release|Any CPU
		{444C01D0-53FD-49A1-9D55-267B49161357}.Release|Mixed Platforms.ActiveCfg = Release|Any CPU
		{444C01D0-53FD-49A1-9D55-267B49161357}.Release|Mixed Platforms.Build.0 = Release|Any CPU
		{444C01D0-53FD-49A1-9D55-267B49161357}.Release|x64.ActiveCfg = Release|Any CPU
		{444C01D0-53FD-49A1-9D55-267B49161357}.Release|x64.Build.0 = Release|Any CPU
		{444C01D0-53FD-49A1-9D55-267B49161357}.Release|x86.ActiveCfg = Release|Any CPU
		{444C01D0-53FD-49A1-9D55-267B49161357}.Release|x86.Build.0 = Release|Any CPU
		{CAD56B75-481B-4C76-B090-4BC2FF5E5681}.Debug|Any CPU.ActiveCfg = Debug|Any CPU
		{CAD56B75-481B-4C76-B090-4BC2FF5E5681}.Debug|Any CPU.Build.0 = Debug|Any CPU
		{CAD56B75-481B-4C76-B090-4BC2FF5E5681}.Debug|Mixed Platforms.ActiveCfg = Debug|Any CPU
		{CAD56B75-481B-4C76-B090-4BC2FF5E5681}.Debug|Mixed Platforms.Build.0 = Debug|Any CPU
		{CAD56B75-481B-4C76-B090-4BC2FF5E5681}.Debug|x64.ActiveCfg = Debug|Any CPU
		{CAD56B75-481B-4C76-B090-4BC2FF5E5681}.Debug|x64.Build.0 = Debug|Any CPU
		{CAD56B75-481B-4C76-B090-4BC2FF5E5681}.Debug|x86.ActiveCfg = Debug|Any CPU
		{CAD56B75-481B-4C76-B090-4BC2FF5E5681}.Release|Any CPU.ActiveCfg = Release|Any CPU
		{CAD56B75-481B-4C76-B090-4BC2FF5E5681}.Release|Any CPU.Build.0 = Release|Any CPU
		{CAD56B75-481B-4C76-B090-4BC2FF5E5681}.Release|Mixed Platforms.ActiveCfg = Release|Any CPU
		{CAD56B75-481B-4C76-B090-4BC2FF5E5681}.Release|Mixed Platforms.Build.0 = Release|Any CPU
		{CAD56B75-481B-4C76-B090-4BC2FF5E5681}.Release|x64.ActiveCfg = Release|Any CPU
		{CAD56B75-481B-4C76-B090-4BC2FF5E5681}.Release|x64.Build.0 = Release|Any CPU
		{CAD56B75-481B-4C76-B090-4BC2FF5E5681}.Release|x86.ActiveCfg = Release|Any CPU
		{CAD56B75-481B-4C76-B090-4BC2FF5E5681}.Release|x86.Build.0 = Release|Any CPU
		{E4240EE0-60B3-4435-BD09-F81D56C0899A}.Debug|Any CPU.ActiveCfg = Debug|Any CPU
		{E4240EE0-60B3-4435-BD09-F81D56C0899A}.Debug|Any CPU.Build.0 = Debug|Any CPU
		{E4240EE0-60B3-4435-BD09-F81D56C0899A}.Debug|Mixed Platforms.ActiveCfg = Debug|Any CPU
		{E4240EE0-60B3-4435-BD09-F81D56C0899A}.Debug|Mixed Platforms.Build.0 = Debug|Any CPU
		{E4240EE0-60B3-4435-BD09-F81D56C0899A}.Debug|x64.ActiveCfg = Debug|Any CPU
		{E4240EE0-60B3-4435-BD09-F81D56C0899A}.Debug|x64.Build.0 = Debug|Any CPU
		{E4240EE0-60B3-4435-BD09-F81D56C0899A}.Debug|x86.ActiveCfg = Debug|Any CPU
		{E4240EE0-60B3-4435-BD09-F81D56C0899A}.Release|Any CPU.ActiveCfg = Release|Any CPU
		{E4240EE0-60B3-4435-BD09-F81D56C0899A}.Release|Any CPU.Build.0 = Release|Any CPU
		{E4240EE0-60B3-4435-BD09-F81D56C0899A}.Release|Mixed Platforms.ActiveCfg = Release|Any CPU
		{E4240EE0-60B3-4435-BD09-F81D56C0899A}.Release|Mixed Platforms.Build.0 = Release|Any CPU
		{E4240EE0-60B3-4435-BD09-F81D56C0899A}.Release|x64.ActiveCfg = Release|Any CPU
		{E4240EE0-60B3-4435-BD09-F81D56C0899A}.Release|x64.Build.0 = Release|Any CPU
		{E4240EE0-60B3-4435-BD09-F81D56C0899A}.Release|x86.ActiveCfg = Release|Any CPU
		{E4240EE0-60B3-4435-BD09-F81D56C0899A}.Release|x86.Build.0 = Release|Any CPU
		{1505A6E5-E6F9-4408-A5C8-968417081CBD}.Debug|Any CPU.ActiveCfg = Debug|Any CPU
		{1505A6E5-E6F9-4408-A5C8-968417081CBD}.Debug|Any CPU.Build.0 = Debug|Any CPU
		{1505A6E5-E6F9-4408-A5C8-968417081CBD}.Debug|Mixed Platforms.ActiveCfg = Debug|Any CPU
		{1505A6E5-E6F9-4408-A5C8-968417081CBD}.Debug|Mixed Platforms.Build.0 = Debug|Any CPU
		{1505A6E5-E6F9-4408-A5C8-968417081CBD}.Debug|x64.ActiveCfg = Debug|Any CPU
		{1505A6E5-E6F9-4408-A5C8-968417081CBD}.Debug|x64.Build.0 = Debug|Any CPU
		{1505A6E5-E6F9-4408-A5C8-968417081CBD}.Debug|x86.ActiveCfg = Debug|Any CPU
		{1505A6E5-E6F9-4408-A5C8-968417081CBD}.Release|Any CPU.ActiveCfg = Release|Any CPU
		{1505A6E5-E6F9-4408-A5C8-968417081CBD}.Release|Any CPU.Build.0 = Release|Any CPU
		{1505A6E5-E6F9-4408-A5C8-968417081CBD}.Release|Mixed Platforms.ActiveCfg = Release|Any CPU
		{1505A6E5-E6F9-4408-A5C8-968417081CBD}.Release|Mixed Platforms.Build.0 = Release|Any CPU
		{1505A6E5-E6F9-4408-A5C8-968417081CBD}.Release|x64.ActiveCfg = Release|Any CPU
		{1505A6E5-E6F9-4408-A5C8-968417081CBD}.Release|x64.Build.0 = Release|Any CPU
		{1505A6E5-E6F9-4408-A5C8-968417081CBD}.Release|x86.ActiveCfg = Release|Any CPU
		{1505A6E5-E6F9-4408-A5C8-968417081CBD}.Release|x86.Build.0 = Release|Any CPU
		{5035348F-344F-4822-823E-6CB4D79D80D7}.Debug|Any CPU.ActiveCfg = Debug|Any CPU
		{5035348F-344F-4822-823E-6CB4D79D80D7}.Debug|Any CPU.Build.0 = Debug|Any CPU
		{5035348F-344F-4822-823E-6CB4D79D80D7}.Debug|Mixed Platforms.ActiveCfg = Debug|Any CPU
		{5035348F-344F-4822-823E-6CB4D79D80D7}.Debug|Mixed Platforms.Build.0 = Debug|Any CPU
		{5035348F-344F-4822-823E-6CB4D79D80D7}.Debug|x64.ActiveCfg = Debug|Any CPU
		{5035348F-344F-4822-823E-6CB4D79D80D7}.Debug|x86.ActiveCfg = Debug|Any CPU
		{5035348F-344F-4822-823E-6CB4D79D80D7}.Release|Any CPU.ActiveCfg = Release|Any CPU
		{5035348F-344F-4822-823E-6CB4D79D80D7}.Release|Any CPU.Build.0 = Release|Any CPU
		{5035348F-344F-4822-823E-6CB4D79D80D7}.Release|Mixed Platforms.ActiveCfg = Release|Any CPU
		{5035348F-344F-4822-823E-6CB4D79D80D7}.Release|Mixed Platforms.Build.0 = Release|Any CPU
		{5035348F-344F-4822-823E-6CB4D79D80D7}.Release|x64.ActiveCfg = Release|Any CPU
		{5035348F-344F-4822-823E-6CB4D79D80D7}.Release|x64.Build.0 = Release|Any CPU
		{5035348F-344F-4822-823E-6CB4D79D80D7}.Release|x86.ActiveCfg = Release|Any CPU
		{5035348F-344F-4822-823E-6CB4D79D80D7}.Release|x86.Build.0 = Release|Any CPU
		{E335B93B-F816-44E9-B4BB-612FF1673637}.Debug|Any CPU.ActiveCfg = Debug|Any CPU
		{E335B93B-F816-44E9-B4BB-612FF1673637}.Debug|Mixed Platforms.ActiveCfg = Debug|Any CPU
		{E335B93B-F816-44E9-B4BB-612FF1673637}.Debug|Mixed Platforms.Build.0 = Debug|Any CPU
		{E335B93B-F816-44E9-B4BB-612FF1673637}.Debug|x64.ActiveCfg = Debug|x64
		{E335B93B-F816-44E9-B4BB-612FF1673637}.Debug|x64.Build.0 = Debug|x64
		{E335B93B-F816-44E9-B4BB-612FF1673637}.Debug|x86.ActiveCfg = Debug|Any CPU
		{E335B93B-F816-44E9-B4BB-612FF1673637}.Release|Any CPU.ActiveCfg = Release|Any CPU
		{E335B93B-F816-44E9-B4BB-612FF1673637}.Release|Any CPU.Build.0 = Release|Any CPU
		{E335B93B-F816-44E9-B4BB-612FF1673637}.Release|Mixed Platforms.ActiveCfg = Release|Any CPU
		{E335B93B-F816-44E9-B4BB-612FF1673637}.Release|Mixed Platforms.Build.0 = Release|Any CPU
		{E335B93B-F816-44E9-B4BB-612FF1673637}.Release|x64.ActiveCfg = Release|x64
		{E335B93B-F816-44E9-B4BB-612FF1673637}.Release|x64.Build.0 = Release|x64
		{E335B93B-F816-44E9-B4BB-612FF1673637}.Release|x86.ActiveCfg = Release|Any CPU
		{E335B93B-F816-44E9-B4BB-612FF1673637}.Release|x86.Build.0 = Release|Any CPU
		{75769E19-2CCC-4DF0-88D9-CBAC14BB6329}.Debug|Any CPU.ActiveCfg = Debug|Any CPU
		{75769E19-2CCC-4DF0-88D9-CBAC14BB6329}.Debug|Any CPU.Build.0 = Debug|Any CPU
		{75769E19-2CCC-4DF0-88D9-CBAC14BB6329}.Debug|Mixed Platforms.ActiveCfg = Debug|Any CPU
		{75769E19-2CCC-4DF0-88D9-CBAC14BB6329}.Debug|Mixed Platforms.Build.0 = Debug|Any CPU
		{75769E19-2CCC-4DF0-88D9-CBAC14BB6329}.Debug|x64.ActiveCfg = Debug|Any CPU
		{75769E19-2CCC-4DF0-88D9-CBAC14BB6329}.Debug|x64.Build.0 = Debug|Any CPU
		{75769E19-2CCC-4DF0-88D9-CBAC14BB6329}.Debug|x86.ActiveCfg = Debug|Any CPU
		{75769E19-2CCC-4DF0-88D9-CBAC14BB6329}.Release|Any CPU.ActiveCfg = Release|Any CPU
		{75769E19-2CCC-4DF0-88D9-CBAC14BB6329}.Release|Any CPU.Build.0 = Release|Any CPU
		{75769E19-2CCC-4DF0-88D9-CBAC14BB6329}.Release|Mixed Platforms.ActiveCfg = Release|Any CPU
		{75769E19-2CCC-4DF0-88D9-CBAC14BB6329}.Release|Mixed Platforms.Build.0 = Release|Any CPU
		{75769E19-2CCC-4DF0-88D9-CBAC14BB6329}.Release|x64.ActiveCfg = Release|Any CPU
		{75769E19-2CCC-4DF0-88D9-CBAC14BB6329}.Release|x64.Build.0 = Release|Any CPU
		{75769E19-2CCC-4DF0-88D9-CBAC14BB6329}.Release|x86.ActiveCfg = Release|Any CPU
		{75769E19-2CCC-4DF0-88D9-CBAC14BB6329}.Release|x86.Build.0 = Release|Any CPU
		{E9B15DC7-07A3-4398-AE3F-2ED6B1F5C0A6}.Debug|Any CPU.ActiveCfg = Debug|Any CPU
		{E9B15DC7-07A3-4398-AE3F-2ED6B1F5C0A6}.Debug|Any CPU.Build.0 = Debug|Any CPU
		{E9B15DC7-07A3-4398-AE3F-2ED6B1F5C0A6}.Debug|Mixed Platforms.ActiveCfg = Debug|Any CPU
		{E9B15DC7-07A3-4398-AE3F-2ED6B1F5C0A6}.Debug|Mixed Platforms.Build.0 = Debug|Any CPU
		{E9B15DC7-07A3-4398-AE3F-2ED6B1F5C0A6}.Debug|x64.ActiveCfg = Debug|Any CPU
		{E9B15DC7-07A3-4398-AE3F-2ED6B1F5C0A6}.Debug|x64.Build.0 = Debug|Any CPU
		{E9B15DC7-07A3-4398-AE3F-2ED6B1F5C0A6}.Debug|x86.ActiveCfg = Debug|Any CPU
		{E9B15DC7-07A3-4398-AE3F-2ED6B1F5C0A6}.Release|Any CPU.ActiveCfg = Release|Any CPU
		{E9B15DC7-07A3-4398-AE3F-2ED6B1F5C0A6}.Release|Any CPU.Build.0 = Release|Any CPU
		{E9B15DC7-07A3-4398-AE3F-2ED6B1F5C0A6}.Release|Mixed Platforms.ActiveCfg = Release|Any CPU
		{E9B15DC7-07A3-4398-AE3F-2ED6B1F5C0A6}.Release|Mixed Platforms.Build.0 = Release|Any CPU
		{E9B15DC7-07A3-4398-AE3F-2ED6B1F5C0A6}.Release|x64.ActiveCfg = Release|Any CPU
		{E9B15DC7-07A3-4398-AE3F-2ED6B1F5C0A6}.Release|x64.Build.0 = Release|Any CPU
		{E9B15DC7-07A3-4398-AE3F-2ED6B1F5C0A6}.Release|x86.ActiveCfg = Release|Any CPU
		{097F2A4C-A34D-43E1-A5BF-58D12D80E11F}.Debug|Any CPU.ActiveCfg = Debug|Any CPU
		{097F2A4C-A34D-43E1-A5BF-58D12D80E11F}.Debug|Any CPU.Build.0 = Debug|Any CPU
		{097F2A4C-A34D-43E1-A5BF-58D12D80E11F}.Debug|Mixed Platforms.ActiveCfg = Debug|Any CPU
		{097F2A4C-A34D-43E1-A5BF-58D12D80E11F}.Debug|x64.ActiveCfg = Debug|Any CPU
		{097F2A4C-A34D-43E1-A5BF-58D12D80E11F}.Debug|x86.ActiveCfg = Debug|Any CPU
		{097F2A4C-A34D-43E1-A5BF-58D12D80E11F}.Release|Any CPU.ActiveCfg = Release|Any CPU
		{097F2A4C-A34D-43E1-A5BF-58D12D80E11F}.Release|Any CPU.Build.0 = Release|Any CPU
		{097F2A4C-A34D-43E1-A5BF-58D12D80E11F}.Release|Mixed Platforms.ActiveCfg = Release|Any CPU
		{097F2A4C-A34D-43E1-A5BF-58D12D80E11F}.Release|x64.ActiveCfg = Release|Any CPU
		{097F2A4C-A34D-43E1-A5BF-58D12D80E11F}.Release|x86.ActiveCfg = Release|Any CPU
		{C5AAB10A-8D08-419F-9D5C-2FC78FEF8B53}.Debug|Any CPU.ActiveCfg = Debug|Any CPU
		{C5AAB10A-8D08-419F-9D5C-2FC78FEF8B53}.Debug|Mixed Platforms.ActiveCfg = Debug|Any CPU
		{C5AAB10A-8D08-419F-9D5C-2FC78FEF8B53}.Debug|Mixed Platforms.Build.0 = Debug|Any CPU
		{C5AAB10A-8D08-419F-9D5C-2FC78FEF8B53}.Debug|x64.ActiveCfg = Debug|Any CPU
		{C5AAB10A-8D08-419F-9D5C-2FC78FEF8B53}.Debug|x64.Build.0 = Debug|Any CPU
		{C5AAB10A-8D08-419F-9D5C-2FC78FEF8B53}.Debug|x86.ActiveCfg = Debug|Any CPU
		{C5AAB10A-8D08-419F-9D5C-2FC78FEF8B53}.Debug|x86.Build.0 = Debug|Any CPU
		{C5AAB10A-8D08-419F-9D5C-2FC78FEF8B53}.Release|Any CPU.ActiveCfg = Release|Any CPU
		{C5AAB10A-8D08-419F-9D5C-2FC78FEF8B53}.Release|Mixed Platforms.ActiveCfg = Release|Any CPU
		{C5AAB10A-8D08-419F-9D5C-2FC78FEF8B53}.Release|Mixed Platforms.Build.0 = Release|Any CPU
		{C5AAB10A-8D08-419F-9D5C-2FC78FEF8B53}.Release|x64.ActiveCfg = Release|Any CPU
		{C5AAB10A-8D08-419F-9D5C-2FC78FEF8B53}.Release|x64.Build.0 = Release|Any CPU
		{C5AAB10A-8D08-419F-9D5C-2FC78FEF8B53}.Release|x86.ActiveCfg = Release|Any CPU
		{C5AAB10A-8D08-419F-9D5C-2FC78FEF8B53}.Release|x86.Build.0 = Release|Any CPU
		{B172BE6D-5CAC-42D8-8895-D471D6EBDAC7}.Debug|Any CPU.ActiveCfg = Debug|Any CPU
		{B172BE6D-5CAC-42D8-8895-D471D6EBDAC7}.Debug|Any CPU.Build.0 = Debug|Any CPU
		{B172BE6D-5CAC-42D8-8895-D471D6EBDAC7}.Debug|Mixed Platforms.ActiveCfg = Debug|Any CPU
		{B172BE6D-5CAC-42D8-8895-D471D6EBDAC7}.Debug|Mixed Platforms.Build.0 = Debug|Any CPU
		{B172BE6D-5CAC-42D8-8895-D471D6EBDAC7}.Debug|x64.ActiveCfg = Debug|Any CPU
		{B172BE6D-5CAC-42D8-8895-D471D6EBDAC7}.Debug|x64.Build.0 = Debug|Any CPU
		{B172BE6D-5CAC-42D8-8895-D471D6EBDAC7}.Debug|x86.ActiveCfg = Debug|Any CPU
		{B172BE6D-5CAC-42D8-8895-D471D6EBDAC7}.Debug|x86.Build.0 = Debug|Any CPU
		{B172BE6D-5CAC-42D8-8895-D471D6EBDAC7}.Release|Any CPU.ActiveCfg = Release|Any CPU
		{B172BE6D-5CAC-42D8-8895-D471D6EBDAC7}.Release|Any CPU.Build.0 = Release|Any CPU
		{B172BE6D-5CAC-42D8-8895-D471D6EBDAC7}.Release|Mixed Platforms.ActiveCfg = Release|Any CPU
		{B172BE6D-5CAC-42D8-8895-D471D6EBDAC7}.Release|Mixed Platforms.Build.0 = Release|Any CPU
		{B172BE6D-5CAC-42D8-8895-D471D6EBDAC7}.Release|x64.ActiveCfg = Release|Any CPU
		{B172BE6D-5CAC-42D8-8895-D471D6EBDAC7}.Release|x64.Build.0 = Release|Any CPU
		{B172BE6D-5CAC-42D8-8895-D471D6EBDAC7}.Release|x86.ActiveCfg = Release|Any CPU
		{B172BE6D-5CAC-42D8-8895-D471D6EBDAC7}.Release|x86.Build.0 = Release|Any CPU
		{4D787657-5659-4030-BF48-07BAEC76DB93}.Debug|Any CPU.ActiveCfg = Debug|Any CPU
		{4D787657-5659-4030-BF48-07BAEC76DB93}.Debug|Mixed Platforms.ActiveCfg = Debug|Any CPU
		{4D787657-5659-4030-BF48-07BAEC76DB93}.Debug|Mixed Platforms.Build.0 = Debug|Any CPU
		{4D787657-5659-4030-BF48-07BAEC76DB93}.Debug|x64.ActiveCfg = Debug|Any CPU
		{4D787657-5659-4030-BF48-07BAEC76DB93}.Debug|x64.Build.0 = Debug|Any CPU
		{4D787657-5659-4030-BF48-07BAEC76DB93}.Debug|x86.ActiveCfg = Debug|Any CPU
		{4D787657-5659-4030-BF48-07BAEC76DB93}.Debug|x86.Build.0 = Debug|Any CPU
		{4D787657-5659-4030-BF48-07BAEC76DB93}.Release|Any CPU.ActiveCfg = Release|Any CPU
		{4D787657-5659-4030-BF48-07BAEC76DB93}.Release|Any CPU.Build.0 = Release|Any CPU
		{4D787657-5659-4030-BF48-07BAEC76DB93}.Release|Mixed Platforms.ActiveCfg = Release|Any CPU
		{4D787657-5659-4030-BF48-07BAEC76DB93}.Release|Mixed Platforms.Build.0 = Release|Any CPU
		{4D787657-5659-4030-BF48-07BAEC76DB93}.Release|x64.ActiveCfg = Release|Any CPU
		{4D787657-5659-4030-BF48-07BAEC76DB93}.Release|x64.Build.0 = Release|Any CPU
		{4D787657-5659-4030-BF48-07BAEC76DB93}.Release|x86.ActiveCfg = Release|Any CPU
		{4D787657-5659-4030-BF48-07BAEC76DB93}.Release|x86.Build.0 = Release|Any CPU
		{B31247C0-6E95-4626-9854-38E9D049EED4}.Debug|Any CPU.ActiveCfg = Debug|Any CPU
		{B31247C0-6E95-4626-9854-38E9D049EED4}.Debug|Any CPU.Deploy.0 = Debug|Any CPU
		{B31247C0-6E95-4626-9854-38E9D049EED4}.Debug|Mixed Platforms.ActiveCfg = Debug|x86
		{B31247C0-6E95-4626-9854-38E9D049EED4}.Debug|Mixed Platforms.Build.0 = Debug|x86
		{B31247C0-6E95-4626-9854-38E9D049EED4}.Debug|Mixed Platforms.Deploy.0 = Debug|x86
		{B31247C0-6E95-4626-9854-38E9D049EED4}.Debug|x64.ActiveCfg = Debug|x64
		{B31247C0-6E95-4626-9854-38E9D049EED4}.Debug|x64.Build.0 = Debug|x64
		{B31247C0-6E95-4626-9854-38E9D049EED4}.Debug|x64.Deploy.0 = Debug|x64
		{B31247C0-6E95-4626-9854-38E9D049EED4}.Debug|x86.ActiveCfg = Debug|x86
		{B31247C0-6E95-4626-9854-38E9D049EED4}.Debug|x86.Build.0 = Debug|x86
		{B31247C0-6E95-4626-9854-38E9D049EED4}.Debug|x86.Deploy.0 = Debug|x86
		{B31247C0-6E95-4626-9854-38E9D049EED4}.Release|Any CPU.ActiveCfg = Release|Any CPU
		{B31247C0-6E95-4626-9854-38E9D049EED4}.Release|Any CPU.Build.0 = Release|Any CPU
		{B31247C0-6E95-4626-9854-38E9D049EED4}.Release|Any CPU.Deploy.0 = Release|Any CPU
		{B31247C0-6E95-4626-9854-38E9D049EED4}.Release|Mixed Platforms.ActiveCfg = Release|x86
		{B31247C0-6E95-4626-9854-38E9D049EED4}.Release|Mixed Platforms.Build.0 = Release|x86
		{B31247C0-6E95-4626-9854-38E9D049EED4}.Release|Mixed Platforms.Deploy.0 = Release|x86
		{B31247C0-6E95-4626-9854-38E9D049EED4}.Release|x64.ActiveCfg = Release|x64
		{B31247C0-6E95-4626-9854-38E9D049EED4}.Release|x64.Build.0 = Release|x64
		{B31247C0-6E95-4626-9854-38E9D049EED4}.Release|x64.Deploy.0 = Release|x64
		{B31247C0-6E95-4626-9854-38E9D049EED4}.Release|x86.ActiveCfg = Release|x86
		{B31247C0-6E95-4626-9854-38E9D049EED4}.Release|x86.Build.0 = Release|x86
		{B31247C0-6E95-4626-9854-38E9D049EED4}.Release|x86.Deploy.0 = Release|x86
		{CAD1DC6A-B121-4605-BEF3-B38DAE821401}.Debug|Any CPU.ActiveCfg = Debug|Any CPU
		{CAD1DC6A-B121-4605-BEF3-B38DAE821401}.Debug|Any CPU.Build.0 = Debug|Any CPU
		{CAD1DC6A-B121-4605-BEF3-B38DAE821401}.Debug|Mixed Platforms.ActiveCfg = Debug|Any CPU
		{CAD1DC6A-B121-4605-BEF3-B38DAE821401}.Debug|Mixed Platforms.Build.0 = Debug|Any CPU
		{CAD1DC6A-B121-4605-BEF3-B38DAE821401}.Debug|x64.ActiveCfg = Debug|Any CPU
		{CAD1DC6A-B121-4605-BEF3-B38DAE821401}.Debug|x64.Build.0 = Debug|Any CPU
		{CAD1DC6A-B121-4605-BEF3-B38DAE821401}.Debug|x86.ActiveCfg = Debug|Any CPU
		{CAD1DC6A-B121-4605-BEF3-B38DAE821401}.Debug|x86.Build.0 = Debug|Any CPU
		{CAD1DC6A-B121-4605-BEF3-B38DAE821401}.Release|Any CPU.ActiveCfg = Release|Any CPU
		{CAD1DC6A-B121-4605-BEF3-B38DAE821401}.Release|Any CPU.Build.0 = Release|Any CPU
		{CAD1DC6A-B121-4605-BEF3-B38DAE821401}.Release|Mixed Platforms.ActiveCfg = Release|Any CPU
		{CAD1DC6A-B121-4605-BEF3-B38DAE821401}.Release|Mixed Platforms.Build.0 = Release|Any CPU
		{CAD1DC6A-B121-4605-BEF3-B38DAE821401}.Release|x64.ActiveCfg = Release|Any CPU
		{CAD1DC6A-B121-4605-BEF3-B38DAE821401}.Release|x64.Build.0 = Release|Any CPU
		{CAD1DC6A-B121-4605-BEF3-B38DAE821401}.Release|x86.ActiveCfg = Release|Any CPU
		{CAD1DC6A-B121-4605-BEF3-B38DAE821401}.Release|x86.Build.0 = Release|Any CPU
		{F8A01FFA-5FA2-4ED7-8E70-9CBCFE054438}.Debug|Any CPU.ActiveCfg = Debug|Any CPU
		{F8A01FFA-5FA2-4ED7-8E70-9CBCFE054438}.Debug|Any CPU.Build.0 = Debug|Any CPU
		{F8A01FFA-5FA2-4ED7-8E70-9CBCFE054438}.Debug|Mixed Platforms.ActiveCfg = Debug|Any CPU
		{F8A01FFA-5FA2-4ED7-8E70-9CBCFE054438}.Debug|Mixed Platforms.Build.0 = Debug|Any CPU
		{F8A01FFA-5FA2-4ED7-8E70-9CBCFE054438}.Debug|x64.ActiveCfg = Debug|Any CPU
		{F8A01FFA-5FA2-4ED7-8E70-9CBCFE054438}.Debug|x64.Build.0 = Debug|Any CPU
		{F8A01FFA-5FA2-4ED7-8E70-9CBCFE054438}.Debug|x86.ActiveCfg = Debug|Any CPU
		{F8A01FFA-5FA2-4ED7-8E70-9CBCFE054438}.Debug|x86.Build.0 = Debug|Any CPU
		{F8A01FFA-5FA2-4ED7-8E70-9CBCFE054438}.Release|Any CPU.ActiveCfg = Release|Any CPU
		{F8A01FFA-5FA2-4ED7-8E70-9CBCFE054438}.Release|Any CPU.Build.0 = Release|Any CPU
		{F8A01FFA-5FA2-4ED7-8E70-9CBCFE054438}.Release|Mixed Platforms.ActiveCfg = Release|Any CPU
		{F8A01FFA-5FA2-4ED7-8E70-9CBCFE054438}.Release|Mixed Platforms.Build.0 = Release|Any CPU
		{F8A01FFA-5FA2-4ED7-8E70-9CBCFE054438}.Release|x64.ActiveCfg = Release|Any CPU
		{F8A01FFA-5FA2-4ED7-8E70-9CBCFE054438}.Release|x64.Build.0 = Release|Any CPU
		{F8A01FFA-5FA2-4ED7-8E70-9CBCFE054438}.Release|x86.ActiveCfg = Release|Any CPU
		{F8A01FFA-5FA2-4ED7-8E70-9CBCFE054438}.Release|x86.Build.0 = Release|Any CPU
		{C64F4270-EEEC-4105-B560-E8A881520FC9}.Debug|Any CPU.ActiveCfg = Debug|Any CPU
		{C64F4270-EEEC-4105-B560-E8A881520FC9}.Debug|Any CPU.Build.0 = Debug|Any CPU
		{C64F4270-EEEC-4105-B560-E8A881520FC9}.Debug|Mixed Platforms.ActiveCfg = Debug|Any CPU
		{C64F4270-EEEC-4105-B560-E8A881520FC9}.Debug|Mixed Platforms.Build.0 = Debug|Any CPU
		{C64F4270-EEEC-4105-B560-E8A881520FC9}.Debug|x64.ActiveCfg = Debug|Any CPU
		{C64F4270-EEEC-4105-B560-E8A881520FC9}.Debug|x64.Build.0 = Debug|Any CPU
		{C64F4270-EEEC-4105-B560-E8A881520FC9}.Debug|x86.ActiveCfg = Debug|Any CPU
		{C64F4270-EEEC-4105-B560-E8A881520FC9}.Debug|x86.Build.0 = Debug|Any CPU
		{C64F4270-EEEC-4105-B560-E8A881520FC9}.Release|Any CPU.ActiveCfg = Release|Any CPU
		{C64F4270-EEEC-4105-B560-E8A881520FC9}.Release|Any CPU.Build.0 = Release|Any CPU
		{C64F4270-EEEC-4105-B560-E8A881520FC9}.Release|Mixed Platforms.ActiveCfg = Release|Any CPU
		{C64F4270-EEEC-4105-B560-E8A881520FC9}.Release|Mixed Platforms.Build.0 = Release|Any CPU
		{C64F4270-EEEC-4105-B560-E8A881520FC9}.Release|x64.ActiveCfg = Release|Any CPU
		{C64F4270-EEEC-4105-B560-E8A881520FC9}.Release|x64.Build.0 = Release|Any CPU
		{C64F4270-EEEC-4105-B560-E8A881520FC9}.Release|x86.ActiveCfg = Release|Any CPU
		{C64F4270-EEEC-4105-B560-E8A881520FC9}.Release|x86.Build.0 = Release|Any CPU
		{FFA99466-EAE9-4638-8904-6EA1E6B92F01}.Debug|Any CPU.ActiveCfg = Debug|Any CPU
		{FFA99466-EAE9-4638-8904-6EA1E6B92F01}.Debug|Any CPU.Build.0 = Debug|Any CPU
		{FFA99466-EAE9-4638-8904-6EA1E6B92F01}.Debug|Mixed Platforms.ActiveCfg = Debug|Any CPU
		{FFA99466-EAE9-4638-8904-6EA1E6B92F01}.Debug|Mixed Platforms.Build.0 = Debug|Any CPU
		{FFA99466-EAE9-4638-8904-6EA1E6B92F01}.Debug|x64.ActiveCfg = Debug|Any CPU
		{FFA99466-EAE9-4638-8904-6EA1E6B92F01}.Debug|x64.Build.0 = Debug|Any CPU
		{FFA99466-EAE9-4638-8904-6EA1E6B92F01}.Debug|x86.ActiveCfg = Debug|Any CPU
		{FFA99466-EAE9-4638-8904-6EA1E6B92F01}.Debug|x86.Build.0 = Debug|Any CPU
		{FFA99466-EAE9-4638-8904-6EA1E6B92F01}.Release|Any CPU.ActiveCfg = Release|Any CPU
		{FFA99466-EAE9-4638-8904-6EA1E6B92F01}.Release|Any CPU.Build.0 = Release|Any CPU
		{FFA99466-EAE9-4638-8904-6EA1E6B92F01}.Release|Mixed Platforms.ActiveCfg = Release|Any CPU
		{FFA99466-EAE9-4638-8904-6EA1E6B92F01}.Release|Mixed Platforms.Build.0 = Release|Any CPU
		{FFA99466-EAE9-4638-8904-6EA1E6B92F01}.Release|x64.ActiveCfg = Release|Any CPU
		{FFA99466-EAE9-4638-8904-6EA1E6B92F01}.Release|x64.Build.0 = Release|Any CPU
		{FFA99466-EAE9-4638-8904-6EA1E6B92F01}.Release|x86.ActiveCfg = Release|Any CPU
		{FFA99466-EAE9-4638-8904-6EA1E6B92F01}.Release|x86.Build.0 = Release|Any CPU
		{3B7A1F44-6B16-4559-ACF8-578B5AE88689}.Debug|Any CPU.ActiveCfg = Debug|Any CPU
		{3B7A1F44-6B16-4559-ACF8-578B5AE88689}.Debug|Any CPU.Build.0 = Debug|Any CPU
		{3B7A1F44-6B16-4559-ACF8-578B5AE88689}.Debug|Mixed Platforms.ActiveCfg = Debug|Any CPU
		{3B7A1F44-6B16-4559-ACF8-578B5AE88689}.Debug|Mixed Platforms.Build.0 = Debug|Any CPU
		{3B7A1F44-6B16-4559-ACF8-578B5AE88689}.Debug|x64.ActiveCfg = Debug|Any CPU
		{3B7A1F44-6B16-4559-ACF8-578B5AE88689}.Debug|x64.Build.0 = Debug|Any CPU
		{3B7A1F44-6B16-4559-ACF8-578B5AE88689}.Debug|x86.ActiveCfg = Debug|Any CPU
		{3B7A1F44-6B16-4559-ACF8-578B5AE88689}.Debug|x86.Build.0 = Debug|Any CPU
		{3B7A1F44-6B16-4559-ACF8-578B5AE88689}.Release|Any CPU.ActiveCfg = Release|Any CPU
		{3B7A1F44-6B16-4559-ACF8-578B5AE88689}.Release|Any CPU.Build.0 = Release|Any CPU
		{3B7A1F44-6B16-4559-ACF8-578B5AE88689}.Release|Mixed Platforms.ActiveCfg = Release|Any CPU
		{3B7A1F44-6B16-4559-ACF8-578B5AE88689}.Release|Mixed Platforms.Build.0 = Release|Any CPU
		{3B7A1F44-6B16-4559-ACF8-578B5AE88689}.Release|x64.ActiveCfg = Release|Any CPU
		{3B7A1F44-6B16-4559-ACF8-578B5AE88689}.Release|x64.Build.0 = Release|Any CPU
		{3B7A1F44-6B16-4559-ACF8-578B5AE88689}.Release|x86.ActiveCfg = Release|Any CPU
		{3B7A1F44-6B16-4559-ACF8-578B5AE88689}.Release|x86.Build.0 = Release|Any CPU
		{24C02CF5-35B1-42C8-AD9F-39A248068D98}.Debug|Any CPU.ActiveCfg = Debug|Any CPU
		{24C02CF5-35B1-42C8-AD9F-39A248068D98}.Debug|Any CPU.Build.0 = Debug|Any CPU
		{24C02CF5-35B1-42C8-AD9F-39A248068D98}.Debug|Mixed Platforms.ActiveCfg = Debug|Any CPU
		{24C02CF5-35B1-42C8-AD9F-39A248068D98}.Debug|Mixed Platforms.Build.0 = Debug|Any CPU
		{24C02CF5-35B1-42C8-AD9F-39A248068D98}.Debug|x64.ActiveCfg = Debug|Any CPU
		{24C02CF5-35B1-42C8-AD9F-39A248068D98}.Debug|x64.Build.0 = Debug|Any CPU
		{24C02CF5-35B1-42C8-AD9F-39A248068D98}.Debug|x86.ActiveCfg = Debug|Any CPU
		{24C02CF5-35B1-42C8-AD9F-39A248068D98}.Debug|x86.Build.0 = Debug|Any CPU
		{24C02CF5-35B1-42C8-AD9F-39A248068D98}.Release|Any CPU.ActiveCfg = Release|Any CPU
		{24C02CF5-35B1-42C8-AD9F-39A248068D98}.Release|Any CPU.Build.0 = Release|Any CPU
		{24C02CF5-35B1-42C8-AD9F-39A248068D98}.Release|Mixed Platforms.ActiveCfg = Release|Any CPU
		{24C02CF5-35B1-42C8-AD9F-39A248068D98}.Release|Mixed Platforms.Build.0 = Release|Any CPU
		{24C02CF5-35B1-42C8-AD9F-39A248068D98}.Release|x64.ActiveCfg = Release|Any CPU
		{24C02CF5-35B1-42C8-AD9F-39A248068D98}.Release|x64.Build.0 = Release|Any CPU
		{24C02CF5-35B1-42C8-AD9F-39A248068D98}.Release|x86.ActiveCfg = Release|Any CPU
		{24C02CF5-35B1-42C8-AD9F-39A248068D98}.Release|x86.Build.0 = Release|Any CPU
		{129E36B8-F098-4721-97CF-B8D6A78C07F1}.Debug|Any CPU.ActiveCfg = Debug|Win32
		{129E36B8-F098-4721-97CF-B8D6A78C07F1}.Debug|Mixed Platforms.ActiveCfg = Debug|Win32
		{129E36B8-F098-4721-97CF-B8D6A78C07F1}.Debug|Mixed Platforms.Build.0 = Debug|Win32
		{129E36B8-F098-4721-97CF-B8D6A78C07F1}.Debug|x64.ActiveCfg = Debug|x64
		{129E36B8-F098-4721-97CF-B8D6A78C07F1}.Debug|x64.Build.0 = Debug|x64
		{129E36B8-F098-4721-97CF-B8D6A78C07F1}.Debug|x86.ActiveCfg = Debug|Win32
		{129E36B8-F098-4721-97CF-B8D6A78C07F1}.Debug|x86.Build.0 = Debug|Win32
		{129E36B8-F098-4721-97CF-B8D6A78C07F1}.Release|Any CPU.ActiveCfg = Release|Win32
		{129E36B8-F098-4721-97CF-B8D6A78C07F1}.Release|Mixed Platforms.ActiveCfg = Release|Win32
		{129E36B8-F098-4721-97CF-B8D6A78C07F1}.Release|Mixed Platforms.Build.0 = Release|Win32
		{129E36B8-F098-4721-97CF-B8D6A78C07F1}.Release|x64.ActiveCfg = Release|x64
		{129E36B8-F098-4721-97CF-B8D6A78C07F1}.Release|x64.Build.0 = Release|x64
		{129E36B8-F098-4721-97CF-B8D6A78C07F1}.Release|x86.ActiveCfg = Release|Win32
		{129E36B8-F098-4721-97CF-B8D6A78C07F1}.Release|x86.Build.0 = Release|Win32
		{62FD0D31-CF0D-42CD-A70A-6973440B5727}.Debug|Any CPU.ActiveCfg = Debug|Any CPU
		{62FD0D31-CF0D-42CD-A70A-6973440B5727}.Debug|Any CPU.Build.0 = Debug|Any CPU
		{62FD0D31-CF0D-42CD-A70A-6973440B5727}.Debug|Mixed Platforms.ActiveCfg = Debug|Any CPU
		{62FD0D31-CF0D-42CD-A70A-6973440B5727}.Debug|Mixed Platforms.Build.0 = Debug|Any CPU
		{62FD0D31-CF0D-42CD-A70A-6973440B5727}.Debug|x64.ActiveCfg = Debug|Any CPU
		{62FD0D31-CF0D-42CD-A70A-6973440B5727}.Debug|x64.Build.0 = Debug|Any CPU
		{62FD0D31-CF0D-42CD-A70A-6973440B5727}.Debug|x86.ActiveCfg = Debug|Any CPU
		{62FD0D31-CF0D-42CD-A70A-6973440B5727}.Debug|x86.Build.0 = Debug|Any CPU
		{62FD0D31-CF0D-42CD-A70A-6973440B5727}.Release|Any CPU.ActiveCfg = Release|Any CPU
		{62FD0D31-CF0D-42CD-A70A-6973440B5727}.Release|Any CPU.Build.0 = Release|Any CPU
		{62FD0D31-CF0D-42CD-A70A-6973440B5727}.Release|Mixed Platforms.ActiveCfg = Release|Any CPU
		{62FD0D31-CF0D-42CD-A70A-6973440B5727}.Release|Mixed Platforms.Build.0 = Release|Any CPU
		{62FD0D31-CF0D-42CD-A70A-6973440B5727}.Release|x64.ActiveCfg = Release|Any CPU
		{62FD0D31-CF0D-42CD-A70A-6973440B5727}.Release|x64.Build.0 = Release|Any CPU
		{62FD0D31-CF0D-42CD-A70A-6973440B5727}.Release|x86.ActiveCfg = Release|Any CPU
		{62FD0D31-CF0D-42CD-A70A-6973440B5727}.Release|x86.Build.0 = Release|Any CPU
		{D5FBE9D8-DFAE-49F0-B9DA-0795B98D887F}.Debug|Any CPU.ActiveCfg = Debug|Any CPU
		{D5FBE9D8-DFAE-49F0-B9DA-0795B98D887F}.Debug|Any CPU.Build.0 = Debug|Any CPU
		{D5FBE9D8-DFAE-49F0-B9DA-0795B98D887F}.Debug|Mixed Platforms.ActiveCfg = Debug|Any CPU
		{D5FBE9D8-DFAE-49F0-B9DA-0795B98D887F}.Debug|Mixed Platforms.Build.0 = Debug|Any CPU
		{D5FBE9D8-DFAE-49F0-B9DA-0795B98D887F}.Debug|x64.ActiveCfg = Debug|Any CPU
		{D5FBE9D8-DFAE-49F0-B9DA-0795B98D887F}.Debug|x64.Build.0 = Debug|Any CPU
		{D5FBE9D8-DFAE-49F0-B9DA-0795B98D887F}.Debug|x86.ActiveCfg = Debug|Any CPU
		{D5FBE9D8-DFAE-49F0-B9DA-0795B98D887F}.Debug|x86.Build.0 = Debug|Any CPU
		{D5FBE9D8-DFAE-49F0-B9DA-0795B98D887F}.Release|Any CPU.ActiveCfg = Release|Any CPU
		{D5FBE9D8-DFAE-49F0-B9DA-0795B98D887F}.Release|Any CPU.Build.0 = Release|Any CPU
		{D5FBE9D8-DFAE-49F0-B9DA-0795B98D887F}.Release|Mixed Platforms.ActiveCfg = Release|Any CPU
		{D5FBE9D8-DFAE-49F0-B9DA-0795B98D887F}.Release|Mixed Platforms.Build.0 = Release|Any CPU
		{D5FBE9D8-DFAE-49F0-B9DA-0795B98D887F}.Release|x64.ActiveCfg = Release|Any CPU
		{D5FBE9D8-DFAE-49F0-B9DA-0795B98D887F}.Release|x64.Build.0 = Release|Any CPU
		{D5FBE9D8-DFAE-49F0-B9DA-0795B98D887F}.Release|x86.ActiveCfg = Release|Any CPU
		{D5FBE9D8-DFAE-49F0-B9DA-0795B98D887F}.Release|x86.Build.0 = Release|Any CPU
		{5502B75F-9BD3-4E3D-A478-CD391C5BFB45}.Debug|Any CPU.ActiveCfg = Debug|x86
		{5502B75F-9BD3-4E3D-A478-CD391C5BFB45}.Debug|Mixed Platforms.ActiveCfg = Debug|x86
		{5502B75F-9BD3-4E3D-A478-CD391C5BFB45}.Debug|Mixed Platforms.Build.0 = Debug|x86
		{5502B75F-9BD3-4E3D-A478-CD391C5BFB45}.Debug|x64.ActiveCfg = Debug|x86
		{5502B75F-9BD3-4E3D-A478-CD391C5BFB45}.Debug|x86.ActiveCfg = Debug|x86
		{5502B75F-9BD3-4E3D-A478-CD391C5BFB45}.Debug|x86.Build.0 = Debug|x86
		{5502B75F-9BD3-4E3D-A478-CD391C5BFB45}.Release|Any CPU.ActiveCfg = Release|x86
		{5502B75F-9BD3-4E3D-A478-CD391C5BFB45}.Release|Mixed Platforms.ActiveCfg = Release|x86
		{5502B75F-9BD3-4E3D-A478-CD391C5BFB45}.Release|Mixed Platforms.Build.0 = Release|x86
		{5502B75F-9BD3-4E3D-A478-CD391C5BFB45}.Release|x64.ActiveCfg = Release|x86
		{5502B75F-9BD3-4E3D-A478-CD391C5BFB45}.Release|x86.ActiveCfg = Release|x86
		{5502B75F-9BD3-4E3D-A478-CD391C5BFB45}.Release|x86.Build.0 = Release|x86
		{302DFA4A-A31C-4DD1-A656-5CF64B1F2A1C}.Debug|Any CPU.ActiveCfg = Debug|x86
		{302DFA4A-A31C-4DD1-A656-5CF64B1F2A1C}.Debug|Mixed Platforms.ActiveCfg = Debug|x86
		{302DFA4A-A31C-4DD1-A656-5CF64B1F2A1C}.Debug|Mixed Platforms.Build.0 = Debug|x86
		{302DFA4A-A31C-4DD1-A656-5CF64B1F2A1C}.Debug|x64.ActiveCfg = Debug|x86
		{302DFA4A-A31C-4DD1-A656-5CF64B1F2A1C}.Debug|x86.ActiveCfg = Debug|x86
		{302DFA4A-A31C-4DD1-A656-5CF64B1F2A1C}.Debug|x86.Build.0 = Debug|x86
		{302DFA4A-A31C-4DD1-A656-5CF64B1F2A1C}.Release|Any CPU.ActiveCfg = Release|x86
		{302DFA4A-A31C-4DD1-A656-5CF64B1F2A1C}.Release|Mixed Platforms.ActiveCfg = Release|x86
		{302DFA4A-A31C-4DD1-A656-5CF64B1F2A1C}.Release|Mixed Platforms.Build.0 = Release|x86
		{302DFA4A-A31C-4DD1-A656-5CF64B1F2A1C}.Release|x64.ActiveCfg = Release|x86
		{302DFA4A-A31C-4DD1-A656-5CF64B1F2A1C}.Release|x86.ActiveCfg = Release|x86
		{302DFA4A-A31C-4DD1-A656-5CF64B1F2A1C}.Release|x86.Build.0 = Release|x86
		{3BB34EA7-38A7-4F6D-AA49-29EB577C944A}.Debug|Any CPU.ActiveCfg = Debug|x86
		{3BB34EA7-38A7-4F6D-AA49-29EB577C944A}.Debug|Mixed Platforms.ActiveCfg = Debug|x86
		{3BB34EA7-38A7-4F6D-AA49-29EB577C944A}.Debug|Mixed Platforms.Build.0 = Debug|x86
		{3BB34EA7-38A7-4F6D-AA49-29EB577C944A}.Debug|x64.ActiveCfg = Debug|x86
		{3BB34EA7-38A7-4F6D-AA49-29EB577C944A}.Debug|x86.ActiveCfg = Debug|x86
		{3BB34EA7-38A7-4F6D-AA49-29EB577C944A}.Debug|x86.Build.0 = Debug|x86
		{3BB34EA7-38A7-4F6D-AA49-29EB577C944A}.Release|Any CPU.ActiveCfg = Release|x86
		{3BB34EA7-38A7-4F6D-AA49-29EB577C944A}.Release|Mixed Platforms.ActiveCfg = Release|x86
		{3BB34EA7-38A7-4F6D-AA49-29EB577C944A}.Release|Mixed Platforms.Build.0 = Release|x86
		{3BB34EA7-38A7-4F6D-AA49-29EB577C944A}.Release|x64.ActiveCfg = Release|x86
		{3BB34EA7-38A7-4F6D-AA49-29EB577C944A}.Release|x86.ActiveCfg = Release|x86
		{3BB34EA7-38A7-4F6D-AA49-29EB577C944A}.Release|x86.Build.0 = Release|x86
		{3231882F-18E4-4B20-863D-5367A819D0E3}.Debug|Any CPU.ActiveCfg = Debug|Any CPU
		{3231882F-18E4-4B20-863D-5367A819D0E3}.Debug|Any CPU.Build.0 = Debug|Any CPU
		{3231882F-18E4-4B20-863D-5367A819D0E3}.Debug|Mixed Platforms.ActiveCfg = Debug|Any CPU
		{3231882F-18E4-4B20-863D-5367A819D0E3}.Debug|Mixed Platforms.Build.0 = Debug|Any CPU
		{3231882F-18E4-4B20-863D-5367A819D0E3}.Debug|x64.ActiveCfg = Debug|Any CPU
		{3231882F-18E4-4B20-863D-5367A819D0E3}.Debug|x64.Build.0 = Debug|Any CPU
		{3231882F-18E4-4B20-863D-5367A819D0E3}.Debug|x86.ActiveCfg = Debug|Any CPU
		{3231882F-18E4-4B20-863D-5367A819D0E3}.Debug|x86.Build.0 = Debug|Any CPU
		{3231882F-18E4-4B20-863D-5367A819D0E3}.Release|Any CPU.ActiveCfg = Release|Any CPU
		{3231882F-18E4-4B20-863D-5367A819D0E3}.Release|Any CPU.Build.0 = Release|Any CPU
		{3231882F-18E4-4B20-863D-5367A819D0E3}.Release|Mixed Platforms.ActiveCfg = Release|Any CPU
		{3231882F-18E4-4B20-863D-5367A819D0E3}.Release|Mixed Platforms.Build.0 = Release|Any CPU
		{3231882F-18E4-4B20-863D-5367A819D0E3}.Release|x64.ActiveCfg = Release|Any CPU
		{3231882F-18E4-4B20-863D-5367A819D0E3}.Release|x64.Build.0 = Release|Any CPU
		{3231882F-18E4-4B20-863D-5367A819D0E3}.Release|x86.ActiveCfg = Release|Any CPU
		{3231882F-18E4-4B20-863D-5367A819D0E3}.Release|x86.Build.0 = Release|Any CPU
		{310583E5-EE29-419D-860B-C0E31B767987}.Debug|Any CPU.ActiveCfg = Debug|x86
		{310583E5-EE29-419D-860B-C0E31B767987}.Debug|Mixed Platforms.ActiveCfg = Debug|x86
		{310583E5-EE29-419D-860B-C0E31B767987}.Debug|Mixed Platforms.Build.0 = Debug|x86
		{310583E5-EE29-419D-860B-C0E31B767987}.Debug|x64.ActiveCfg = Debug|x86
		{310583E5-EE29-419D-860B-C0E31B767987}.Debug|x86.ActiveCfg = Debug|x86
		{310583E5-EE29-419D-860B-C0E31B767987}.Debug|x86.Build.0 = Debug|x86
		{310583E5-EE29-419D-860B-C0E31B767987}.Release|Any CPU.ActiveCfg = Release|x86
		{310583E5-EE29-419D-860B-C0E31B767987}.Release|Mixed Platforms.ActiveCfg = Release|x86
		{310583E5-EE29-419D-860B-C0E31B767987}.Release|Mixed Platforms.Build.0 = Release|x86
		{310583E5-EE29-419D-860B-C0E31B767987}.Release|x64.ActiveCfg = Release|x86
		{310583E5-EE29-419D-860B-C0E31B767987}.Release|x86.ActiveCfg = Release|x86
		{310583E5-EE29-419D-860B-C0E31B767987}.Release|x86.Build.0 = Release|x86
		{17862F64-872C-4983-BB26-AF1D09542B04}.Debug|Any CPU.ActiveCfg = Debug|x86
		{17862F64-872C-4983-BB26-AF1D09542B04}.Debug|Mixed Platforms.ActiveCfg = Debug|x86
		{17862F64-872C-4983-BB26-AF1D09542B04}.Debug|Mixed Platforms.Build.0 = Debug|x86
		{17862F64-872C-4983-BB26-AF1D09542B04}.Debug|x64.ActiveCfg = Debug|x86
		{17862F64-872C-4983-BB26-AF1D09542B04}.Debug|x86.ActiveCfg = Debug|x86
		{17862F64-872C-4983-BB26-AF1D09542B04}.Debug|x86.Build.0 = Debug|x86
		{17862F64-872C-4983-BB26-AF1D09542B04}.Release|Any CPU.ActiveCfg = Release|x86
		{17862F64-872C-4983-BB26-AF1D09542B04}.Release|Mixed Platforms.ActiveCfg = Release|x86
		{17862F64-872C-4983-BB26-AF1D09542B04}.Release|Mixed Platforms.Build.0 = Release|x86
		{17862F64-872C-4983-BB26-AF1D09542B04}.Release|x64.ActiveCfg = Release|x86
		{17862F64-872C-4983-BB26-AF1D09542B04}.Release|x86.ActiveCfg = Release|x86
		{17862F64-872C-4983-BB26-AF1D09542B04}.Release|x86.Build.0 = Release|x86
		{646EE507-E57D-43A7-93F3-365A687AEC4B}.Debug|Any CPU.ActiveCfg = Debug|Any CPU
		{646EE507-E57D-43A7-93F3-365A687AEC4B}.Debug|Any CPU.Build.0 = Debug|Any CPU
		{646EE507-E57D-43A7-93F3-365A687AEC4B}.Debug|Mixed Platforms.ActiveCfg = Debug|Any CPU
		{646EE507-E57D-43A7-93F3-365A687AEC4B}.Debug|Mixed Platforms.Build.0 = Debug|Any CPU
		{646EE507-E57D-43A7-93F3-365A687AEC4B}.Debug|x64.ActiveCfg = Debug|Any CPU
		{646EE507-E57D-43A7-93F3-365A687AEC4B}.Debug|x64.Build.0 = Debug|Any CPU
		{646EE507-E57D-43A7-93F3-365A687AEC4B}.Debug|x86.ActiveCfg = Debug|Any CPU
		{646EE507-E57D-43A7-93F3-365A687AEC4B}.Debug|x86.Build.0 = Debug|Any CPU
		{646EE507-E57D-43A7-93F3-365A687AEC4B}.Release|Any CPU.ActiveCfg = Release|Any CPU
		{646EE507-E57D-43A7-93F3-365A687AEC4B}.Release|Any CPU.Build.0 = Release|Any CPU
		{646EE507-E57D-43A7-93F3-365A687AEC4B}.Release|Mixed Platforms.ActiveCfg = Release|Any CPU
		{646EE507-E57D-43A7-93F3-365A687AEC4B}.Release|Mixed Platforms.Build.0 = Release|Any CPU
		{646EE507-E57D-43A7-93F3-365A687AEC4B}.Release|x64.ActiveCfg = Release|Any CPU
		{646EE507-E57D-43A7-93F3-365A687AEC4B}.Release|x64.Build.0 = Release|Any CPU
		{646EE507-E57D-43A7-93F3-365A687AEC4B}.Release|x86.ActiveCfg = Release|Any CPU
		{646EE507-E57D-43A7-93F3-365A687AEC4B}.Release|x86.Build.0 = Release|Any CPU
		{8E3FC372-5F2A-4885-9667-83B41A325E4B}.Debug|Any CPU.ActiveCfg = Debug|Any CPU
		{8E3FC372-5F2A-4885-9667-83B41A325E4B}.Debug|Any CPU.Build.0 = Debug|Any CPU
		{8E3FC372-5F2A-4885-9667-83B41A325E4B}.Debug|Mixed Platforms.ActiveCfg = Debug|x86
		{8E3FC372-5F2A-4885-9667-83B41A325E4B}.Debug|Mixed Platforms.Build.0 = Debug|x86
		{8E3FC372-5F2A-4885-9667-83B41A325E4B}.Debug|x64.ActiveCfg = Debug|Any CPU
		{8E3FC372-5F2A-4885-9667-83B41A325E4B}.Debug|x64.Build.0 = Debug|Any CPU
		{8E3FC372-5F2A-4885-9667-83B41A325E4B}.Debug|x86.ActiveCfg = Debug|x86
		{8E3FC372-5F2A-4885-9667-83B41A325E4B}.Debug|x86.Build.0 = Debug|x86
		{8E3FC372-5F2A-4885-9667-83B41A325E4B}.Release|Any CPU.ActiveCfg = Release|Any CPU
		{8E3FC372-5F2A-4885-9667-83B41A325E4B}.Release|Any CPU.Build.0 = Release|Any CPU
		{8E3FC372-5F2A-4885-9667-83B41A325E4B}.Release|Mixed Platforms.ActiveCfg = Release|x86
		{8E3FC372-5F2A-4885-9667-83B41A325E4B}.Release|Mixed Platforms.Build.0 = Release|x86
		{8E3FC372-5F2A-4885-9667-83B41A325E4B}.Release|x64.ActiveCfg = Release|Any CPU
		{8E3FC372-5F2A-4885-9667-83B41A325E4B}.Release|x64.Build.0 = Release|Any CPU
		{8E3FC372-5F2A-4885-9667-83B41A325E4B}.Release|x86.ActiveCfg = Release|x86
		{8E3FC372-5F2A-4885-9667-83B41A325E4B}.Release|x86.Build.0 = Release|x86
		{D61900FB-FBF1-4075-BEF4-6B828A840050}.Debug|Any CPU.ActiveCfg = Debug|Any CPU
		{D61900FB-FBF1-4075-BEF4-6B828A840050}.Debug|Any CPU.Build.0 = Debug|Any CPU
		{D61900FB-FBF1-4075-BEF4-6B828A840050}.Debug|Mixed Platforms.ActiveCfg = Debug|Any CPU
		{D61900FB-FBF1-4075-BEF4-6B828A840050}.Debug|Mixed Platforms.Build.0 = Debug|Any CPU
		{D61900FB-FBF1-4075-BEF4-6B828A840050}.Debug|x64.ActiveCfg = Debug|Any CPU
		{D61900FB-FBF1-4075-BEF4-6B828A840050}.Debug|x64.Build.0 = Debug|Any CPU
		{D61900FB-FBF1-4075-BEF4-6B828A840050}.Debug|x86.ActiveCfg = Debug|Any CPU
		{D61900FB-FBF1-4075-BEF4-6B828A840050}.Debug|x86.Build.0 = Debug|Any CPU
		{D61900FB-FBF1-4075-BEF4-6B828A840050}.Release|Any CPU.ActiveCfg = Release|Any CPU
		{D61900FB-FBF1-4075-BEF4-6B828A840050}.Release|Any CPU.Build.0 = Release|Any CPU
		{D61900FB-FBF1-4075-BEF4-6B828A840050}.Release|Mixed Platforms.ActiveCfg = Release|Any CPU
		{D61900FB-FBF1-4075-BEF4-6B828A840050}.Release|Mixed Platforms.Build.0 = Release|Any CPU
		{D61900FB-FBF1-4075-BEF4-6B828A840050}.Release|x64.ActiveCfg = Release|Any CPU
		{D61900FB-FBF1-4075-BEF4-6B828A840050}.Release|x64.Build.0 = Release|Any CPU
		{D61900FB-FBF1-4075-BEF4-6B828A840050}.Release|x86.ActiveCfg = Release|Any CPU
		{D61900FB-FBF1-4075-BEF4-6B828A840050}.Release|x86.Build.0 = Release|Any CPU
		{D75634E3-34AA-4418-A6B6-3647BFF90606}.Debug|Any CPU.ActiveCfg = Debug|Any CPU
		{D75634E3-34AA-4418-A6B6-3647BFF90606}.Debug|Any CPU.Build.0 = Debug|Any CPU
		{D75634E3-34AA-4418-A6B6-3647BFF90606}.Debug|Mixed Platforms.ActiveCfg = Debug|x86
		{D75634E3-34AA-4418-A6B6-3647BFF90606}.Debug|Mixed Platforms.Build.0 = Debug|x86
		{D75634E3-34AA-4418-A6B6-3647BFF90606}.Debug|x64.ActiveCfg = Debug|Any CPU
		{D75634E3-34AA-4418-A6B6-3647BFF90606}.Debug|x64.Build.0 = Debug|Any CPU
		{D75634E3-34AA-4418-A6B6-3647BFF90606}.Debug|x86.ActiveCfg = Debug|x86
		{D75634E3-34AA-4418-A6B6-3647BFF90606}.Debug|x86.Build.0 = Debug|x86
		{D75634E3-34AA-4418-A6B6-3647BFF90606}.Release|Any CPU.ActiveCfg = Release|Any CPU
		{D75634E3-34AA-4418-A6B6-3647BFF90606}.Release|Any CPU.Build.0 = Release|Any CPU
		{D75634E3-34AA-4418-A6B6-3647BFF90606}.Release|Mixed Platforms.ActiveCfg = Release|x86
		{D75634E3-34AA-4418-A6B6-3647BFF90606}.Release|Mixed Platforms.Build.0 = Release|x86
		{D75634E3-34AA-4418-A6B6-3647BFF90606}.Release|x64.ActiveCfg = Release|Any CPU
		{D75634E3-34AA-4418-A6B6-3647BFF90606}.Release|x64.Build.0 = Release|Any CPU
		{D75634E3-34AA-4418-A6B6-3647BFF90606}.Release|x86.ActiveCfg = Release|x86
		{D75634E3-34AA-4418-A6B6-3647BFF90606}.Release|x86.Build.0 = Release|x86
		{44B54D61-823C-423B-83D5-FB138A321544}.Debug|Any CPU.ActiveCfg = Debug|Any CPU
		{44B54D61-823C-423B-83D5-FB138A321544}.Debug|Any CPU.Build.0 = Debug|Any CPU
		{44B54D61-823C-423B-83D5-FB138A321544}.Debug|Mixed Platforms.ActiveCfg = Debug|Any CPU
		{44B54D61-823C-423B-83D5-FB138A321544}.Debug|Mixed Platforms.Build.0 = Debug|Any CPU
		{44B54D61-823C-423B-83D5-FB138A321544}.Debug|x64.ActiveCfg = Debug|Any CPU
		{44B54D61-823C-423B-83D5-FB138A321544}.Debug|x64.Build.0 = Debug|Any CPU
		{44B54D61-823C-423B-83D5-FB138A321544}.Debug|x86.ActiveCfg = Debug|Any CPU
		{44B54D61-823C-423B-83D5-FB138A321544}.Debug|x86.Build.0 = Debug|Any CPU
		{44B54D61-823C-423B-83D5-FB138A321544}.Release|Any CPU.ActiveCfg = Release|Any CPU
		{44B54D61-823C-423B-83D5-FB138A321544}.Release|Any CPU.Build.0 = Release|Any CPU
		{44B54D61-823C-423B-83D5-FB138A321544}.Release|Mixed Platforms.ActiveCfg = Release|Any CPU
		{44B54D61-823C-423B-83D5-FB138A321544}.Release|Mixed Platforms.Build.0 = Release|Any CPU
		{44B54D61-823C-423B-83D5-FB138A321544}.Release|x64.ActiveCfg = Release|Any CPU
		{44B54D61-823C-423B-83D5-FB138A321544}.Release|x64.Build.0 = Release|Any CPU
		{44B54D61-823C-423B-83D5-FB138A321544}.Release|x86.ActiveCfg = Release|Any CPU
		{44B54D61-823C-423B-83D5-FB138A321544}.Release|x86.Build.0 = Release|Any CPU
		{AB86D901-AFF1-4991-B9B6-F2A94EC33570}.Debug|Any CPU.ActiveCfg = Debug|Any CPU
		{AB86D901-AFF1-4991-B9B6-F2A94EC33570}.Debug|Any CPU.Build.0 = Debug|Any CPU
		{AB86D901-AFF1-4991-B9B6-F2A94EC33570}.Debug|Mixed Platforms.ActiveCfg = Debug|Any CPU
		{AB86D901-AFF1-4991-B9B6-F2A94EC33570}.Debug|Mixed Platforms.Build.0 = Debug|Any CPU
		{AB86D901-AFF1-4991-B9B6-F2A94EC33570}.Debug|x64.ActiveCfg = Debug|Any CPU
		{AB86D901-AFF1-4991-B9B6-F2A94EC33570}.Debug|x64.Build.0 = Debug|Any CPU
		{AB86D901-AFF1-4991-B9B6-F2A94EC33570}.Debug|x86.ActiveCfg = Debug|Any CPU
		{AB86D901-AFF1-4991-B9B6-F2A94EC33570}.Debug|x86.Build.0 = Debug|Any CPU
		{AB86D901-AFF1-4991-B9B6-F2A94EC33570}.Release|Any CPU.ActiveCfg = Release|Any CPU
		{AB86D901-AFF1-4991-B9B6-F2A94EC33570}.Release|Any CPU.Build.0 = Release|Any CPU
		{AB86D901-AFF1-4991-B9B6-F2A94EC33570}.Release|Mixed Platforms.ActiveCfg = Release|Any CPU
		{AB86D901-AFF1-4991-B9B6-F2A94EC33570}.Release|Mixed Platforms.Build.0 = Release|Any CPU
		{AB86D901-AFF1-4991-B9B6-F2A94EC33570}.Release|x64.ActiveCfg = Release|Any CPU
		{AB86D901-AFF1-4991-B9B6-F2A94EC33570}.Release|x64.Build.0 = Release|Any CPU
		{AB86D901-AFF1-4991-B9B6-F2A94EC33570}.Release|x86.ActiveCfg = Release|Any CPU
		{AB86D901-AFF1-4991-B9B6-F2A94EC33570}.Release|x86.Build.0 = Release|Any CPU
		{DA5A36AC-8506-4BB4-A71C-FEA1B65C9B2C}.Debug|Any CPU.ActiveCfg = Debug|x86
		{DA5A36AC-8506-4BB4-A71C-FEA1B65C9B2C}.Debug|Mixed Platforms.ActiveCfg = Debug|x86
		{DA5A36AC-8506-4BB4-A71C-FEA1B65C9B2C}.Debug|Mixed Platforms.Build.0 = Debug|x86
		{DA5A36AC-8506-4BB4-A71C-FEA1B65C9B2C}.Debug|x64.ActiveCfg = Debug|x86
		{DA5A36AC-8506-4BB4-A71C-FEA1B65C9B2C}.Debug|x86.ActiveCfg = Debug|x86
		{DA5A36AC-8506-4BB4-A71C-FEA1B65C9B2C}.Debug|x86.Build.0 = Debug|x86
		{DA5A36AC-8506-4BB4-A71C-FEA1B65C9B2C}.Release|Any CPU.ActiveCfg = Release|x86
		{DA5A36AC-8506-4BB4-A71C-FEA1B65C9B2C}.Release|Mixed Platforms.ActiveCfg = Release|x86
		{DA5A36AC-8506-4BB4-A71C-FEA1B65C9B2C}.Release|Mixed Platforms.Build.0 = Release|x86
		{DA5A36AC-8506-4BB4-A71C-FEA1B65C9B2C}.Release|x64.ActiveCfg = Release|x86
		{DA5A36AC-8506-4BB4-A71C-FEA1B65C9B2C}.Release|x86.ActiveCfg = Release|x86
		{DA5A36AC-8506-4BB4-A71C-FEA1B65C9B2C}.Release|x86.Build.0 = Release|x86
		{02758EA0-6F31-4E49-A254-2F16031ADC21}.Debug|Any CPU.ActiveCfg = Debug|x86
		{02758EA0-6F31-4E49-A254-2F16031ADC21}.Debug|Mixed Platforms.ActiveCfg = Debug|x86
		{02758EA0-6F31-4E49-A254-2F16031ADC21}.Debug|Mixed Platforms.Build.0 = Debug|x86
		{02758EA0-6F31-4E49-A254-2F16031ADC21}.Debug|x64.ActiveCfg = Debug|x86
		{02758EA0-6F31-4E49-A254-2F16031ADC21}.Debug|x86.ActiveCfg = Debug|x86
		{02758EA0-6F31-4E49-A254-2F16031ADC21}.Debug|x86.Build.0 = Debug|x86
		{02758EA0-6F31-4E49-A254-2F16031ADC21}.Release|Any CPU.ActiveCfg = Release|x86
		{02758EA0-6F31-4E49-A254-2F16031ADC21}.Release|Mixed Platforms.ActiveCfg = Release|x86
		{02758EA0-6F31-4E49-A254-2F16031ADC21}.Release|Mixed Platforms.Build.0 = Release|x86
		{02758EA0-6F31-4E49-A254-2F16031ADC21}.Release|x64.ActiveCfg = Release|x86
		{02758EA0-6F31-4E49-A254-2F16031ADC21}.Release|x86.ActiveCfg = Release|x86
		{02758EA0-6F31-4E49-A254-2F16031ADC21}.Release|x86.Build.0 = Release|x86
		{5510ED08-EF88-498B-99F5-7D77EDBFC6A5}.Debug|Any CPU.ActiveCfg = Debug|Any CPU
		{5510ED08-EF88-498B-99F5-7D77EDBFC6A5}.Debug|Any CPU.Build.0 = Debug|Any CPU
		{5510ED08-EF88-498B-99F5-7D77EDBFC6A5}.Debug|Mixed Platforms.ActiveCfg = Debug|Any CPU
		{5510ED08-EF88-498B-99F5-7D77EDBFC6A5}.Debug|Mixed Platforms.Build.0 = Debug|Any CPU
		{5510ED08-EF88-498B-99F5-7D77EDBFC6A5}.Debug|x64.ActiveCfg = Debug|Any CPU
		{5510ED08-EF88-498B-99F5-7D77EDBFC6A5}.Debug|x64.Build.0 = Debug|Any CPU
		{5510ED08-EF88-498B-99F5-7D77EDBFC6A5}.Debug|x86.ActiveCfg = Debug|Any CPU
		{5510ED08-EF88-498B-99F5-7D77EDBFC6A5}.Debug|x86.Build.0 = Debug|Any CPU
		{5510ED08-EF88-498B-99F5-7D77EDBFC6A5}.Release|Any CPU.ActiveCfg = Release|Any CPU
		{5510ED08-EF88-498B-99F5-7D77EDBFC6A5}.Release|Any CPU.Build.0 = Release|Any CPU
		{5510ED08-EF88-498B-99F5-7D77EDBFC6A5}.Release|Mixed Platforms.ActiveCfg = Release|Any CPU
		{5510ED08-EF88-498B-99F5-7D77EDBFC6A5}.Release|Mixed Platforms.Build.0 = Release|Any CPU
		{5510ED08-EF88-498B-99F5-7D77EDBFC6A5}.Release|x64.ActiveCfg = Release|Any CPU
		{5510ED08-EF88-498B-99F5-7D77EDBFC6A5}.Release|x64.Build.0 = Release|Any CPU
		{5510ED08-EF88-498B-99F5-7D77EDBFC6A5}.Release|x86.ActiveCfg = Release|Any CPU
		{5510ED08-EF88-498B-99F5-7D77EDBFC6A5}.Release|x86.Build.0 = Release|Any CPU
		{2F78AE05-6F3E-492E-B4D5-B3C00725F059}.Debug|Any CPU.ActiveCfg = Debug|Any CPU
		{2F78AE05-6F3E-492E-B4D5-B3C00725F059}.Debug|Any CPU.Build.0 = Debug|Any CPU
		{2F78AE05-6F3E-492E-B4D5-B3C00725F059}.Debug|Mixed Platforms.ActiveCfg = Debug|Any CPU
		{2F78AE05-6F3E-492E-B4D5-B3C00725F059}.Debug|Mixed Platforms.Build.0 = Debug|Any CPU
		{2F78AE05-6F3E-492E-B4D5-B3C00725F059}.Debug|x64.ActiveCfg = Debug|Any CPU
		{2F78AE05-6F3E-492E-B4D5-B3C00725F059}.Debug|x64.Build.0 = Debug|Any CPU
		{2F78AE05-6F3E-492E-B4D5-B3C00725F059}.Debug|x86.ActiveCfg = Debug|Any CPU
		{2F78AE05-6F3E-492E-B4D5-B3C00725F059}.Debug|x86.Build.0 = Debug|Any CPU
		{2F78AE05-6F3E-492E-B4D5-B3C00725F059}.Release|Any CPU.ActiveCfg = Release|Any CPU
		{2F78AE05-6F3E-492E-B4D5-B3C00725F059}.Release|Any CPU.Build.0 = Release|Any CPU
		{2F78AE05-6F3E-492E-B4D5-B3C00725F059}.Release|Mixed Platforms.ActiveCfg = Release|Any CPU
		{2F78AE05-6F3E-492E-B4D5-B3C00725F059}.Release|Mixed Platforms.Build.0 = Release|Any CPU
		{2F78AE05-6F3E-492E-B4D5-B3C00725F059}.Release|x64.ActiveCfg = Release|Any CPU
		{2F78AE05-6F3E-492E-B4D5-B3C00725F059}.Release|x64.Build.0 = Release|Any CPU
		{2F78AE05-6F3E-492E-B4D5-B3C00725F059}.Release|x86.ActiveCfg = Release|Any CPU
		{2F78AE05-6F3E-492E-B4D5-B3C00725F059}.Release|x86.Build.0 = Release|Any CPU
		{1D796399-2028-4128-AC97-6598B5C38EE9}.Debug|Any CPU.ActiveCfg = Debug|x86
		{1D796399-2028-4128-AC97-6598B5C38EE9}.Debug|Mixed Platforms.ActiveCfg = Debug|x86
		{1D796399-2028-4128-AC97-6598B5C38EE9}.Debug|Mixed Platforms.Build.0 = Debug|x86
		{1D796399-2028-4128-AC97-6598B5C38EE9}.Debug|x64.ActiveCfg = Debug|x86
		{1D796399-2028-4128-AC97-6598B5C38EE9}.Debug|x86.ActiveCfg = Debug|x86
		{1D796399-2028-4128-AC97-6598B5C38EE9}.Debug|x86.Build.0 = Debug|x86
		{1D796399-2028-4128-AC97-6598B5C38EE9}.Release|Any CPU.ActiveCfg = Release|x86
		{1D796399-2028-4128-AC97-6598B5C38EE9}.Release|Mixed Platforms.ActiveCfg = Release|x86
		{1D796399-2028-4128-AC97-6598B5C38EE9}.Release|Mixed Platforms.Build.0 = Release|x86
		{1D796399-2028-4128-AC97-6598B5C38EE9}.Release|x64.ActiveCfg = Release|x86
		{1D796399-2028-4128-AC97-6598B5C38EE9}.Release|x86.ActiveCfg = Release|x86
		{1D796399-2028-4128-AC97-6598B5C38EE9}.Release|x86.Build.0 = Release|x86
		{22673792-BB1D-4A7D-A121-FFCA0E3F1C19}.Debug|Any CPU.ActiveCfg = Debug|Any CPU
		{22673792-BB1D-4A7D-A121-FFCA0E3F1C19}.Debug|Any CPU.Build.0 = Debug|Any CPU
		{22673792-BB1D-4A7D-A121-FFCA0E3F1C19}.Debug|Mixed Platforms.ActiveCfg = Debug|Any CPU
		{22673792-BB1D-4A7D-A121-FFCA0E3F1C19}.Debug|Mixed Platforms.Build.0 = Debug|Any CPU
		{22673792-BB1D-4A7D-A121-FFCA0E3F1C19}.Debug|x64.ActiveCfg = Debug|Any CPU
		{22673792-BB1D-4A7D-A121-FFCA0E3F1C19}.Debug|x64.Build.0 = Debug|Any CPU
		{22673792-BB1D-4A7D-A121-FFCA0E3F1C19}.Debug|x86.ActiveCfg = Debug|Any CPU
		{22673792-BB1D-4A7D-A121-FFCA0E3F1C19}.Debug|x86.Build.0 = Debug|Any CPU
		{22673792-BB1D-4A7D-A121-FFCA0E3F1C19}.Release|Any CPU.ActiveCfg = Debug|Any CPU
		{22673792-BB1D-4A7D-A121-FFCA0E3F1C19}.Release|Any CPU.Build.0 = Debug|Any CPU
		{22673792-BB1D-4A7D-A121-FFCA0E3F1C19}.Release|Mixed Platforms.ActiveCfg = Debug|Any CPU
		{22673792-BB1D-4A7D-A121-FFCA0E3F1C19}.Release|Mixed Platforms.Build.0 = Debug|Any CPU
		{22673792-BB1D-4A7D-A121-FFCA0E3F1C19}.Release|x64.ActiveCfg = Debug|Any CPU
		{22673792-BB1D-4A7D-A121-FFCA0E3F1C19}.Release|x64.Build.0 = Debug|Any CPU
		{22673792-BB1D-4A7D-A121-FFCA0E3F1C19}.Release|x86.ActiveCfg = Debug|Any CPU
		{22673792-BB1D-4A7D-A121-FFCA0E3F1C19}.Release|x86.Build.0 = Debug|Any CPU
		{D26140E4-82E6-47FB-9F3C-180661867FDF}.Debug|Any CPU.ActiveCfg = Debug|Any CPU
		{D26140E4-82E6-47FB-9F3C-180661867FDF}.Debug|Any CPU.Build.0 = Debug|Any CPU
		{D26140E4-82E6-47FB-9F3C-180661867FDF}.Debug|Mixed Platforms.ActiveCfg = Debug|Any CPU
		{D26140E4-82E6-47FB-9F3C-180661867FDF}.Debug|Mixed Platforms.Build.0 = Debug|Any CPU
		{D26140E4-82E6-47FB-9F3C-180661867FDF}.Debug|x64.ActiveCfg = Debug|Any CPU
		{D26140E4-82E6-47FB-9F3C-180661867FDF}.Debug|x64.Build.0 = Debug|Any CPU
		{D26140E4-82E6-47FB-9F3C-180661867FDF}.Debug|x86.ActiveCfg = Debug|Any CPU
		{D26140E4-82E6-47FB-9F3C-180661867FDF}.Debug|x86.Build.0 = Debug|Any CPU
		{D26140E4-82E6-47FB-9F3C-180661867FDF}.Release|Any CPU.ActiveCfg = Release|Any CPU
		{D26140E4-82E6-47FB-9F3C-180661867FDF}.Release|Any CPU.Build.0 = Release|Any CPU
		{D26140E4-82E6-47FB-9F3C-180661867FDF}.Release|Mixed Platforms.ActiveCfg = Release|Any CPU
		{D26140E4-82E6-47FB-9F3C-180661867FDF}.Release|Mixed Platforms.Build.0 = Release|Any CPU
		{D26140E4-82E6-47FB-9F3C-180661867FDF}.Release|x64.ActiveCfg = Release|Any CPU
		{D26140E4-82E6-47FB-9F3C-180661867FDF}.Release|x64.Build.0 = Release|Any CPU
		{D26140E4-82E6-47FB-9F3C-180661867FDF}.Release|x86.ActiveCfg = Release|Any CPU
		{D26140E4-82E6-47FB-9F3C-180661867FDF}.Release|x86.Build.0 = Release|Any CPU
		{9C04F265-B58B-4179-A1EE-20BA4C9A4EC9}.Debug|Any CPU.ActiveCfg = Debug|Any CPU
		{9C04F265-B58B-4179-A1EE-20BA4C9A4EC9}.Debug|Any CPU.Build.0 = Debug|Any CPU
		{9C04F265-B58B-4179-A1EE-20BA4C9A4EC9}.Debug|Mixed Platforms.ActiveCfg = Debug|Any CPU
		{9C04F265-B58B-4179-A1EE-20BA4C9A4EC9}.Debug|Mixed Platforms.Build.0 = Debug|Any CPU
		{9C04F265-B58B-4179-A1EE-20BA4C9A4EC9}.Debug|x64.ActiveCfg = Debug|Any CPU
		{9C04F265-B58B-4179-A1EE-20BA4C9A4EC9}.Debug|x64.Build.0 = Debug|Any CPU
		{9C04F265-B58B-4179-A1EE-20BA4C9A4EC9}.Debug|x86.ActiveCfg = Debug|Any CPU
		{9C04F265-B58B-4179-A1EE-20BA4C9A4EC9}.Debug|x86.Build.0 = Debug|Any CPU
		{9C04F265-B58B-4179-A1EE-20BA4C9A4EC9}.Release|Any CPU.ActiveCfg = Release|Any CPU
		{9C04F265-B58B-4179-A1EE-20BA4C9A4EC9}.Release|Any CPU.Build.0 = Release|Any CPU
		{9C04F265-B58B-4179-A1EE-20BA4C9A4EC9}.Release|Mixed Platforms.ActiveCfg = Release|Any CPU
		{9C04F265-B58B-4179-A1EE-20BA4C9A4EC9}.Release|Mixed Platforms.Build.0 = Release|Any CPU
		{9C04F265-B58B-4179-A1EE-20BA4C9A4EC9}.Release|x64.ActiveCfg = Release|Any CPU
		{9C04F265-B58B-4179-A1EE-20BA4C9A4EC9}.Release|x64.Build.0 = Release|Any CPU
		{9C04F265-B58B-4179-A1EE-20BA4C9A4EC9}.Release|x86.ActiveCfg = Release|Any CPU
		{9C04F265-B58B-4179-A1EE-20BA4C9A4EC9}.Release|x86.Build.0 = Release|Any CPU
		{FBDBEACF-3409-4C0F-B092-40825DE0A488}.Debug|Any CPU.ActiveCfg = Debug|Any CPU
		{FBDBEACF-3409-4C0F-B092-40825DE0A488}.Debug|Any CPU.Build.0 = Debug|Any CPU
		{FBDBEACF-3409-4C0F-B092-40825DE0A488}.Debug|Mixed Platforms.ActiveCfg = Debug|Any CPU
		{FBDBEACF-3409-4C0F-B092-40825DE0A488}.Debug|Mixed Platforms.Build.0 = Debug|Any CPU
		{FBDBEACF-3409-4C0F-B092-40825DE0A488}.Debug|x64.ActiveCfg = Debug|Any CPU
		{FBDBEACF-3409-4C0F-B092-40825DE0A488}.Debug|x64.Build.0 = Debug|Any CPU
		{FBDBEACF-3409-4C0F-B092-40825DE0A488}.Debug|x86.ActiveCfg = Debug|Any CPU
		{FBDBEACF-3409-4C0F-B092-40825DE0A488}.Debug|x86.Build.0 = Debug|Any CPU
		{FBDBEACF-3409-4C0F-B092-40825DE0A488}.Release|Any CPU.ActiveCfg = Release|Any CPU
		{FBDBEACF-3409-4C0F-B092-40825DE0A488}.Release|Any CPU.Build.0 = Release|Any CPU
		{FBDBEACF-3409-4C0F-B092-40825DE0A488}.Release|Mixed Platforms.ActiveCfg = Release|Any CPU
		{FBDBEACF-3409-4C0F-B092-40825DE0A488}.Release|Mixed Platforms.Build.0 = Release|Any CPU
		{FBDBEACF-3409-4C0F-B092-40825DE0A488}.Release|x64.ActiveCfg = Release|Any CPU
		{FBDBEACF-3409-4C0F-B092-40825DE0A488}.Release|x64.Build.0 = Release|Any CPU
		{FBDBEACF-3409-4C0F-B092-40825DE0A488}.Release|x86.ActiveCfg = Release|Any CPU
		{FBDBEACF-3409-4C0F-B092-40825DE0A488}.Release|x86.Build.0 = Release|Any CPU
		{C4AA42EA-8CC4-444F-8386-04C7FEF696F5}.Debug|Any CPU.ActiveCfg = Debug|Any CPU
		{C4AA42EA-8CC4-444F-8386-04C7FEF696F5}.Debug|Any CPU.Build.0 = Debug|Any CPU
		{C4AA42EA-8CC4-444F-8386-04C7FEF696F5}.Debug|Mixed Platforms.ActiveCfg = Debug|Any CPU
		{C4AA42EA-8CC4-444F-8386-04C7FEF696F5}.Debug|Mixed Platforms.Build.0 = Debug|Any CPU
		{C4AA42EA-8CC4-444F-8386-04C7FEF696F5}.Debug|x64.ActiveCfg = Debug|Any CPU
		{C4AA42EA-8CC4-444F-8386-04C7FEF696F5}.Debug|x64.Build.0 = Debug|Any CPU
		{C4AA42EA-8CC4-444F-8386-04C7FEF696F5}.Debug|x86.ActiveCfg = Debug|Any CPU
		{C4AA42EA-8CC4-444F-8386-04C7FEF696F5}.Debug|x86.Build.0 = Debug|Any CPU
		{C4AA42EA-8CC4-444F-8386-04C7FEF696F5}.Release|Any CPU.ActiveCfg = Release|Any CPU
		{C4AA42EA-8CC4-444F-8386-04C7FEF696F5}.Release|Any CPU.Build.0 = Release|Any CPU
		{C4AA42EA-8CC4-444F-8386-04C7FEF696F5}.Release|Mixed Platforms.ActiveCfg = Release|Any CPU
		{C4AA42EA-8CC4-444F-8386-04C7FEF696F5}.Release|Mixed Platforms.Build.0 = Release|Any CPU
		{C4AA42EA-8CC4-444F-8386-04C7FEF696F5}.Release|x64.ActiveCfg = Release|Any CPU
		{C4AA42EA-8CC4-444F-8386-04C7FEF696F5}.Release|x64.Build.0 = Release|Any CPU
		{C4AA42EA-8CC4-444F-8386-04C7FEF696F5}.Release|x86.ActiveCfg = Release|Any CPU
		{C4AA42EA-8CC4-444F-8386-04C7FEF696F5}.Release|x86.Build.0 = Release|Any CPU
		{43C9CF3A-070F-462A-9B6A-1E2BC1D47EB0}.Debug|Any CPU.ActiveCfg = Debug|Any CPU
		{43C9CF3A-070F-462A-9B6A-1E2BC1D47EB0}.Debug|Any CPU.Build.0 = Debug|Any CPU
		{43C9CF3A-070F-462A-9B6A-1E2BC1D47EB0}.Debug|Mixed Platforms.ActiveCfg = Debug|Any CPU
		{43C9CF3A-070F-462A-9B6A-1E2BC1D47EB0}.Debug|Mixed Platforms.Build.0 = Debug|Any CPU
		{43C9CF3A-070F-462A-9B6A-1E2BC1D47EB0}.Debug|x64.ActiveCfg = Debug|Any CPU
		{43C9CF3A-070F-462A-9B6A-1E2BC1D47EB0}.Debug|x64.Build.0 = Debug|Any CPU
		{43C9CF3A-070F-462A-9B6A-1E2BC1D47EB0}.Debug|x86.ActiveCfg = Debug|Any CPU
		{43C9CF3A-070F-462A-9B6A-1E2BC1D47EB0}.Debug|x86.Build.0 = Debug|Any CPU
		{43C9CF3A-070F-462A-9B6A-1E2BC1D47EB0}.Release|Any CPU.ActiveCfg = Release|Any CPU
		{43C9CF3A-070F-462A-9B6A-1E2BC1D47EB0}.Release|Any CPU.Build.0 = Release|Any CPU
		{43C9CF3A-070F-462A-9B6A-1E2BC1D47EB0}.Release|Mixed Platforms.ActiveCfg = Release|Any CPU
		{43C9CF3A-070F-462A-9B6A-1E2BC1D47EB0}.Release|Mixed Platforms.Build.0 = Release|Any CPU
		{43C9CF3A-070F-462A-9B6A-1E2BC1D47EB0}.Release|x64.ActiveCfg = Release|Any CPU
		{43C9CF3A-070F-462A-9B6A-1E2BC1D47EB0}.Release|x64.Build.0 = Release|Any CPU
		{43C9CF3A-070F-462A-9B6A-1E2BC1D47EB0}.Release|x86.ActiveCfg = Release|Any CPU
		{43C9CF3A-070F-462A-9B6A-1E2BC1D47EB0}.Release|x86.Build.0 = Release|Any CPU
		{4CD1F740-17DC-48C8-A320-31729D128DEB}.Debug|Any CPU.ActiveCfg = Debug|x86
		{4CD1F740-17DC-48C8-A320-31729D128DEB}.Debug|Mixed Platforms.ActiveCfg = Debug|x86
		{4CD1F740-17DC-48C8-A320-31729D128DEB}.Debug|Mixed Platforms.Build.0 = Debug|x86
		{4CD1F740-17DC-48C8-A320-31729D128DEB}.Debug|x64.ActiveCfg = Debug|x86
		{4CD1F740-17DC-48C8-A320-31729D128DEB}.Debug|x86.ActiveCfg = Debug|x86
		{4CD1F740-17DC-48C8-A320-31729D128DEB}.Debug|x86.Build.0 = Debug|x86
		{4CD1F740-17DC-48C8-A320-31729D128DEB}.Release|Any CPU.ActiveCfg = Release|x86
		{4CD1F740-17DC-48C8-A320-31729D128DEB}.Release|Mixed Platforms.ActiveCfg = Release|x86
		{4CD1F740-17DC-48C8-A320-31729D128DEB}.Release|Mixed Platforms.Build.0 = Release|x86
		{4CD1F740-17DC-48C8-A320-31729D128DEB}.Release|x64.ActiveCfg = Release|x86
		{4CD1F740-17DC-48C8-A320-31729D128DEB}.Release|x86.ActiveCfg = Release|x86
		{4CD1F740-17DC-48C8-A320-31729D128DEB}.Release|x86.Build.0 = Release|x86
		{47BAF1D9-7CBE-4965-BA0A-3F7A5B6295CD}.Debug|Any CPU.ActiveCfg = Debug|Any CPU
		{47BAF1D9-7CBE-4965-BA0A-3F7A5B6295CD}.Debug|Any CPU.Build.0 = Debug|Any CPU
		{47BAF1D9-7CBE-4965-BA0A-3F7A5B6295CD}.Debug|Mixed Platforms.ActiveCfg = Debug|Any CPU
		{47BAF1D9-7CBE-4965-BA0A-3F7A5B6295CD}.Debug|Mixed Platforms.Build.0 = Debug|Any CPU
		{47BAF1D9-7CBE-4965-BA0A-3F7A5B6295CD}.Debug|x64.ActiveCfg = Debug|Any CPU
		{47BAF1D9-7CBE-4965-BA0A-3F7A5B6295CD}.Debug|x64.Build.0 = Debug|Any CPU
		{47BAF1D9-7CBE-4965-BA0A-3F7A5B6295CD}.Debug|x86.ActiveCfg = Debug|Any CPU
		{47BAF1D9-7CBE-4965-BA0A-3F7A5B6295CD}.Debug|x86.Build.0 = Debug|Any CPU
		{47BAF1D9-7CBE-4965-BA0A-3F7A5B6295CD}.Release|Any CPU.ActiveCfg = Release|Any CPU
		{47BAF1D9-7CBE-4965-BA0A-3F7A5B6295CD}.Release|Any CPU.Build.0 = Release|Any CPU
		{47BAF1D9-7CBE-4965-BA0A-3F7A5B6295CD}.Release|Mixed Platforms.ActiveCfg = Release|Any CPU
		{47BAF1D9-7CBE-4965-BA0A-3F7A5B6295CD}.Release|Mixed Platforms.Build.0 = Release|Any CPU
		{47BAF1D9-7CBE-4965-BA0A-3F7A5B6295CD}.Release|x64.ActiveCfg = Release|Any CPU
		{47BAF1D9-7CBE-4965-BA0A-3F7A5B6295CD}.Release|x64.Build.0 = Release|Any CPU
		{47BAF1D9-7CBE-4965-BA0A-3F7A5B6295CD}.Release|x86.ActiveCfg = Release|Any CPU
		{47BAF1D9-7CBE-4965-BA0A-3F7A5B6295CD}.Release|x86.Build.0 = Release|Any CPU
		{F025A776-08FB-487B-BD29-C5FBF75C1DBC}.Debug|Any CPU.ActiveCfg = Debug|x86
		{F025A776-08FB-487B-BD29-C5FBF75C1DBC}.Debug|Mixed Platforms.ActiveCfg = Debug|x86
		{F025A776-08FB-487B-BD29-C5FBF75C1DBC}.Debug|Mixed Platforms.Build.0 = Debug|x86
		{F025A776-08FB-487B-BD29-C5FBF75C1DBC}.Debug|x64.ActiveCfg = Debug|x86
		{F025A776-08FB-487B-BD29-C5FBF75C1DBC}.Debug|x86.ActiveCfg = Debug|x86
		{F025A776-08FB-487B-BD29-C5FBF75C1DBC}.Debug|x86.Build.0 = Debug|x86
		{F025A776-08FB-487B-BD29-C5FBF75C1DBC}.Release|Any CPU.ActiveCfg = Release|x86
		{F025A776-08FB-487B-BD29-C5FBF75C1DBC}.Release|Mixed Platforms.ActiveCfg = Release|x86
		{F025A776-08FB-487B-BD29-C5FBF75C1DBC}.Release|Mixed Platforms.Build.0 = Release|x86
		{F025A776-08FB-487B-BD29-C5FBF75C1DBC}.Release|x64.ActiveCfg = Release|x86
		{F025A776-08FB-487B-BD29-C5FBF75C1DBC}.Release|x86.ActiveCfg = Release|x86
		{F025A776-08FB-487B-BD29-C5FBF75C1DBC}.Release|x86.Build.0 = Release|x86
		{A9B5A1C3-BDAB-4677-B700-46761A5FCFE5}.Debug|Any CPU.ActiveCfg = Debug|Any CPU
		{A9B5A1C3-BDAB-4677-B700-46761A5FCFE5}.Debug|Any CPU.Build.0 = Debug|Any CPU
		{A9B5A1C3-BDAB-4677-B700-46761A5FCFE5}.Debug|Mixed Platforms.ActiveCfg = Debug|Any CPU
		{A9B5A1C3-BDAB-4677-B700-46761A5FCFE5}.Debug|Mixed Platforms.Build.0 = Debug|Any CPU
		{A9B5A1C3-BDAB-4677-B700-46761A5FCFE5}.Debug|x64.ActiveCfg = Debug|x64
		{A9B5A1C3-BDAB-4677-B700-46761A5FCFE5}.Debug|x64.Build.0 = Debug|x64
		{A9B5A1C3-BDAB-4677-B700-46761A5FCFE5}.Debug|x86.ActiveCfg = Debug|Any CPU
		{A9B5A1C3-BDAB-4677-B700-46761A5FCFE5}.Debug|x86.Build.0 = Debug|Any CPU
		{A9B5A1C3-BDAB-4677-B700-46761A5FCFE5}.Release|Any CPU.ActiveCfg = Release|Any CPU
		{A9B5A1C3-BDAB-4677-B700-46761A5FCFE5}.Release|Any CPU.Build.0 = Release|Any CPU
		{A9B5A1C3-BDAB-4677-B700-46761A5FCFE5}.Release|Mixed Platforms.ActiveCfg = Release|Any CPU
		{A9B5A1C3-BDAB-4677-B700-46761A5FCFE5}.Release|Mixed Platforms.Build.0 = Release|Any CPU
		{A9B5A1C3-BDAB-4677-B700-46761A5FCFE5}.Release|x64.ActiveCfg = Release|x64
		{A9B5A1C3-BDAB-4677-B700-46761A5FCFE5}.Release|x64.Build.0 = Release|x64
		{A9B5A1C3-BDAB-4677-B700-46761A5FCFE5}.Release|x86.ActiveCfg = Release|Any CPU
		{A9B5A1C3-BDAB-4677-B700-46761A5FCFE5}.Release|x86.Build.0 = Release|Any CPU
		{EB6F5634-453E-4FF3-B138-D90F1D2BFB52}.Debug|Any CPU.ActiveCfg = Debug|Any CPU
		{EB6F5634-453E-4FF3-B138-D90F1D2BFB52}.Debug|Any CPU.Build.0 = Debug|Any CPU
		{EB6F5634-453E-4FF3-B138-D90F1D2BFB52}.Debug|Mixed Platforms.ActiveCfg = Debug|Any CPU
		{EB6F5634-453E-4FF3-B138-D90F1D2BFB52}.Debug|Mixed Platforms.Build.0 = Debug|Any CPU
		{EB6F5634-453E-4FF3-B138-D90F1D2BFB52}.Debug|x64.ActiveCfg = Debug|Any CPU
		{EB6F5634-453E-4FF3-B138-D90F1D2BFB52}.Debug|x64.Build.0 = Debug|Any CPU
		{EB6F5634-453E-4FF3-B138-D90F1D2BFB52}.Debug|x86.ActiveCfg = Debug|Any CPU
		{EB6F5634-453E-4FF3-B138-D90F1D2BFB52}.Debug|x86.Build.0 = Debug|Any CPU
		{EB6F5634-453E-4FF3-B138-D90F1D2BFB52}.Release|Any CPU.ActiveCfg = Debug|Any CPU
		{EB6F5634-453E-4FF3-B138-D90F1D2BFB52}.Release|Any CPU.Build.0 = Debug|Any CPU
		{EB6F5634-453E-4FF3-B138-D90F1D2BFB52}.Release|Mixed Platforms.ActiveCfg = Debug|Any CPU
		{EB6F5634-453E-4FF3-B138-D90F1D2BFB52}.Release|Mixed Platforms.Build.0 = Debug|Any CPU
		{EB6F5634-453E-4FF3-B138-D90F1D2BFB52}.Release|x64.ActiveCfg = Debug|Any CPU
		{EB6F5634-453E-4FF3-B138-D90F1D2BFB52}.Release|x64.Build.0 = Debug|Any CPU
		{EB6F5634-453E-4FF3-B138-D90F1D2BFB52}.Release|x86.ActiveCfg = Debug|Any CPU
		{EB6F5634-453E-4FF3-B138-D90F1D2BFB52}.Release|x86.Build.0 = Debug|Any CPU
		{06822186-4223-45DD-8C0B-1BEEFBAF063E}.Debug|Any CPU.ActiveCfg = Debug|Any CPU
		{06822186-4223-45DD-8C0B-1BEEFBAF063E}.Debug|Any CPU.Build.0 = Debug|Any CPU
		{06822186-4223-45DD-8C0B-1BEEFBAF063E}.Debug|Mixed Platforms.ActiveCfg = Debug|Any CPU
		{06822186-4223-45DD-8C0B-1BEEFBAF063E}.Debug|Mixed Platforms.Build.0 = Debug|Any CPU
		{06822186-4223-45DD-8C0B-1BEEFBAF063E}.Debug|x64.ActiveCfg = Debug|Any CPU
		{06822186-4223-45DD-8C0B-1BEEFBAF063E}.Debug|x64.Build.0 = Debug|Any CPU
		{06822186-4223-45DD-8C0B-1BEEFBAF063E}.Debug|x86.ActiveCfg = Debug|Any CPU
		{06822186-4223-45DD-8C0B-1BEEFBAF063E}.Debug|x86.Build.0 = Debug|Any CPU
		{06822186-4223-45DD-8C0B-1BEEFBAF063E}.Release|Any CPU.ActiveCfg = Release|Any CPU
		{06822186-4223-45DD-8C0B-1BEEFBAF063E}.Release|Any CPU.Build.0 = Release|Any CPU
		{06822186-4223-45DD-8C0B-1BEEFBAF063E}.Release|Mixed Platforms.ActiveCfg = Release|Any CPU
		{06822186-4223-45DD-8C0B-1BEEFBAF063E}.Release|Mixed Platforms.Build.0 = Release|Any CPU
		{06822186-4223-45DD-8C0B-1BEEFBAF063E}.Release|x64.ActiveCfg = Release|Any CPU
		{06822186-4223-45DD-8C0B-1BEEFBAF063E}.Release|x64.Build.0 = Release|Any CPU
		{06822186-4223-45DD-8C0B-1BEEFBAF063E}.Release|x86.ActiveCfg = Release|Any CPU
		{06822186-4223-45DD-8C0B-1BEEFBAF063E}.Release|x86.Build.0 = Release|Any CPU
		{57B1ECA3-25B6-4673-AB04-882F4997206D}.Debug|Any CPU.ActiveCfg = Debug|Any CPU
		{57B1ECA3-25B6-4673-AB04-882F4997206D}.Debug|Any CPU.Build.0 = Debug|Any CPU
		{57B1ECA3-25B6-4673-AB04-882F4997206D}.Debug|Mixed Platforms.ActiveCfg = Debug|Any CPU
		{57B1ECA3-25B6-4673-AB04-882F4997206D}.Debug|Mixed Platforms.Build.0 = Debug|Any CPU
		{57B1ECA3-25B6-4673-AB04-882F4997206D}.Debug|x64.ActiveCfg = Debug|Any CPU
		{57B1ECA3-25B6-4673-AB04-882F4997206D}.Debug|x64.Build.0 = Debug|Any CPU
		{57B1ECA3-25B6-4673-AB04-882F4997206D}.Debug|x86.ActiveCfg = Debug|Any CPU
		{57B1ECA3-25B6-4673-AB04-882F4997206D}.Debug|x86.Build.0 = Debug|Any CPU
		{57B1ECA3-25B6-4673-AB04-882F4997206D}.Release|Any CPU.ActiveCfg = Release|Any CPU
		{57B1ECA3-25B6-4673-AB04-882F4997206D}.Release|Any CPU.Build.0 = Release|Any CPU
		{57B1ECA3-25B6-4673-AB04-882F4997206D}.Release|Mixed Platforms.ActiveCfg = Release|Any CPU
		{57B1ECA3-25B6-4673-AB04-882F4997206D}.Release|Mixed Platforms.Build.0 = Release|Any CPU
		{57B1ECA3-25B6-4673-AB04-882F4997206D}.Release|x64.ActiveCfg = Release|Any CPU
		{57B1ECA3-25B6-4673-AB04-882F4997206D}.Release|x64.Build.0 = Release|Any CPU
		{57B1ECA3-25B6-4673-AB04-882F4997206D}.Release|x86.ActiveCfg = Release|Any CPU
		{57B1ECA3-25B6-4673-AB04-882F4997206D}.Release|x86.Build.0 = Release|Any CPU
	EndGlobalSection
	GlobalSection(SolutionProperties) = preSolution
		HideSolutionNode = FALSE
	EndGlobalSection
	GlobalSection(NestedProjects) = preSolution
		{CAD56B75-481B-4C76-B090-4BC2FF5E5681} = {C6DE47A1-1707-4139-9638-37CA983F3086}
		{E4240EE0-60B3-4435-BD09-F81D56C0899A} = {7F1D7A2B-089E-4FE7-B8AE-77B710022CB0}
		{1505A6E5-E6F9-4408-A5C8-968417081CBD} = {984497B5-C76B-49C3-9C6D-00E25252DD93}
		{5035348F-344F-4822-823E-6CB4D79D80D7} = {C6DE47A1-1707-4139-9638-37CA983F3086}
		{E335B93B-F816-44E9-B4BB-612FF1673637} = {6A9F4A88-DE9C-4EAB-9659-197FF7DFF6AD}
		{75769E19-2CCC-4DF0-88D9-CBAC14BB6329} = {78A832C5-F1BB-4A1F-95FD-6531DDA2E9EE}
		{097F2A4C-A34D-43E1-A5BF-58D12D80E11F} = {6A9F4A88-DE9C-4EAB-9659-197FF7DFF6AD}
		{C5AAB10A-8D08-419F-9D5C-2FC78FEF8B53} = {6A9F4A88-DE9C-4EAB-9659-197FF7DFF6AD}
		{B172BE6D-5CAC-42D8-8895-D471D6EBDAC7} = {6A9F4A88-DE9C-4EAB-9659-197FF7DFF6AD}
		{4D787657-5659-4030-BF48-07BAEC76DB93} = {6A9F4A88-DE9C-4EAB-9659-197FF7DFF6AD}
		{F8A01FFA-5FA2-4ED7-8E70-9CBCFE054438} = {296B926C-1126-4701-B67D-F3AC821D2BF0}
		{C64F4270-EEEC-4105-B560-E8A881520FC9} = {296B926C-1126-4701-B67D-F3AC821D2BF0}
		{FFA99466-EAE9-4638-8904-6EA1E6B92F01} = {296B926C-1126-4701-B67D-F3AC821D2BF0}
		{24C02CF5-35B1-42C8-AD9F-39A248068D98} = {36E4D3C5-28FD-46B9-8763-C3316F67C6BE}
		{129E36B8-F098-4721-97CF-B8D6A78C07F1} = {36E4D3C5-28FD-46B9-8763-C3316F67C6BE}
		{62FD0D31-CF0D-42CD-A70A-6973440B5727} = {36E4D3C5-28FD-46B9-8763-C3316F67C6BE}
		{D5FBE9D8-DFAE-49F0-B9DA-0795B98D887F} = {36E4D3C5-28FD-46B9-8763-C3316F67C6BE}
		{5502B75F-9BD3-4E3D-A478-CD391C5BFB45} = {7C541C76-20F1-40D8-A683-29062638D9B9}
		{302DFA4A-A31C-4DD1-A656-5CF64B1F2A1C} = {7C541C76-20F1-40D8-A683-29062638D9B9}
		{3BB34EA7-38A7-4F6D-AA49-29EB577C944A} = {7C541C76-20F1-40D8-A683-29062638D9B9}
		{310583E5-EE29-419D-860B-C0E31B767987} = {7C541C76-20F1-40D8-A683-29062638D9B9}
		{17862F64-872C-4983-BB26-AF1D09542B04} = {7C541C76-20F1-40D8-A683-29062638D9B9}
		{8E3FC372-5F2A-4885-9667-83B41A325E4B} = {36E4D3C5-28FD-46B9-8763-C3316F67C6BE}
		{D61900FB-FBF1-4075-BEF4-6B828A840050} = {C6DE47A1-1707-4139-9638-37CA983F3086}
		{D75634E3-34AA-4418-A6B6-3647BFF90606} = {C6DE47A1-1707-4139-9638-37CA983F3086}
		{AB86D901-AFF1-4991-B9B6-F2A94EC33570} = {7F1D7A2B-089E-4FE7-B8AE-77B710022CB0}
		{DA5A36AC-8506-4BB4-A71C-FEA1B65C9B2C} = {7C541C76-20F1-40D8-A683-29062638D9B9}
		{02758EA0-6F31-4E49-A254-2F16031ADC21} = {7C541C76-20F1-40D8-A683-29062638D9B9}
		{5510ED08-EF88-498B-99F5-7D77EDBFC6A5} = {36E4D3C5-28FD-46B9-8763-C3316F67C6BE}
		{2F78AE05-6F3E-492E-B4D5-B3C00725F059} = {6A9F4A88-DE9C-4EAB-9659-197FF7DFF6AD}
		{1D796399-2028-4128-AC97-6598B5C38EE9} = {7C541C76-20F1-40D8-A683-29062638D9B9}
		{22673792-BB1D-4A7D-A121-FFCA0E3F1C19} = {6A9F4A88-DE9C-4EAB-9659-197FF7DFF6AD}
		{D26140E4-82E6-47FB-9F3C-180661867FDF} = {36E4D3C5-28FD-46B9-8763-C3316F67C6BE}
		{9C04F265-B58B-4179-A1EE-20BA4C9A4EC9} = {36E4D3C5-28FD-46B9-8763-C3316F67C6BE}
		{FBDBEACF-3409-4C0F-B092-40825DE0A488} = {36E4D3C5-28FD-46B9-8763-C3316F67C6BE}
		{C4AA42EA-8CC4-444F-8386-04C7FEF696F5} = {36E4D3C5-28FD-46B9-8763-C3316F67C6BE}
		{43C9CF3A-070F-462A-9B6A-1E2BC1D47EB0} = {36E4D3C5-28FD-46B9-8763-C3316F67C6BE}
		{4CD1F740-17DC-48C8-A320-31729D128DEB} = {7C541C76-20F1-40D8-A683-29062638D9B9}
		{47BAF1D9-7CBE-4965-BA0A-3F7A5B6295CD} = {36E4D3C5-28FD-46B9-8763-C3316F67C6BE}
		{F025A776-08FB-487B-BD29-C5FBF75C1DBC} = {7C541C76-20F1-40D8-A683-29062638D9B9}
		{A9B5A1C3-BDAB-4677-B700-46761A5FCFE5} = {6A9F4A88-DE9C-4EAB-9659-197FF7DFF6AD}
		{EB6F5634-453E-4FF3-B138-D90F1D2BFB52} = {36E4D3C5-28FD-46B9-8763-C3316F67C6BE}
		{57B1ECA3-25B6-4673-AB04-882F4997206D} = {36E4D3C5-28FD-46B9-8763-C3316F67C6BE}
	EndGlobalSection
	GlobalSection(ExtensibilityGlobals) = postSolution
		RESX_NeutralResourcesLanguage = en-001
		RESX_ExcelExportMode = SingleSheet
		RESX_ConfirmAddLanguageFile = False
		SolutionGuid = {A8385DDB-1893-4CF8-83DF-F57C7AB7069B}
		RESX_AutoCreateNewLanguageFiles = True
		RESX_PrefixTranslations = False
	EndGlobalSection
EndGlobal
